{
  "version": 4,
  "terraform_version": "1.0.11",
  "serial": 1017,
  "lineage": "cef0538b-f9c6-dc6e-0d35-3605dfe153e6",
  "outputs": {
    "cluster_endpoint": {
      "value": "https://1AE6C2B714420C28DBB25076B4B231EB.yl4.us-west-1.eks.amazonaws.com",
      "type": "string"
    },
    "cluster_id": {
      "value": "blockchain-prod-eks-u9XBVrk6",
      "type": "string"
    },
    "cluster_name": {
      "value": "blockchain-prod-eks-u9XBVrk6",
      "type": "string"
    },
    "cluster_security_group_id": {
      "value": "sg-0e01f36e02143d21e",
      "type": "string"
    },
    "config_map_aws_auth": {
      "value": [
        {
          "binary_data": null,
          "data": {
            "mapAccounts": "[]\n",
            "mapRoles": "- \"groups\":\n  - \"system:bootstrappers\"\n  - \"system:nodes\"\n  \"rolearn\": \"arn:aws:iam::103947711118:role/blockchain-prod-eks-u9XBVrk62021120905471928920000000f\"\n  \"username\": \"system:node:{{EC2PrivateDNSName}}\"\n",
            "mapUsers": "[]\n"
          },
          "id": "kube-system/aws-auth",
          "metadata": [
            {
              "annotations": null,
              "generate_name": "",
              "generation": 0,
              "labels": {
                "app.kubernetes.io/managed-by": "Terraform",
                "terraform.io/module": "terraform-aws-modules.eks.aws"
              },
              "name": "aws-auth",
              "namespace": "kube-system",
              "resource_version": "670",
              "uid": "07f0a644-bc30-4896-b8ce-347015e082f8"
            }
          ]
        }
      ],
      "type": [
        "tuple",
        [
          [
            "object",
            {
              "binary_data": [
                "map",
                "string"
              ],
              "data": [
                "map",
                "string"
              ],
              "id": "string",
              "metadata": [
                "list",
                [
                  "object",
                  {
                    "annotations": [
                      "map",
                      "string"
                    ],
                    "generate_name": "string",
                    "generation": "number",
                    "labels": [
                      "map",
                      "string"
                    ],
                    "name": "string",
                    "namespace": "string",
                    "resource_version": "string",
                    "uid": "string"
                  }
                ]
              ]
            }
          ]
        ]
      ]
    },
    "configuration_endpoint_address": {
      "value": "blockchain-prod-cache.kbn21b.clustercfg.usw1.cache.amazonaws.com",
      "type": "string"
    },
    "kubectl_config": {
      "value": "apiVersion: v1\npreferences: {}\nkind: Config\n\nclusters:\n- cluster:\n    server: https://1AE6C2B714420C28DBB25076B4B231EB.yl4.us-west-1.eks.amazonaws.com\n    certificate-authority-data: LS0tLS1CRUdJTiBDRVJUSUZJQ0FURS0tLS0tCk1JSUM1ekNDQWMrZ0F3SUJBZ0lCQURBTkJna3Foa2lHOXcwQkFRc0ZBREFWTVJNd0VRWURWUVFERXdwcmRXSmwKY201bGRHVnpNQjRYRFRJeE1USXdPVEExTkRNek0xb1hEVE14TVRJd056QTFORE16TTFvd0ZURVRNQkVHQTFVRQpBeE1LYTNWaVpYSnVaWFJsY3pDQ0FTSXdEUVlKS29aSWh2Y05BUUVCQlFBRGdnRVBBRENDQVFvQ2dnRUJBSm5qCkdGMGRTdE9mb010d1MxcnB1bUdBRWlXcTNJeGFSYjVlNWtLUUV5a3hIcG41c2wyZ1FPNU85cnkxS1lZRmNDb20KNFRLYmZYNFV5L0JiU0o0RU42SUlWakNOZ2szN0ZNbVVhOW9WQWFQUmdwNEVEYTdDRVJLanhvMzlKNUlXcHVJbwpjbEkwSHdoSERGZ0daaTIyZXo0ck80WmphYUZmU3VnTzVpbys0d2Y4SG1LQ0haNUE1WkhKZUJIaWQ0bjVjelFwCklSUE1rOHZHR3ZQb3EwT3ByREdhRDFlUGJzajJKN3lVMUhmK2NyK1hlTm1Fb2wrVk4zY0dBTElwSCtCVjc2Q1UKRktqQTkxVUthd3NhRFZYTHNhSGdwdmtmWnNWNDg2aU03NVcwemJDaVN1UVRXeXhRVVduVS9RNzdzMVR6Yml5VworYXg5RmdhNS9OcFVCcTREK1cwQ0F3RUFBYU5DTUVBd0RnWURWUjBQQVFIL0JBUURBZ0trTUE4R0ExVWRFd0VCCi93UUZNQU1CQWY4d0hRWURWUjBPQkJZRUZPTjc2RVp5SmpDR0UyOXlMT1Q2S05pMDNzQnBNQTBHQ1NxR1NJYjMKRFFFQkN3VUFBNElCQVFCZGpISUI5amp3VGozVXJiT0NFRmo0SnBKdjIrcHJPVjhhdkZteExNRkhOWUd5cnBqUQpmNVB5by9NWUpzc2lENks5Uk1nd2xqSXRxdXVQQmsrNFVsL1VVV0sxbnIrR3RkQzZkS0gra3lpcEw0bjJ0aWlxCmpRdXJOUUFOZ29SbjltNUVDTGFkbjRWT0svYURDbmQvak9yQlU3ZkZpT0RtUEhuYzQyY3dNTkdSUTVDYVdpcHAKRlE3Uy9iMFBCMExrWVFaT21nS2w5VXdCc3FZN0pTb3pCUkpjcmgxNFRNSUh2T2JTNWtnYTBBcmRtOUxueHJ5VApNOUJ5WXZlamV5ZmduaHhueHd4R2Vhb0VaejE1SXRlcUwrSDhOdHdJYVErcVYrUGxrK25qRXZ1SmtKNEVoQ0xiCjQvTmZ4NitXcEwxNng5SURYdXZEM3E0V1BqRG9wTHBUcVlrbwotLS0tLUVORCBDRVJUSUZJQ0FURS0tLS0tCg==\n  name: eks_blockchain-prod-eks-u9XBVrk6\n\ncontexts:\n- context:\n    cluster: eks_blockchain-prod-eks-u9XBVrk6\n    user: eks_blockchain-prod-eks-u9XBVrk6\n  name: eks_blockchain-prod-eks-u9XBVrk6\n\ncurrent-context: eks_blockchain-prod-eks-u9XBVrk6\n\nusers:\n- name: eks_blockchain-prod-eks-u9XBVrk6\n  user:\n    exec:\n      apiVersion: client.authentication.k8s.io/v1alpha1\n      command: aws-iam-authenticator\n      args:\n        - \"token\"\n        - \"-i\"\n        - \"blockchain-prod-eks-u9XBVrk6\"\n",
      "type": "string"
    },
    "region": {
      "value": "us-west-1",
      "type": "string"
    }
  },
  "resources": [
    {
      "mode": "data",
      "type": "aws_availability_zones",
      "name": "available",
      "provider": "provider[\"registry.terraform.io/hashicorp/aws\"]",
      "instances": [
        {
          "schema_version": 0,
          "attributes": {
            "all_availability_zones": null,
            "exclude_names": null,
            "exclude_zone_ids": null,
            "filter": null,
            "group_names": [
              "us-west-1"
            ],
            "id": "us-west-1",
            "names": [
              "us-west-1a",
              "us-west-1b"
            ],
            "state": null,
            "zone_ids": [
              "usw1-az3",
              "usw1-az1"
            ]
          },
          "sensitive_attributes": []
        }
      ]
    },
    {
      "mode": "data",
      "type": "aws_eks_cluster",
      "name": "cluster",
      "provider": "provider[\"registry.terraform.io/hashicorp/aws\"]",
      "instances": [
        {
          "schema_version": 0,
          "attributes": {
            "arn": "arn:aws:eks:us-west-1:103947711118:cluster/blockchain-prod-eks-u9XBVrk6",
            "certificate_authority": [
              {
                "data": "LS0tLS1CRUdJTiBDRVJUSUZJQ0FURS0tLS0tCk1JSUM1ekNDQWMrZ0F3SUJBZ0lCQURBTkJna3Foa2lHOXcwQkFRc0ZBREFWTVJNd0VRWURWUVFERXdwcmRXSmwKY201bGRHVnpNQjRYRFRJeE1USXdPVEExTkRNek0xb1hEVE14TVRJd056QTFORE16TTFvd0ZURVRNQkVHQTFVRQpBeE1LYTNWaVpYSnVaWFJsY3pDQ0FTSXdEUVlKS29aSWh2Y05BUUVCQlFBRGdnRVBBRENDQVFvQ2dnRUJBSm5qCkdGMGRTdE9mb010d1MxcnB1bUdBRWlXcTNJeGFSYjVlNWtLUUV5a3hIcG41c2wyZ1FPNU85cnkxS1lZRmNDb20KNFRLYmZYNFV5L0JiU0o0RU42SUlWakNOZ2szN0ZNbVVhOW9WQWFQUmdwNEVEYTdDRVJLanhvMzlKNUlXcHVJbwpjbEkwSHdoSERGZ0daaTIyZXo0ck80WmphYUZmU3VnTzVpbys0d2Y4SG1LQ0haNUE1WkhKZUJIaWQ0bjVjelFwCklSUE1rOHZHR3ZQb3EwT3ByREdhRDFlUGJzajJKN3lVMUhmK2NyK1hlTm1Fb2wrVk4zY0dBTElwSCtCVjc2Q1UKRktqQTkxVUthd3NhRFZYTHNhSGdwdmtmWnNWNDg2aU03NVcwemJDaVN1UVRXeXhRVVduVS9RNzdzMVR6Yml5VworYXg5RmdhNS9OcFVCcTREK1cwQ0F3RUFBYU5DTUVBd0RnWURWUjBQQVFIL0JBUURBZ0trTUE4R0ExVWRFd0VCCi93UUZNQU1CQWY4d0hRWURWUjBPQkJZRUZPTjc2RVp5SmpDR0UyOXlMT1Q2S05pMDNzQnBNQTBHQ1NxR1NJYjMKRFFFQkN3VUFBNElCQVFCZGpISUI5amp3VGozVXJiT0NFRmo0SnBKdjIrcHJPVjhhdkZteExNRkhOWUd5cnBqUQpmNVB5by9NWUpzc2lENks5Uk1nd2xqSXRxdXVQQmsrNFVsL1VVV0sxbnIrR3RkQzZkS0gra3lpcEw0bjJ0aWlxCmpRdXJOUUFOZ29SbjltNUVDTGFkbjRWT0svYURDbmQvak9yQlU3ZkZpT0RtUEhuYzQyY3dNTkdSUTVDYVdpcHAKRlE3Uy9iMFBCMExrWVFaT21nS2w5VXdCc3FZN0pTb3pCUkpjcmgxNFRNSUh2T2JTNWtnYTBBcmRtOUxueHJ5VApNOUJ5WXZlamV5ZmduaHhueHd4R2Vhb0VaejE1SXRlcUwrSDhOdHdJYVErcVYrUGxrK25qRXZ1SmtKNEVoQ0xiCjQvTmZ4NitXcEwxNng5SURYdXZEM3E0V1BqRG9wTHBUcVlrbwotLS0tLUVORCBDRVJUSUZJQ0FURS0tLS0tCg=="
              }
            ],
            "created_at": "2021-12-09 05:37:35.907 +0000 UTC",
            "enabled_cluster_log_types": [],
            "endpoint": "https://1AE6C2B714420C28DBB25076B4B231EB.yl4.us-west-1.eks.amazonaws.com",
            "id": "blockchain-prod-eks-u9XBVrk6",
            "identity": [
              {
                "oidc": [
                  {
                    "issuer": "https://oidc.eks.us-west-1.amazonaws.com/id/1AE6C2B714420C28DBB25076B4B231EB"
                  }
                ]
              }
            ],
            "kubernetes_network_config": [
              {
                "service_ipv4_cidr": "172.20.0.0/16"
              }
            ],
            "name": "blockchain-prod-eks-u9XBVrk6",
            "platform_version": "eks.3",
            "role_arn": "arn:aws:iam::103947711118:role/blockchain-prod-eks-u9XBVrk620211209053644990600000001",
            "status": "ACTIVE",
            "tags": {
              "Environment": "blockchain-prod",
              "GithubOrg": "terraform-aws-modules",
              "GithubRepo": "terraform-aws-eks"
            },
            "version": "1.21",
            "vpc_config": [
              {
                "cluster_security_group_id": "sg-057e5175c5a0664b3",
                "endpoint_private_access": false,
                "endpoint_public_access": true,
                "public_access_cidrs": [
                  "0.0.0.0/0"
                ],
                "security_group_ids": [
                  "sg-0e01f36e02143d21e"
                ],
                "subnet_ids": [
                  "subnet-03711986fac7795d4",
                  "subnet-0b9df6c2e899b4785",
                  "subnet-0f421714b762693fe"
                ],
                "vpc_id": "vpc-0a00e571851180b5c"
              }
            ]
          },
          "sensitive_attributes": []
        }
      ]
    },
    {
      "mode": "data",
      "type": "aws_eks_cluster_auth",
      "name": "cluster",
      "provider": "provider[\"registry.terraform.io/hashicorp/aws\"]",
      "instances": [
        {
          "schema_version": 0,
          "attributes": {
            "id": "blockchain-prod-eks-u9XBVrk6",
            "name": "blockchain-prod-eks-u9XBVrk6",
            "token": "k8s-aws-v1.aHR0cHM6Ly9zdHMuYW1hem9uYXdzLmNvbS8_QWN0aW9uPUdldENhbGxlcklkZW50aXR5JlZlcnNpb249MjAxMS0wNi0xNSZYLUFtei1BbGdvcml0aG09QVdTNC1ITUFDLVNIQTI1NiZYLUFtei1DcmVkZW50aWFsPUFLSUFSUU02RUdLSEdCV0ZETVhRJTJGMjAyMTEyMDklMkZ1cy1lYXN0LTElMkZzdHMlMkZhd3M0X3JlcXVlc3QmWC1BbXotRGF0ZT0yMDIxMTIwOVQwNTQ3MjBaJlgtQW16LUV4cGlyZXM9MCZYLUFtei1TaWduZWRIZWFkZXJzPWhvc3QlM0J4LWs4cy1hd3MtaWQmWC1BbXotU2lnbmF0dXJlPTgyNTcyMzk4MmRiNTEwYzRlNWE0MzFkODM1ZDJhY2FkZTBhODQ4NWJjYzk3NWYyOGNiNmU5MDA2NWFlZDUwZmE"
          },
          "sensitive_attributes": []
        }
      ]
    },
    {
      "mode": "managed",
      "type": "aws_db_subnet_group",
      "name": "blockchain-prod",
      "provider": "provider[\"registry.terraform.io/hashicorp/aws\"]",
      "instances": [
        {
          "schema_version": 0,
          "attributes": {
            "arn": "arn:aws:rds:us-west-1:103947711118:subgrp:blockchain-prod",
            "description": "Managed by Terraform",
            "id": "blockchain-prod",
            "name": "blockchain-prod",
            "name_prefix": null,
            "subnet_ids": [
              "subnet-088997febea0fc0fe",
              "subnet-0db7bb9e72b703ccc",
              "subnet-0de0cb0c8ed5dd8ba"
            ],
            "tags": {
              "Name": "blockchain-prod"
            },
            "tags_all": {
              "Name": "blockchain-prod"
            }
          },
          "sensitive_attributes": [],
          "private": "bnVsbA==",
          "dependencies": [
            "data.aws_availability_zones.available",
            "module.vpc.aws_subnet.public",
            "module.vpc.aws_vpc.this",
            "module.vpc.aws_vpc_ipv4_cidr_block_association.this",
            "random_string.suffix"
          ]
        }
      ]
    },
    {
      "mode": "managed",
      "type": "aws_elasticache_replication_group",
      "name": "blockchain-prod",
      "provider": "provider[\"registry.terraform.io/hashicorp/aws\"]",
      "instances": [
        {
          "schema_version": 1,
          "attributes": {
            "apply_immediately": null,
            "arn": "arn:aws:elasticache:us-west-1:103947711118:replicationgroup:blockchain-prod-cache",
            "at_rest_encryption_enabled": false,
            "auth_token": "",
            "auto_minor_version_upgrade": true,
            "automatic_failover_enabled": true,
            "availability_zones": null,
            "cluster_enabled": true,
            "cluster_mode": [
              {
                "num_node_groups": 1,
                "replicas_per_node_group": 1
              }
            ],
            "configuration_endpoint_address": "blockchain-prod-cache.kbn21b.clustercfg.usw1.cache.amazonaws.com",
            "engine": "redis",
            "engine_version": "6.x",
            "engine_version_actual": "6.2.5",
            "final_snapshot_identifier": null,
            "global_replication_group_id": null,
            "id": "blockchain-prod-cache",
            "kms_key_id": "",
            "maintenance_window": "thu:08:00-thu:09:00",
            "member_clusters": [
              "blockchain-prod-cache-0001-001",
              "blockchain-prod-cache-0001-002"
            ],
            "multi_az_enabled": false,
            "node_type": "cache.t3.small",
            "notification_topic_arn": null,
            "number_cache_clusters": 2,
            "parameter_group_name": "default.redis6.x.cluster.on",
            "port": 6379,
            "primary_endpoint_address": null,
            "reader_endpoint_address": null,
            "replication_group_description": "blockchain-prod-Redis",
            "replication_group_id": "blockchain-prod-cache",
            "security_group_ids": [
              "sg-08f6bf6e33bfa7729"
            ],
            "security_group_names": [],
            "snapshot_arns": null,
            "snapshot_name": null,
            "snapshot_retention_limit": 5,
            "snapshot_window": "00:00-05:00",
            "subnet_group_name": "vpc-public-blockchain-prod-redis-subnet-group",
            "tags": null,
            "tags_all": {},
            "timeouts": null,
            "transit_encryption_enabled": false
          },
          "sensitive_attributes": [],
          "private": "eyJlMmJmYjczMC1lY2FhLTExZTYtOGY4OC0zNDM2M2JjN2M0YzAiOnsiY3JlYXRlIjozNjAwMDAwMDAwMDAwLCJkZWxldGUiOjI0MDAwMDAwMDAwMDAsInVwZGF0ZSI6MjQwMDAwMDAwMDAwMH0sInNjaGVtYV92ZXJzaW9uIjoiMSJ9",
          "dependencies": [
            "aws_elasticache_subnet_group.redis",
            "aws_security_group.redis",
            "aws_subnet.redis",
            "module.vpc.aws_vpc.this",
            "random_string.suffix"
          ]
        }
      ]
    },
    {
      "mode": "managed",
      "type": "aws_elasticache_subnet_group",
      "name": "redis",
      "provider": "provider[\"registry.terraform.io/hashicorp/aws\"]",
      "instances": [
        {
          "schema_version": 0,
          "attributes": {
            "arn": "arn:aws:elasticache:us-west-1:103947711118:subnetgroup:vpc-public-blockchain-prod-redis-subnet-group",
            "description": "subnet where redis will live",
            "id": "vpc-public-blockchain-prod-redis-subnet-group",
            "name": "vpc-public-blockchain-prod-redis-subnet-group",
            "subnet_ids": [
              "subnet-0e527a356bf3e66e1"
            ],
            "tags": null,
            "tags_all": {}
          },
          "sensitive_attributes": [],
          "private": "bnVsbA==",
          "dependencies": [
            "aws_subnet.redis",
            "module.vpc.aws_vpc.this",
            "random_string.suffix"
          ]
        }
      ]
    },
    {
      "mode": "managed",
      "type": "aws_rds_cluster",
      "name": "blockchain-prod",
      "provider": "provider[\"registry.terraform.io/hashicorp/aws\"]",
      "instances": [
        {
          "schema_version": 0,
          "attributes": {
            "allow_major_version_upgrade": null,
            "apply_immediately": true,
            "arn": "arn:aws:rds:us-west-1:103947711118:cluster:blockchain-prod-main",
            "availability_zones": [
              "us-west-1a",
              "us-west-1b"
            ],
            "backtrack_window": 0,
            "backup_retention_period": 1,
            "cluster_identifier": "blockchain-prod-main",
            "cluster_identifier_prefix": null,
            "cluster_members": [],
            "cluster_resource_id": "cluster-J5HMSTNYEISMD6X354Z7HJJ24U",
            "copy_tags_to_snapshot": false,
            "database_name": null,
            "db_cluster_parameter_group_name": "default.aurora-mysql5.7",
            "db_instance_parameter_group_name": null,
            "db_subnet_group_name": "blockchain-prod",
            "deletion_protection": false,
            "enable_global_write_forwarding": false,
            "enable_http_endpoint": false,
            "enabled_cloudwatch_logs_exports": null,
            "endpoint": "blockchain-prod-main.cluster-cn7etayf4fck.us-west-1.rds.amazonaws.com",
            "engine": "aurora-mysql",
            "engine_mode": "provisioned",
            "engine_version": "5.7.mysql_aurora.2.10.0",
            "engine_version_actual": "5.7.mysql_aurora.2.10.0",
            "final_snapshot_identifier": null,
            "global_cluster_identifier": "",
            "hosted_zone_id": "Z10WI91S59XXQN",
            "iam_database_authentication_enabled": false,
            "iam_roles": [],
            "id": "blockchain-prod-main",
            "kms_key_id": "",
            "master_password": "Admin123#",
            "master_username": "admin",
            "port": 3306,
            "preferred_backup_window": "13:08-13:38",
            "preferred_maintenance_window": "sat:08:24-sat:08:54",
            "reader_endpoint": "blockchain-prod-main.cluster-ro-cn7etayf4fck.us-west-1.rds.amazonaws.com",
            "replication_source_identifier": "",
            "restore_to_point_in_time": [],
            "s3_import": [],
            "scaling_configuration": [],
            "skip_final_snapshot": true,
            "snapshot_identifier": null,
            "source_region": null,
            "storage_encrypted": false,
            "tags": null,
            "tags_all": {},
            "timeouts": null,
            "vpc_security_group_ids": [
              "sg-01ba4369055fee599"
            ]
          },
          "sensitive_attributes": [
            [
              {
                "type": "get_attr",
                "value": "master_password"
              }
            ]
          ],
          "private": "eyJlMmJmYjczMC1lY2FhLTExZTYtOGY4OC0zNDM2M2JjN2M0YzAiOnsiY3JlYXRlIjo3MjAwMDAwMDAwMDAwLCJkZWxldGUiOjcyMDAwMDAwMDAwMDAsInVwZGF0ZSI6NzIwMDAwMDAwMDAwMH19",
          "dependencies": [
            "aws_db_subnet_group.blockchain-prod",
            "aws_security_group.rds",
            "data.aws_availability_zones.available",
            "module.vpc.aws_subnet.public",
            "module.vpc.aws_vpc.this",
            "module.vpc.aws_vpc_ipv4_cidr_block_association.this",
            "random_string.suffix"
          ]
        }
      ]
    },
    {
      "mode": "managed",
      "type": "aws_rds_cluster_instance",
      "name": "blockchain-prod",
      "provider": "provider[\"registry.terraform.io/hashicorp/aws\"]",
      "instances": [
        {
          "index_key": 0,
          "schema_version": 0,
          "attributes": {
            "apply_immediately": null,
            "arn": "arn:aws:rds:us-west-1:103947711118:db:blockchain-prod-0",
            "auto_minor_version_upgrade": true,
            "availability_zone": "us-west-1b",
            "ca_cert_identifier": "rds-ca-2019",
            "cluster_identifier": "blockchain-prod-main",
            "copy_tags_to_snapshot": false,
            "db_parameter_group_name": "default.aurora-mysql5.7",
            "db_subnet_group_name": "blockchain-prod",
            "dbi_resource_id": "db-FKAHWNIGVBSSNJRHWH5XYFYJOY",
            "endpoint": "blockchain-prod-0.cn7etayf4fck.us-west-1.rds.amazonaws.com",
            "engine": "aurora-mysql",
            "engine_version": "5.7.mysql_aurora.2.10.0",
            "engine_version_actual": "5.7.mysql_aurora.2.10.0",
            "id": "blockchain-prod-0",
            "identifier": "blockchain-prod-0",
            "identifier_prefix": null,
            "instance_class": "db.t3.small",
            "kms_key_id": "",
            "monitoring_interval": 0,
            "monitoring_role_arn": "",
            "performance_insights_enabled": false,
            "performance_insights_kms_key_id": "",
            "performance_insights_retention_period": 0,
            "port": 3306,
            "preferred_backup_window": "13:08-13:38",
            "preferred_maintenance_window": "fri:06:39-fri:07:09",
            "promotion_tier": 0,
            "publicly_accessible": true,
            "storage_encrypted": false,
            "tags": null,
            "tags_all": {},
            "timeouts": null,
            "writer": true
          },
          "sensitive_attributes": [],
          "private": "eyJlMmJmYjczMC1lY2FhLTExZTYtOGY4OC0zNDM2M2JjN2M0YzAiOnsiY3JlYXRlIjo1NDAwMDAwMDAwMDAwLCJkZWxldGUiOjU0MDAwMDAwMDAwMDAsInVwZGF0ZSI6NTQwMDAwMDAwMDAwMH19",
          "dependencies": [
            "aws_db_subnet_group.blockchain-prod",
            "aws_rds_cluster.blockchain-prod",
            "aws_security_group.rds",
            "data.aws_availability_zones.available",
            "module.vpc.aws_subnet.public",
            "module.vpc.aws_vpc.this",
            "module.vpc.aws_vpc_ipv4_cidr_block_association.this",
            "random_string.suffix"
          ]
        }
      ]
    },
    {
      "mode": "managed",
      "type": "aws_security_group",
      "name": "blockchain-prod-all_worker_mgmt",
      "provider": "provider[\"registry.terraform.io/hashicorp/aws\"]",
      "instances": [
        {
          "schema_version": 1,
          "attributes": {
            "arn": "arn:aws:ec2:us-west-1:103947711118:security-group/sg-02b3c0eca027d9637",
            "description": "Managed by Terraform",
            "egress": [],
            "id": "sg-02b3c0eca027d9637",
            "ingress": [
              {
                "cidr_blocks": [
                  "10.10.0.0/24",
                  "172.16.0.0/12",
                  "192.168.0.0/16",
                  "178.31.0.0/16"
                ],
                "description": "",
                "from_port": 22,
                "ipv6_cidr_blocks": [],
                "prefix_list_ids": [],
                "protocol": "tcp",
                "security_groups": [],
                "self": false,
                "to_port": 22
              }
            ],
            "name": "blockchain-prod-all_worker_management2021120905371318940000000a",
            "name_prefix": "blockchain-prod-all_worker_management",
            "owner_id": "103947711118",
            "revoke_rules_on_delete": false,
            "tags": {
              "Environment": "blockchain-prod"
            },
            "tags_all": {
              "Environment": "blockchain-prod"
            },
            "timeouts": null,
            "vpc_id": "vpc-0a00e571851180b5c"
          },
          "sensitive_attributes": [],
          "private": "eyJlMmJmYjczMC1lY2FhLTExZTYtOGY4OC0zNDM2M2JjN2M0YzAiOnsiY3JlYXRlIjo2MDAwMDAwMDAwMDAsImRlbGV0ZSI6OTAwMDAwMDAwMDAwfSwic2NoZW1hX3ZlcnNpb24iOiIxIn0=",
          "dependencies": [
            "module.vpc.aws_vpc.this",
            "random_string.suffix"
          ]
        }
      ]
    },
    {
      "mode": "managed",
      "type": "aws_security_group",
      "name": "blockchain_prod_worker_group_mgmt_one",
      "provider": "provider[\"registry.terraform.io/hashicorp/aws\"]",
      "instances": [
        {
          "schema_version": 1,
          "attributes": {
            "arn": "arn:aws:ec2:us-west-1:103947711118:security-group/sg-0ed51f03891bf12f2",
            "description": "Managed by Terraform",
            "egress": [],
            "id": "sg-0ed51f03891bf12f2",
            "ingress": [
              {
                "cidr_blocks": [
                  "10.10.0.0/24"
                ],
                "description": "",
                "from_port": 22,
                "ipv6_cidr_blocks": [],
                "prefix_list_ids": [],
                "protocol": "tcp",
                "security_groups": [],
                "self": false,
                "to_port": 22
              }
            ],
            "name": "blockchain_prod_worker_group_mgmt_one2021120905371333840000000b",
            "name_prefix": "blockchain_prod_worker_group_mgmt_one",
            "owner_id": "103947711118",
            "revoke_rules_on_delete": false,
            "tags": {
              "Environment": "blockchain-prod"
            },
            "tags_all": {
              "Environment": "blockchain-prod"
            },
            "timeouts": null,
            "vpc_id": "vpc-0a00e571851180b5c"
          },
          "sensitive_attributes": [],
          "private": "eyJlMmJmYjczMC1lY2FhLTExZTYtOGY4OC0zNDM2M2JjN2M0YzAiOnsiY3JlYXRlIjo2MDAwMDAwMDAwMDAsImRlbGV0ZSI6OTAwMDAwMDAwMDAwfSwic2NoZW1hX3ZlcnNpb24iOiIxIn0=",
          "dependencies": [
            "module.vpc.aws_vpc.this",
            "random_string.suffix"
          ],
          "create_before_destroy": true
        }
      ]
    },
    {
      "mode": "managed",
      "type": "aws_security_group",
      "name": "blockchain_prod_worker_group_mgmt_three",
      "provider": "provider[\"registry.terraform.io/hashicorp/aws\"]",
      "instances": [
        {
          "schema_version": 1,
          "attributes": {
            "arn": "arn:aws:ec2:us-west-1:103947711118:security-group/sg-0b8ef6cc903f349a2",
            "description": "Managed by Terraform",
            "egress": [],
            "id": "sg-0b8ef6cc903f349a2",
            "ingress": [
              {
                "cidr_blocks": [
                  "178.31.0.0/16"
                ],
                "description": "",
                "from_port": 22,
                "ipv6_cidr_blocks": [],
                "prefix_list_ids": [],
                "protocol": "tcp",
                "security_groups": [],
                "self": false,
                "to_port": 22
              }
            ],
            "name": "blockchain_prod_worker_group_mgmt_three20211209053709807800000009",
            "name_prefix": "blockchain_prod_worker_group_mgmt_three",
            "owner_id": "103947711118",
            "revoke_rules_on_delete": false,
            "tags": {
              "Environment": "blockchain-prod"
            },
            "tags_all": {
              "Environment": "blockchain-prod"
            },
            "timeouts": null,
            "vpc_id": "vpc-0a00e571851180b5c"
          },
          "sensitive_attributes": [],
          "private": "eyJlMmJmYjczMC1lY2FhLTExZTYtOGY4OC0zNDM2M2JjN2M0YzAiOnsiY3JlYXRlIjo2MDAwMDAwMDAwMDAsImRlbGV0ZSI6OTAwMDAwMDAwMDAwfSwic2NoZW1hX3ZlcnNpb24iOiIxIn0=",
          "dependencies": [
            "module.vpc.aws_vpc.this",
            "random_string.suffix"
          ],
          "create_before_destroy": true
        }
      ]
    },
    {
      "mode": "managed",
      "type": "aws_security_group",
      "name": "blockchain_prod_worker_group_mgmt_two",
      "provider": "provider[\"registry.terraform.io/hashicorp/aws\"]",
      "instances": [
        {
          "schema_version": 1,
          "attributes": {
            "arn": "arn:aws:ec2:us-west-1:103947711118:security-group/sg-022ef29bf9dc79ed0",
            "description": "Managed by Terraform",
            "egress": [],
            "id": "sg-022ef29bf9dc79ed0",
            "ingress": [
              {
                "cidr_blocks": [
                  "192.168.0.0/16"
                ],
                "description": "",
                "from_port": 22,
                "ipv6_cidr_blocks": [],
                "prefix_list_ids": [],
                "protocol": "tcp",
                "security_groups": [],
                "self": false,
                "to_port": 22
              }
            ],
            "name": "blockchain_prod_worker_group_mgmt_two2021120905371421830000000c",
            "name_prefix": "blockchain_prod_worker_group_mgmt_two",
            "owner_id": "103947711118",
            "revoke_rules_on_delete": false,
            "tags": {
              "Environment": "blockchain-prod"
            },
            "tags_all": {
              "Environment": "blockchain-prod"
            },
            "timeouts": null,
            "vpc_id": "vpc-0a00e571851180b5c"
          },
          "sensitive_attributes": [],
          "private": "eyJlMmJmYjczMC1lY2FhLTExZTYtOGY4OC0zNDM2M2JjN2M0YzAiOnsiY3JlYXRlIjo2MDAwMDAwMDAwMDAsImRlbGV0ZSI6OTAwMDAwMDAwMDAwfSwic2NoZW1hX3ZlcnNpb24iOiIxIn0=",
          "dependencies": [
            "module.vpc.aws_vpc.this",
            "random_string.suffix"
          ],
          "create_before_destroy": true
        }
      ]
    },
    {
      "mode": "managed",
      "type": "aws_security_group",
      "name": "rds",
      "provider": "provider[\"registry.terraform.io/hashicorp/aws\"]",
      "instances": [
        {
          "schema_version": 1,
          "attributes": {
            "arn": "arn:aws:ec2:us-west-1:103947711118:security-group/sg-01ba4369055fee599",
            "description": "Managed by Terraform",
            "egress": [],
            "id": "sg-01ba4369055fee599",
            "ingress": [
              {
                "cidr_blocks": [
                  "0.0.0.0/0"
                ],
                "description": "",
                "from_port": 3306,
                "ipv6_cidr_blocks": [],
                "prefix_list_ids": [],
                "protocol": "tcp",
                "security_groups": [],
                "self": false,
                "to_port": 3306
              }
            ],
            "name": "blockchain-prod_rds",
            "name_prefix": "",
            "owner_id": "103947711118",
            "revoke_rules_on_delete": false,
            "tags": {
              "Name": "blockchain-prod"
            },
            "tags_all": {
              "Name": "blockchain-prod"
            },
            "timeouts": null,
            "vpc_id": "vpc-0a00e571851180b5c"
          },
          "sensitive_attributes": [],
          "private": "eyJlMmJmYjczMC1lY2FhLTExZTYtOGY4OC0zNDM2M2JjN2M0YzAiOnsiY3JlYXRlIjo2MDAwMDAwMDAwMDAsImRlbGV0ZSI6OTAwMDAwMDAwMDAwfSwic2NoZW1hX3ZlcnNpb24iOiIxIn0=",
          "dependencies": [
            "module.vpc.aws_vpc.this",
            "random_string.suffix"
          ]
        }
      ]
    },
    {
      "mode": "managed",
      "type": "aws_security_group",
      "name": "redis",
      "provider": "provider[\"registry.terraform.io/hashicorp/aws\"]",
      "instances": [
        {
          "schema_version": 1,
          "attributes": {
            "arn": "arn:aws:ec2:us-west-1:103947711118:security-group/sg-08f6bf6e33bfa7729",
            "description": "subnet where redis will live",
            "egress": [],
            "id": "sg-08f6bf6e33bfa7729",
            "ingress": [
              {
                "cidr_blocks": [
                  "0.0.0.0/0",
                  "10.10.0.0/24",
                  "192.168.0.0/16"
                ],
                "description": "",
                "from_port": 6379,
                "ipv6_cidr_blocks": [],
                "prefix_list_ids": [],
                "protocol": "tcp",
                "security_groups": [],
                "self": false,
                "to_port": 6379
              }
            ],
            "name": "blockchain-prod-redis-security-group",
            "name_prefix": "",
            "owner_id": "103947711118",
            "revoke_rules_on_delete": false,
            "tags": {
              "Environment": "blockchain-prod"
            },
            "tags_all": {
              "Environment": "blockchain-prod"
            },
            "timeouts": null,
            "vpc_id": "vpc-0a00e571851180b5c"
          },
          "sensitive_attributes": [],
          "private": "eyJlMmJmYjczMC1lY2FhLTExZTYtOGY4OC0zNDM2M2JjN2M0YzAiOnsiY3JlYXRlIjo2MDAwMDAwMDAwMDAsImRlbGV0ZSI6OTAwMDAwMDAwMDAwfSwic2NoZW1hX3ZlcnNpb24iOiIxIn0=",
          "dependencies": [
            "module.vpc.aws_vpc.this",
            "random_string.suffix"
          ]
        }
      ]
    },
    {
      "mode": "managed",
      "type": "aws_subnet",
      "name": "redis",
      "provider": "provider[\"registry.terraform.io/hashicorp/aws\"]",
      "instances": [
        {
          "schema_version": 1,
          "attributes": {
            "arn": "arn:aws:ec2:us-west-1:103947711118:subnet/subnet-0e527a356bf3e66e1",
            "assign_ipv6_address_on_creation": false,
            "availability_zone": "us-west-1b",
            "availability_zone_id": "usw1-az1",
            "cidr_block": "10.10.7.0/24",
            "customer_owned_ipv4_pool": "",
            "id": "subnet-0e527a356bf3e66e1",
            "ipv6_cidr_block": "",
            "ipv6_cidr_block_association_id": "",
            "map_customer_owned_ip_on_launch": false,
            "map_public_ip_on_launch": false,
            "outpost_arn": "",
            "owner_id": "103947711118",
            "tags": {
              "Environment": "blockchain-prod-redis-public"
            },
            "tags_all": {
              "Environment": "blockchain-prod-redis-public"
            },
            "timeouts": null,
            "vpc_id": "vpc-0a00e571851180b5c"
          },
          "sensitive_attributes": [],
          "private": "eyJlMmJmYjczMC1lY2FhLTExZTYtOGY4OC0zNDM2M2JjN2M0YzAiOnsiY3JlYXRlIjo2MDAwMDAwMDAwMDAsImRlbGV0ZSI6MTIwMDAwMDAwMDAwMH0sInNjaGVtYV92ZXJzaW9uIjoiMSJ9",
          "dependencies": [
            "module.vpc.aws_vpc.this",
            "random_string.suffix"
          ]
        }
      ]
    },
    {
      "mode": "managed",
      "type": "random_string",
      "name": "suffix",
      "provider": "provider[\"registry.terraform.io/hashicorp/random\"]",
      "instances": [
        {
          "schema_version": 1,
          "attributes": {
            "id": "u9XBVrk6",
            "keepers": null,
            "length": 8,
            "lower": true,
            "min_lower": 0,
            "min_numeric": 0,
            "min_special": 0,
            "min_upper": 0,
            "number": true,
            "override_special": null,
            "result": "u9XBVrk6",
            "special": false,
            "upper": true
          },
          "sensitive_attributes": [],
          "private": "eyJzY2hlbWFfdmVyc2lvbiI6IjEifQ==",
          "create_before_destroy": true
        }
      ]
    },
    {
      "module": "module.eks",
      "mode": "data",
      "type": "aws_ami",
      "name": "eks_worker",
      "provider": "provider[\"registry.terraform.io/hashicorp/aws\"]",
      "instances": [
        {
          "index_key": 0,
          "schema_version": 0,
          "attributes": {
            "architecture": "x86_64",
            "arn": "arn:aws:ec2:us-west-1::image/ami-07ce6c47faac88aa3",
            "block_device_mappings": [
              {
                "device_name": "/dev/xvda",
                "ebs": {
                  "delete_on_termination": "true",
                  "encrypted": "false",
                  "iops": "0",
                  "snapshot_id": "snap-02595ccc056801318",
                  "throughput": "0",
                  "volume_size": "20",
                  "volume_type": "gp2"
                },
                "no_device": "",
                "virtual_name": ""
              }
            ],
            "creation_date": "2021-12-06T23:48:47.000Z",
            "description": "EKS Kubernetes Worker AMI with AmazonLinux2 image, (k8s: 1.21.5, docker: 20.10.7-5.amzn2, containerd: 1.4.6-7.amzn2)",
            "ena_support": true,
            "executable_users": null,
            "filter": [
              {
                "name": "name",
                "values": [
                  "amazon-eks-node-1.21-v*"
                ]
              }
            ],
            "hypervisor": "xen",
            "id": "ami-07ce6c47faac88aa3",
            "image_id": "ami-07ce6c47faac88aa3",
            "image_location": "amazon/amazon-eks-node-1.21-v20211206",
            "image_owner_alias": "amazon",
            "image_type": "machine",
            "kernel_id": null,
            "most_recent": true,
            "name": "amazon-eks-node-1.21-v20211206",
            "name_regex": null,
            "owner_id": "602401143452",
            "owners": [
              "amazon"
            ],
            "platform": null,
            "platform_details": "Linux/UNIX",
            "product_codes": [],
            "public": true,
            "ramdisk_id": null,
            "root_device_name": "/dev/xvda",
            "root_device_type": "ebs",
            "root_snapshot_id": "snap-02595ccc056801318",
            "sriov_net_support": "simple",
            "state": "available",
            "state_reason": {
              "code": "UNSET",
              "message": "UNSET"
            },
            "tags": {},
            "usage_operation": "RunInstances",
            "virtualization_type": "hvm"
          },
          "sensitive_attributes": []
        }
      ]
    },
    {
      "module": "module.eks",
      "mode": "data",
      "type": "aws_caller_identity",
      "name": "current",
      "provider": "provider[\"registry.terraform.io/hashicorp/aws\"]",
      "instances": [
        {
          "schema_version": 0,
          "attributes": {
            "account_id": "103947711118",
            "arn": "arn:aws:iam::103947711118:user/Swarrup",
            "id": "103947711118",
            "user_id": "AIDARQM6EGKHMZ2TLQB4P"
          },
          "sensitive_attributes": []
        }
      ]
    },
    {
      "module": "module.eks",
      "mode": "data",
      "type": "aws_iam_policy_document",
      "name": "cluster_assume_role_policy",
      "provider": "provider[\"registry.terraform.io/hashicorp/aws\"]",
      "instances": [
        {
          "schema_version": 0,
          "attributes": {
            "id": "2764486067",
            "json": "{\n  \"Version\": \"2012-10-17\",\n  \"Statement\": [\n    {\n      \"Sid\": \"EKSClusterAssumeRole\",\n      \"Effect\": \"Allow\",\n      \"Action\": \"sts:AssumeRole\",\n      \"Principal\": {\n        \"Service\": \"eks.amazonaws.com\"\n      }\n    }\n  ]\n}",
            "override_json": null,
            "override_policy_documents": null,
            "policy_id": null,
            "source_json": null,
            "source_policy_documents": null,
            "statement": [
              {
                "actions": [
                  "sts:AssumeRole"
                ],
                "condition": [],
                "effect": "Allow",
                "not_actions": [],
                "not_principals": [],
                "not_resources": [],
                "principals": [
                  {
                    "identifiers": [
                      "eks.amazonaws.com"
                    ],
                    "type": "Service"
                  }
                ],
                "resources": [],
                "sid": "EKSClusterAssumeRole"
              }
            ],
            "version": "2012-10-17"
          },
          "sensitive_attributes": []
        }
      ]
    },
    {
      "module": "module.eks",
      "mode": "data",
      "type": "aws_iam_policy_document",
      "name": "cluster_deny_log_group",
      "provider": "provider[\"registry.terraform.io/hashicorp/aws\"]",
      "instances": [
        {
          "index_key": 0,
          "schema_version": 0,
          "attributes": {
            "id": "2675893060",
            "json": "{\n  \"Version\": \"2012-10-17\",\n  \"Statement\": [\n    {\n      \"Sid\": \"\",\n      \"Effect\": \"Deny\",\n      \"Action\": \"logs:CreateLogGroup\",\n      \"Resource\": \"*\"\n    }\n  ]\n}",
            "override_json": null,
            "override_policy_documents": null,
            "policy_id": null,
            "source_json": null,
            "source_policy_documents": null,
            "statement": [
              {
                "actions": [
                  "logs:CreateLogGroup"
                ],
                "condition": [],
                "effect": "Deny",
                "not_actions": [],
                "not_principals": [],
                "not_resources": [],
                "principals": [],
                "resources": [
                  "*"
                ],
                "sid": ""
              }
            ],
            "version": "2012-10-17"
          },
          "sensitive_attributes": []
        }
      ]
    },
    {
      "module": "module.eks",
      "mode": "data",
      "type": "aws_iam_policy_document",
      "name": "cluster_elb_sl_role_creation",
      "provider": "provider[\"registry.terraform.io/hashicorp/aws\"]",
      "instances": [
        {
          "index_key": 0,
          "schema_version": 0,
          "attributes": {
            "id": "3709839417",
            "json": "{\n  \"Version\": \"2012-10-17\",\n  \"Statement\": [\n    {\n      \"Sid\": \"\",\n      \"Effect\": \"Allow\",\n      \"Action\": [\n        \"ec2:DescribeInternetGateways\",\n        \"ec2:DescribeAddresses\",\n        \"ec2:DescribeAccountAttributes\"\n      ],\n      \"Resource\": \"*\"\n    }\n  ]\n}",
            "override_json": null,
            "override_policy_documents": null,
            "policy_id": null,
            "source_json": null,
            "source_policy_documents": null,
            "statement": [
              {
                "actions": [
                  "ec2:DescribeAccountAttributes",
                  "ec2:DescribeAddresses",
                  "ec2:DescribeInternetGateways"
                ],
                "condition": [],
                "effect": "Allow",
                "not_actions": [],
                "not_principals": [],
                "not_resources": [],
                "principals": [],
                "resources": [
                  "*"
                ],
                "sid": ""
              }
            ],
            "version": "2012-10-17"
          },
          "sensitive_attributes": []
        }
      ]
    },
    {
      "module": "module.eks",
      "mode": "data",
      "type": "aws_iam_policy_document",
      "name": "workers_assume_role_policy",
      "provider": "provider[\"registry.terraform.io/hashicorp/aws\"]",
      "instances": [
        {
          "schema_version": 0,
          "attributes": {
            "id": "3778018924",
            "json": "{\n  \"Version\": \"2012-10-17\",\n  \"Statement\": [\n    {\n      \"Sid\": \"EKSWorkerAssumeRole\",\n      \"Effect\": \"Allow\",\n      \"Action\": \"sts:AssumeRole\",\n      \"Principal\": {\n        \"Service\": \"ec2.amazonaws.com\"\n      }\n    }\n  ]\n}",
            "override_json": null,
            "override_policy_documents": null,
            "policy_id": null,
            "source_json": null,
            "source_policy_documents": null,
            "statement": [
              {
                "actions": [
                  "sts:AssumeRole"
                ],
                "condition": [],
                "effect": "Allow",
                "not_actions": [],
                "not_principals": [],
                "not_resources": [],
                "principals": [
                  {
                    "identifiers": [
                      "ec2.amazonaws.com"
                    ],
                    "type": "Service"
                  }
                ],
                "resources": [],
                "sid": "EKSWorkerAssumeRole"
              }
            ],
            "version": "2012-10-17"
          },
          "sensitive_attributes": []
        }
      ]
    },
    {
      "module": "module.eks",
      "mode": "data",
      "type": "aws_partition",
      "name": "current",
      "provider": "provider[\"registry.terraform.io/hashicorp/aws\"]",
      "instances": [
        {
          "schema_version": 0,
          "attributes": {
            "dns_suffix": "amazonaws.com",
            "id": "aws",
            "partition": "aws",
            "reverse_dns_prefix": "com.amazonaws"
          },
          "sensitive_attributes": []
        }
      ]
    },
    {
      "module": "module.eks",
      "mode": "data",
      "type": "http",
      "name": "wait_for_cluster",
      "provider": "provider[\"registry.terraform.io/terraform-aws-modules/http\"]",
      "instances": [
        {
          "index_key": 0,
          "schema_version": 0,
          "attributes": {
            "body": "ok",
            "ca_certificate": "-----BEGIN CERTIFICATE-----\nMIIC5zCCAc+gAwIBAgIBADANBgkqhkiG9w0BAQsFADAVMRMwEQYDVQQDEwprdWJl\ncm5ldGVzMB4XDTIxMTIwOTA1NDMzM1oXDTMxMTIwNzA1NDMzM1owFTETMBEGA1UE\nAxMKa3ViZXJuZXRlczCCASIwDQYJKoZIhvcNAQEBBQADggEPADCCAQoCggEBAJnj\nGF0dStOfoMtwS1rpumGAEiWq3IxaRb5e5kKQEykxHpn5sl2gQO5O9ry1KYYFcCom\n4TKbfX4Uy/BbSJ4EN6IIVjCNgk37FMmUa9oVAaPRgp4EDa7CERKjxo39J5IWpuIo\nclI0HwhHDFgGZi22ez4rO4ZjaaFfSugO5io+4wf8HmKCHZ5A5ZHJeBHid4n5czQp\nIRPMk8vGGvPoq0OprDGaD1ePbsj2J7yU1Hf+cr+XeNmEol+VN3cGALIpH+BV76CU\nFKjA91UKawsaDVXLsaHgpvkfZsV486iM75W0zbCiSuQTWyxQUWnU/Q77s1TzbiyW\n+ax9Fga5/NpUBq4D+W0CAwEAAaNCMEAwDgYDVR0PAQH/BAQDAgKkMA8GA1UdEwEB\n/wQFMAMBAf8wHQYDVR0OBBYEFON76EZyJjCGE29yLOT6KNi03sBpMA0GCSqGSIb3\nDQEBCwUAA4IBAQBdjHIB9jjwTj3UrbOCEFj4JpJv2+prOV8avFmxLMFHNYGyrpjQ\nf5Pyo/MYJssiD6K9RMgwljItquuPBk+4Ul/UUWK1nr+GtdC6dKH+kyipL4n2tiiq\njQurNQANgoRn9m5ECLadn4VOK/aDCnd/jOrBU7fFiODmPHnc42cwMNGRQ5CaWipp\nFQ7S/b0PB0LkYQZOmgKl9UwBsqY7JSozBRJcrh14TMIHvObS5kga0Ardm9LnxryT\nM9ByYvejeyfgnhxnxwxGeaoEZz15IteqL+H8NtwIaQ+qV+Plk+njEvuJkJ4EhCLb\n4/Nfx6+WpL16x9IDXuvD3q4WPjDopLpTqYko\n-----END CERTIFICATE-----\n",
            "id": "https://1AE6C2B714420C28DBB25076B4B231EB.yl4.us-west-1.eks.amazonaws.com/healthz",
            "insecure": false,
            "request_headers": null,
            "response_headers": {
              "Cache-Control": "no-cache, private",
              "Content-Length": "2",
              "Content-Type": "text/plain; charset=utf-8",
              "Date": "Thu, 09 Dec 2021 05:47:20 GMT",
              "X-Content-Type-Options": "nosniff",
              "X-Kubernetes-Pf-Flowschema-Uid": "a0077932-3f88-4613-90ad-e6063ad246db",
              "X-Kubernetes-Pf-Prioritylevel-Uid": "25c36adb-f607-4139-bd1a-970009aba8e7"
            },
            "timeout": 300,
            "url": "https://1AE6C2B714420C28DBB25076B4B231EB.yl4.us-west-1.eks.amazonaws.com/healthz"
          },
          "sensitive_attributes": []
        }
      ]
    },
    {
      "module": "module.eks",
      "mode": "managed",
      "type": "aws_autoscaling_group",
      "name": "workers",
      "provider": "provider[\"registry.terraform.io/hashicorp/aws\"]",
      "instances": [
        {
          "index_key": 0,
          "schema_version": 0,
          "attributes": {
            "arn": "arn:aws:autoscaling:us-west-1:103947711118:autoScalingGroup:3149b88a-5f7d-43bf-9507-7e89b1c6f2e5:autoScalingGroupName/blockchain-prod-eks-u9XBVrk6-blockchain-prod-worker-group-12021120905473698670000001b",
            "availability_zones": [
              "us-west-1a",
              "us-west-1b"
            ],
            "capacity_rebalance": false,
            "default_cooldown": 300,
            "desired_capacity": 1,
            "enabled_metrics": null,
            "force_delete": false,
            "force_delete_warm_pool": false,
            "health_check_grace_period": 300,
            "health_check_type": "EC2",
            "id": "blockchain-prod-eks-u9XBVrk6-blockchain-prod-worker-group-12021120905473698670000001b",
            "initial_lifecycle_hook": [],
            "instance_refresh": [],
            "launch_configuration": "blockchain-prod-eks-u9XBVrk6-blockchain-prod-worker-group-120211209054727472100000018",
            "launch_template": [],
            "load_balancers": null,
            "max_instance_lifetime": 0,
            "max_size": 3,
            "metrics_granularity": "1Minute",
            "min_elb_capacity": null,
            "min_size": 1,
            "mixed_instances_policy": [],
            "name": "blockchain-prod-eks-u9XBVrk6-blockchain-prod-worker-group-12021120905473698670000001b",
            "name_prefix": "blockchain-prod-eks-u9XBVrk6-blockchain-prod-worker-group-1",
            "placement_group": "",
            "protect_from_scale_in": false,
            "service_linked_role_arn": "arn:aws:iam::103947711118:role/aws-service-role/autoscaling.amazonaws.com/AWSServiceRoleForAutoScaling",
            "suspended_processes": [
              "AZRebalance"
            ],
            "tag": [
              {
                "key": "Environment",
                "propagate_at_launch": true,
                "value": "blockchain-prod"
              },
              {
                "key": "GithubOrg",
                "propagate_at_launch": true,
                "value": "terraform-aws-modules"
              },
              {
                "key": "GithubRepo",
                "propagate_at_launch": true,
                "value": "terraform-aws-eks"
              },
              {
                "key": "Name",
                "propagate_at_launch": true,
                "value": "blockchain-prod-eks-u9XBVrk6-blockchain-prod-worker-group-1-eks_asg"
              },
              {
                "key": "k8s.io/cluster/blockchain-prod-eks-u9XBVrk6",
                "propagate_at_launch": true,
                "value": "owned"
              },
              {
                "key": "kubernetes.io/cluster/blockchain-prod-eks-u9XBVrk6",
                "propagate_at_launch": true,
                "value": "owned"
              }
            ],
            "tags": null,
            "target_group_arns": null,
            "termination_policies": [],
            "timeouts": null,
            "vpc_zone_identifier": [
              "subnet-03711986fac7795d4",
              "subnet-0b9df6c2e899b4785",
              "subnet-0f421714b762693fe"
            ],
            "wait_for_capacity_timeout": "10m",
            "wait_for_elb_capacity": null,
            "warm_pool": []
          },
          "sensitive_attributes": [],
          "private": "eyJlMmJmYjczMC1lY2FhLTExZTYtOGY4OC0zNDM2M2JjN2M0YzAiOnsiZGVsZXRlIjo2MDAwMDAwMDAwMDB9fQ==",
          "dependencies": [
            "aws_security_group.blockchain_prod_worker_group_mgmt_one",
            "aws_security_group.blockchain_prod_worker_group_mgmt_three",
            "aws_security_group.blockchain_prod_worker_group_mgmt_two",
            "data.aws_availability_zones.available",
            "module.eks.aws_cloudwatch_log_group.this",
            "module.eks.aws_eks_cluster.this",
            "module.eks.aws_iam_instance_profile.workers",
            "module.eks.aws_iam_role.cluster",
            "module.eks.aws_iam_role.workers",
            "module.eks.aws_iam_role_policy_attachment.cluster_AmazonEKSClusterPolicy",
            "module.eks.aws_iam_role_policy_attachment.cluster_AmazonEKSServicePolicy",
            "module.eks.aws_iam_role_policy_attachment.cluster_AmazonEKSVPCResourceControllerPolicy",
            "module.eks.aws_iam_role_policy_attachment.workers_AmazonEC2ContainerRegistryReadOnly",
            "module.eks.aws_iam_role_policy_attachment.workers_AmazonEKSWorkerNodePolicy",
            "module.eks.aws_iam_role_policy_attachment.workers_AmazonEKS_CNI_Policy",
            "module.eks.aws_iam_role_policy_attachment.workers_additional_policies",
            "module.eks.aws_launch_configuration.workers",
            "module.eks.aws_security_group.cluster",
            "module.eks.aws_security_group.workers",
            "module.eks.aws_security_group_rule.cluster_egress_internet",
            "module.eks.aws_security_group_rule.cluster_https_worker_ingress",
            "module.eks.aws_security_group_rule.cluster_primary_ingress_workers",
            "module.eks.aws_security_group_rule.workers_egress_internet",
            "module.eks.aws_security_group_rule.workers_ingress_cluster",
            "module.eks.aws_security_group_rule.workers_ingress_cluster_https",
            "module.eks.aws_security_group_rule.workers_ingress_cluster_kubelet",
            "module.eks.aws_security_group_rule.workers_ingress_cluster_primary",
            "module.eks.aws_security_group_rule.workers_ingress_self",
            "module.eks.data.aws_ami.eks_worker",
            "module.eks.data.aws_ami.eks_worker_windows",
            "module.eks.data.aws_iam_instance_profile.custom_worker_group_iam_instance_profile",
            "module.eks.data.aws_iam_policy_document.cluster_assume_role_policy",
            "module.eks.data.aws_iam_policy_document.workers_assume_role_policy",
            "module.eks.data.aws_iam_role.custom_cluster_iam_role",
            "module.eks.data.aws_partition.current",
            "module.vpc.aws_subnet.private",
            "module.vpc.aws_vpc.this",
            "module.vpc.aws_vpc_ipv4_cidr_block_association.this",
            "random_string.suffix"
          ],
          "create_before_destroy": true
        },
        {
          "index_key": 1,
          "schema_version": 0,
          "attributes": {
            "arn": "arn:aws:autoscaling:us-west-1:103947711118:autoScalingGroup:d881114e-7b0a-4dbc-ab4e-fe6d45a7a19b:autoScalingGroupName/blockchain-prod-eks-u9XBVrk6-blockchain-prod-worker-group-220211209054736912300000019",
            "availability_zones": [
              "us-west-1a",
              "us-west-1b"
            ],
            "capacity_rebalance": false,
            "default_cooldown": 300,
            "desired_capacity": 1,
            "enabled_metrics": null,
            "force_delete": false,
            "force_delete_warm_pool": false,
            "health_check_grace_period": 300,
            "health_check_type": "EC2",
            "id": "blockchain-prod-eks-u9XBVrk6-blockchain-prod-worker-group-220211209054736912300000019",
            "initial_lifecycle_hook": [],
            "instance_refresh": [],
            "launch_configuration": "blockchain-prod-eks-u9XBVrk6-blockchain-prod-worker-group-220211209054727439600000016",
            "launch_template": [],
            "load_balancers": null,
            "max_instance_lifetime": 0,
            "max_size": 3,
            "metrics_granularity": "1Minute",
            "min_elb_capacity": null,
            "min_size": 1,
            "mixed_instances_policy": [],
            "name": "blockchain-prod-eks-u9XBVrk6-blockchain-prod-worker-group-220211209054736912300000019",
            "name_prefix": "blockchain-prod-eks-u9XBVrk6-blockchain-prod-worker-group-2",
            "placement_group": "",
            "protect_from_scale_in": false,
            "service_linked_role_arn": "arn:aws:iam::103947711118:role/aws-service-role/autoscaling.amazonaws.com/AWSServiceRoleForAutoScaling",
            "suspended_processes": [
              "AZRebalance"
            ],
            "tag": [
              {
                "key": "Environment",
                "propagate_at_launch": true,
                "value": "blockchain-prod"
              },
              {
                "key": "GithubOrg",
                "propagate_at_launch": true,
                "value": "terraform-aws-modules"
              },
              {
                "key": "GithubRepo",
                "propagate_at_launch": true,
                "value": "terraform-aws-eks"
              },
              {
                "key": "Name",
                "propagate_at_launch": true,
                "value": "blockchain-prod-eks-u9XBVrk6-blockchain-prod-worker-group-2-eks_asg"
              },
              {
                "key": "k8s.io/cluster/blockchain-prod-eks-u9XBVrk6",
                "propagate_at_launch": true,
                "value": "owned"
              },
              {
                "key": "kubernetes.io/cluster/blockchain-prod-eks-u9XBVrk6",
                "propagate_at_launch": true,
                "value": "owned"
              }
            ],
            "tags": null,
            "target_group_arns": null,
            "termination_policies": [],
            "timeouts": null,
            "vpc_zone_identifier": [
              "subnet-03711986fac7795d4",
              "subnet-0b9df6c2e899b4785",
              "subnet-0f421714b762693fe"
            ],
            "wait_for_capacity_timeout": "10m",
            "wait_for_elb_capacity": null,
            "warm_pool": []
          },
          "sensitive_attributes": [],
          "private": "eyJlMmJmYjczMC1lY2FhLTExZTYtOGY4OC0zNDM2M2JjN2M0YzAiOnsiZGVsZXRlIjo2MDAwMDAwMDAwMDB9fQ==",
          "dependencies": [
            "aws_security_group.blockchain_prod_worker_group_mgmt_one",
            "aws_security_group.blockchain_prod_worker_group_mgmt_three",
            "aws_security_group.blockchain_prod_worker_group_mgmt_two",
            "data.aws_availability_zones.available",
            "module.eks.aws_cloudwatch_log_group.this",
            "module.eks.aws_eks_cluster.this",
            "module.eks.aws_iam_instance_profile.workers",
            "module.eks.aws_iam_role.cluster",
            "module.eks.aws_iam_role.workers",
            "module.eks.aws_iam_role_policy_attachment.cluster_AmazonEKSClusterPolicy",
            "module.eks.aws_iam_role_policy_attachment.cluster_AmazonEKSServicePolicy",
            "module.eks.aws_iam_role_policy_attachment.cluster_AmazonEKSVPCResourceControllerPolicy",
            "module.eks.aws_iam_role_policy_attachment.workers_AmazonEC2ContainerRegistryReadOnly",
            "module.eks.aws_iam_role_policy_attachment.workers_AmazonEKSWorkerNodePolicy",
            "module.eks.aws_iam_role_policy_attachment.workers_AmazonEKS_CNI_Policy",
            "module.eks.aws_iam_role_policy_attachment.workers_additional_policies",
            "module.eks.aws_launch_configuration.workers",
            "module.eks.aws_security_group.cluster",
            "module.eks.aws_security_group.workers",
            "module.eks.aws_security_group_rule.cluster_egress_internet",
            "module.eks.aws_security_group_rule.cluster_https_worker_ingress",
            "module.eks.aws_security_group_rule.cluster_primary_ingress_workers",
            "module.eks.aws_security_group_rule.workers_egress_internet",
            "module.eks.aws_security_group_rule.workers_ingress_cluster",
            "module.eks.aws_security_group_rule.workers_ingress_cluster_https",
            "module.eks.aws_security_group_rule.workers_ingress_cluster_kubelet",
            "module.eks.aws_security_group_rule.workers_ingress_cluster_primary",
            "module.eks.aws_security_group_rule.workers_ingress_self",
            "module.eks.data.aws_ami.eks_worker",
            "module.eks.data.aws_ami.eks_worker_windows",
            "module.eks.data.aws_iam_instance_profile.custom_worker_group_iam_instance_profile",
            "module.eks.data.aws_iam_policy_document.cluster_assume_role_policy",
            "module.eks.data.aws_iam_policy_document.workers_assume_role_policy",
            "module.eks.data.aws_iam_role.custom_cluster_iam_role",
            "module.eks.data.aws_partition.current",
            "module.vpc.aws_subnet.private",
            "module.vpc.aws_vpc.this",
            "module.vpc.aws_vpc_ipv4_cidr_block_association.this",
            "random_string.suffix"
          ],
          "create_before_destroy": true
        },
        {
          "index_key": 2,
          "schema_version": 0,
          "attributes": {
            "arn": "arn:aws:autoscaling:us-west-1:103947711118:autoScalingGroup:0e877f6e-632f-4484-9768-0ae04f8739a9:autoScalingGroupName/blockchain-prod-eks-u9XBVrk6-blockchain-prod-worker-group-32021120905473696090000001a",
            "availability_zones": [
              "us-west-1a",
              "us-west-1b"
            ],
            "capacity_rebalance": false,
            "default_cooldown": 300,
            "desired_capacity": 1,
            "enabled_metrics": null,
            "force_delete": false,
            "force_delete_warm_pool": false,
            "health_check_grace_period": 300,
            "health_check_type": "EC2",
            "id": "blockchain-prod-eks-u9XBVrk6-blockchain-prod-worker-group-32021120905473696090000001a",
            "initial_lifecycle_hook": [],
            "instance_refresh": [],
            "launch_configuration": "blockchain-prod-eks-u9XBVrk6-blockchain-prod-worker-group-320211209054727469000000017",
            "launch_template": [],
            "load_balancers": null,
            "max_instance_lifetime": 0,
            "max_size": 3,
            "metrics_granularity": "1Minute",
            "min_elb_capacity": null,
            "min_size": 1,
            "mixed_instances_policy": [],
            "name": "blockchain-prod-eks-u9XBVrk6-blockchain-prod-worker-group-32021120905473696090000001a",
            "name_prefix": "blockchain-prod-eks-u9XBVrk6-blockchain-prod-worker-group-3",
            "placement_group": "",
            "protect_from_scale_in": false,
            "service_linked_role_arn": "arn:aws:iam::103947711118:role/aws-service-role/autoscaling.amazonaws.com/AWSServiceRoleForAutoScaling",
            "suspended_processes": [
              "AZRebalance"
            ],
            "tag": [
              {
                "key": "Environment",
                "propagate_at_launch": true,
                "value": "blockchain-prod"
              },
              {
                "key": "GithubOrg",
                "propagate_at_launch": true,
                "value": "terraform-aws-modules"
              },
              {
                "key": "GithubRepo",
                "propagate_at_launch": true,
                "value": "terraform-aws-eks"
              },
              {
                "key": "Name",
                "propagate_at_launch": true,
                "value": "blockchain-prod-eks-u9XBVrk6-blockchain-prod-worker-group-3-eks_asg"
              },
              {
                "key": "k8s.io/cluster/blockchain-prod-eks-u9XBVrk6",
                "propagate_at_launch": true,
                "value": "owned"
              },
              {
                "key": "kubernetes.io/cluster/blockchain-prod-eks-u9XBVrk6",
                "propagate_at_launch": true,
                "value": "owned"
              }
            ],
            "tags": null,
            "target_group_arns": null,
            "termination_policies": [],
            "timeouts": null,
            "vpc_zone_identifier": [
              "subnet-03711986fac7795d4",
              "subnet-0b9df6c2e899b4785",
              "subnet-0f421714b762693fe"
            ],
            "wait_for_capacity_timeout": "10m",
            "wait_for_elb_capacity": null,
            "warm_pool": []
          },
          "sensitive_attributes": [],
          "private": "eyJlMmJmYjczMC1lY2FhLTExZTYtOGY4OC0zNDM2M2JjN2M0YzAiOnsiZGVsZXRlIjo2MDAwMDAwMDAwMDB9fQ==",
          "dependencies": [
            "aws_security_group.blockchain_prod_worker_group_mgmt_one",
            "aws_security_group.blockchain_prod_worker_group_mgmt_three",
            "aws_security_group.blockchain_prod_worker_group_mgmt_two",
            "data.aws_availability_zones.available",
            "module.eks.aws_cloudwatch_log_group.this",
            "module.eks.aws_eks_cluster.this",
            "module.eks.aws_iam_instance_profile.workers",
            "module.eks.aws_iam_role.cluster",
            "module.eks.aws_iam_role.workers",
            "module.eks.aws_iam_role_policy_attachment.cluster_AmazonEKSClusterPolicy",
            "module.eks.aws_iam_role_policy_attachment.cluster_AmazonEKSServicePolicy",
            "module.eks.aws_iam_role_policy_attachment.cluster_AmazonEKSVPCResourceControllerPolicy",
            "module.eks.aws_iam_role_policy_attachment.workers_AmazonEC2ContainerRegistryReadOnly",
            "module.eks.aws_iam_role_policy_attachment.workers_AmazonEKSWorkerNodePolicy",
            "module.eks.aws_iam_role_policy_attachment.workers_AmazonEKS_CNI_Policy",
            "module.eks.aws_iam_role_policy_attachment.workers_additional_policies",
            "module.eks.aws_launch_configuration.workers",
            "module.eks.aws_security_group.cluster",
            "module.eks.aws_security_group.workers",
            "module.eks.aws_security_group_rule.cluster_egress_internet",
            "module.eks.aws_security_group_rule.cluster_https_worker_ingress",
            "module.eks.aws_security_group_rule.cluster_primary_ingress_workers",
            "module.eks.aws_security_group_rule.workers_egress_internet",
            "module.eks.aws_security_group_rule.workers_ingress_cluster",
            "module.eks.aws_security_group_rule.workers_ingress_cluster_https",
            "module.eks.aws_security_group_rule.workers_ingress_cluster_kubelet",
            "module.eks.aws_security_group_rule.workers_ingress_cluster_primary",
            "module.eks.aws_security_group_rule.workers_ingress_self",
            "module.eks.data.aws_ami.eks_worker",
            "module.eks.data.aws_ami.eks_worker_windows",
            "module.eks.data.aws_iam_instance_profile.custom_worker_group_iam_instance_profile",
            "module.eks.data.aws_iam_policy_document.cluster_assume_role_policy",
            "module.eks.data.aws_iam_policy_document.workers_assume_role_policy",
            "module.eks.data.aws_iam_role.custom_cluster_iam_role",
            "module.eks.data.aws_partition.current",
            "module.vpc.aws_subnet.private",
            "module.vpc.aws_vpc.this",
            "module.vpc.aws_vpc_ipv4_cidr_block_association.this",
            "random_string.suffix"
          ],
          "create_before_destroy": true
        }
      ]
    },
    {
      "module": "module.eks",
      "mode": "managed",
      "type": "aws_eks_cluster",
      "name": "this",
      "provider": "provider[\"registry.terraform.io/hashicorp/aws\"]",
      "instances": [
        {
          "index_key": 0,
          "schema_version": 0,
          "attributes": {
            "arn": "arn:aws:eks:us-west-1:103947711118:cluster/blockchain-prod-eks-u9XBVrk6",
            "certificate_authority": [
              {
                "data": "LS0tLS1CRUdJTiBDRVJUSUZJQ0FURS0tLS0tCk1JSUM1ekNDQWMrZ0F3SUJBZ0lCQURBTkJna3Foa2lHOXcwQkFRc0ZBREFWTVJNd0VRWURWUVFERXdwcmRXSmwKY201bGRHVnpNQjRYRFRJeE1USXdPVEExTkRNek0xb1hEVE14TVRJd056QTFORE16TTFvd0ZURVRNQkVHQTFVRQpBeE1LYTNWaVpYSnVaWFJsY3pDQ0FTSXdEUVlKS29aSWh2Y05BUUVCQlFBRGdnRVBBRENDQVFvQ2dnRUJBSm5qCkdGMGRTdE9mb010d1MxcnB1bUdBRWlXcTNJeGFSYjVlNWtLUUV5a3hIcG41c2wyZ1FPNU85cnkxS1lZRmNDb20KNFRLYmZYNFV5L0JiU0o0RU42SUlWakNOZ2szN0ZNbVVhOW9WQWFQUmdwNEVEYTdDRVJLanhvMzlKNUlXcHVJbwpjbEkwSHdoSERGZ0daaTIyZXo0ck80WmphYUZmU3VnTzVpbys0d2Y4SG1LQ0haNUE1WkhKZUJIaWQ0bjVjelFwCklSUE1rOHZHR3ZQb3EwT3ByREdhRDFlUGJzajJKN3lVMUhmK2NyK1hlTm1Fb2wrVk4zY0dBTElwSCtCVjc2Q1UKRktqQTkxVUthd3NhRFZYTHNhSGdwdmtmWnNWNDg2aU03NVcwemJDaVN1UVRXeXhRVVduVS9RNzdzMVR6Yml5VworYXg5RmdhNS9OcFVCcTREK1cwQ0F3RUFBYU5DTUVBd0RnWURWUjBQQVFIL0JBUURBZ0trTUE4R0ExVWRFd0VCCi93UUZNQU1CQWY4d0hRWURWUjBPQkJZRUZPTjc2RVp5SmpDR0UyOXlMT1Q2S05pMDNzQnBNQTBHQ1NxR1NJYjMKRFFFQkN3VUFBNElCQVFCZGpISUI5amp3VGozVXJiT0NFRmo0SnBKdjIrcHJPVjhhdkZteExNRkhOWUd5cnBqUQpmNVB5by9NWUpzc2lENks5Uk1nd2xqSXRxdXVQQmsrNFVsL1VVV0sxbnIrR3RkQzZkS0gra3lpcEw0bjJ0aWlxCmpRdXJOUUFOZ29SbjltNUVDTGFkbjRWT0svYURDbmQvak9yQlU3ZkZpT0RtUEhuYzQyY3dNTkdSUTVDYVdpcHAKRlE3Uy9iMFBCMExrWVFaT21nS2w5VXdCc3FZN0pTb3pCUkpjcmgxNFRNSUh2T2JTNWtnYTBBcmRtOUxueHJ5VApNOUJ5WXZlamV5ZmduaHhueHd4R2Vhb0VaejE1SXRlcUwrSDhOdHdJYVErcVYrUGxrK25qRXZ1SmtKNEVoQ0xiCjQvTmZ4NitXcEwxNng5SURYdXZEM3E0V1BqRG9wTHBUcVlrbwotLS0tLUVORCBDRVJUSUZJQ0FURS0tLS0tCg=="
              }
            ],
            "created_at": "2021-12-09 05:37:35.907 +0000 UTC",
            "enabled_cluster_log_types": null,
            "encryption_config": [],
            "endpoint": "https://1AE6C2B714420C28DBB25076B4B231EB.yl4.us-west-1.eks.amazonaws.com",
            "id": "blockchain-prod-eks-u9XBVrk6",
            "identity": [
              {
                "oidc": [
                  {
                    "issuer": "https://oidc.eks.us-west-1.amazonaws.com/id/1AE6C2B714420C28DBB25076B4B231EB"
                  }
                ]
              }
            ],
            "kubernetes_network_config": [
              {
                "service_ipv4_cidr": "172.20.0.0/16"
              }
            ],
            "name": "blockchain-prod-eks-u9XBVrk6",
            "platform_version": "eks.3",
            "role_arn": "arn:aws:iam::103947711118:role/blockchain-prod-eks-u9XBVrk620211209053644990600000001",
            "status": "ACTIVE",
            "tags": {
              "Environment": "blockchain-prod",
              "GithubOrg": "terraform-aws-modules",
              "GithubRepo": "terraform-aws-eks"
            },
            "tags_all": {
              "Environment": "blockchain-prod",
              "GithubOrg": "terraform-aws-modules",
              "GithubRepo": "terraform-aws-eks"
            },
            "timeouts": {
              "create": "30m",
              "delete": "15m",
              "update": "60m"
            },
            "version": "1.21",
            "vpc_config": [
              {
                "cluster_security_group_id": "sg-057e5175c5a0664b3",
                "endpoint_private_access": false,
                "endpoint_public_access": true,
                "public_access_cidrs": [
                  "0.0.0.0/0"
                ],
                "security_group_ids": [
                  "sg-0e01f36e02143d21e"
                ],
                "subnet_ids": [
                  "subnet-03711986fac7795d4",
                  "subnet-0b9df6c2e899b4785",
                  "subnet-0f421714b762693fe"
                ],
                "vpc_id": "vpc-0a00e571851180b5c"
              }
            ]
          },
          "sensitive_attributes": [],
          "private": "eyJlMmJmYjczMC1lY2FhLTExZTYtOGY4OC0zNDM2M2JjN2M0YzAiOnsiY3JlYXRlIjoxODAwMDAwMDAwMDAwLCJkZWxldGUiOjkwMDAwMDAwMDAwMCwidXBkYXRlIjozNjAwMDAwMDAwMDAwfX0=",
          "dependencies": [
            "data.aws_availability_zones.available",
            "module.eks.aws_cloudwatch_log_group.this",
            "module.eks.aws_iam_role.cluster",
            "module.eks.aws_iam_role_policy_attachment.cluster_AmazonEKSClusterPolicy",
            "module.eks.aws_iam_role_policy_attachment.cluster_AmazonEKSServicePolicy",
            "module.eks.aws_iam_role_policy_attachment.cluster_AmazonEKSVPCResourceControllerPolicy",
            "module.eks.aws_security_group.cluster",
            "module.eks.aws_security_group.workers",
            "module.eks.aws_security_group_rule.cluster_egress_internet",
            "module.eks.aws_security_group_rule.cluster_https_worker_ingress",
            "module.eks.data.aws_iam_policy_document.cluster_assume_role_policy",
            "module.eks.data.aws_iam_role.custom_cluster_iam_role",
            "module.eks.data.aws_partition.current",
            "module.vpc.aws_subnet.private",
            "module.vpc.aws_vpc.this",
            "module.vpc.aws_vpc_ipv4_cidr_block_association.this",
            "random_string.suffix"
          ],
          "create_before_destroy": true
        }
      ]
    },
    {
      "module": "module.eks",
      "mode": "managed",
      "type": "aws_iam_instance_profile",
      "name": "workers",
      "provider": "provider[\"registry.terraform.io/hashicorp/aws\"]",
      "instances": [
        {
          "index_key": 0,
          "schema_version": 0,
          "attributes": {
            "arn": "arn:aws:iam::103947711118:instance-profile/blockchain-prod-eks-u9XBVrk620211209054723379700000012",
            "create_date": "2021-12-09T05:47:24Z",
            "id": "blockchain-prod-eks-u9XBVrk620211209054723379700000012",
            "name": "blockchain-prod-eks-u9XBVrk620211209054723379700000012",
            "name_prefix": "blockchain-prod-eks-u9XBVrk6",
            "path": "/",
            "role": "blockchain-prod-eks-u9XBVrk62021120905471928920000000f",
            "tags": {
              "Environment": "blockchain-prod",
              "GithubOrg": "terraform-aws-modules",
              "GithubRepo": "terraform-aws-eks"
            },
            "tags_all": {
              "Environment": "blockchain-prod",
              "GithubOrg": "terraform-aws-modules",
              "GithubRepo": "terraform-aws-eks"
            },
            "unique_id": "AIPARQM6EGKHJAWZLEHEA"
          },
          "sensitive_attributes": [],
          "private": "bnVsbA==",
          "dependencies": [
            "aws_security_group.blockchain_prod_worker_group_mgmt_one",
            "aws_security_group.blockchain_prod_worker_group_mgmt_three",
            "aws_security_group.blockchain_prod_worker_group_mgmt_two",
            "data.aws_availability_zones.available",
            "module.eks.aws_cloudwatch_log_group.this",
            "module.eks.aws_eks_cluster.this",
            "module.eks.aws_iam_role.cluster",
            "module.eks.aws_iam_role.workers",
            "module.eks.aws_iam_role_policy_attachment.cluster_AmazonEKSClusterPolicy",
            "module.eks.aws_iam_role_policy_attachment.cluster_AmazonEKSServicePolicy",
            "module.eks.aws_iam_role_policy_attachment.cluster_AmazonEKSVPCResourceControllerPolicy",
            "module.eks.aws_security_group.cluster",
            "module.eks.aws_security_group.workers",
            "module.eks.aws_security_group_rule.cluster_egress_internet",
            "module.eks.aws_security_group_rule.cluster_https_worker_ingress",
            "module.eks.data.aws_iam_policy_document.cluster_assume_role_policy",
            "module.eks.data.aws_iam_policy_document.workers_assume_role_policy",
            "module.eks.data.aws_iam_role.custom_cluster_iam_role",
            "module.eks.data.aws_partition.current",
            "module.vpc.aws_subnet.private",
            "module.vpc.aws_vpc.this",
            "module.vpc.aws_vpc_ipv4_cidr_block_association.this",
            "random_string.suffix"
          ],
          "create_before_destroy": true
        },
        {
          "index_key": 1,
          "schema_version": 0,
          "attributes": {
            "arn": "arn:aws:iam::103947711118:instance-profile/blockchain-prod-eks-u9XBVrk620211209054723379500000011",
            "create_date": "2021-12-09T05:47:24Z",
            "id": "blockchain-prod-eks-u9XBVrk620211209054723379500000011",
            "name": "blockchain-prod-eks-u9XBVrk620211209054723379500000011",
            "name_prefix": "blockchain-prod-eks-u9XBVrk6",
            "path": "/",
            "role": "blockchain-prod-eks-u9XBVrk62021120905471928920000000f",
            "tags": {
              "Environment": "blockchain-prod",
              "GithubOrg": "terraform-aws-modules",
              "GithubRepo": "terraform-aws-eks"
            },
            "tags_all": {
              "Environment": "blockchain-prod",
              "GithubOrg": "terraform-aws-modules",
              "GithubRepo": "terraform-aws-eks"
            },
            "unique_id": "AIPARQM6EGKHIXCLL6IY7"
          },
          "sensitive_attributes": [],
          "private": "bnVsbA==",
          "dependencies": [
            "aws_security_group.blockchain_prod_worker_group_mgmt_one",
            "aws_security_group.blockchain_prod_worker_group_mgmt_three",
            "aws_security_group.blockchain_prod_worker_group_mgmt_two",
            "data.aws_availability_zones.available",
            "module.eks.aws_cloudwatch_log_group.this",
            "module.eks.aws_eks_cluster.this",
            "module.eks.aws_iam_role.cluster",
            "module.eks.aws_iam_role.workers",
            "module.eks.aws_iam_role_policy_attachment.cluster_AmazonEKSClusterPolicy",
            "module.eks.aws_iam_role_policy_attachment.cluster_AmazonEKSServicePolicy",
            "module.eks.aws_iam_role_policy_attachment.cluster_AmazonEKSVPCResourceControllerPolicy",
            "module.eks.aws_security_group.cluster",
            "module.eks.aws_security_group.workers",
            "module.eks.aws_security_group_rule.cluster_egress_internet",
            "module.eks.aws_security_group_rule.cluster_https_worker_ingress",
            "module.eks.data.aws_iam_policy_document.cluster_assume_role_policy",
            "module.eks.data.aws_iam_policy_document.workers_assume_role_policy",
            "module.eks.data.aws_iam_role.custom_cluster_iam_role",
            "module.eks.data.aws_partition.current",
            "module.vpc.aws_subnet.private",
            "module.vpc.aws_vpc.this",
            "module.vpc.aws_vpc_ipv4_cidr_block_association.this",
            "random_string.suffix"
          ],
          "create_before_destroy": true
        },
        {
          "index_key": 2,
          "schema_version": 0,
          "attributes": {
            "arn": "arn:aws:iam::103947711118:instance-profile/blockchain-prod-eks-u9XBVrk620211209054723377500000010",
            "create_date": "2021-12-09T05:47:24Z",
            "id": "blockchain-prod-eks-u9XBVrk620211209054723377500000010",
            "name": "blockchain-prod-eks-u9XBVrk620211209054723377500000010",
            "name_prefix": "blockchain-prod-eks-u9XBVrk6",
            "path": "/",
            "role": "blockchain-prod-eks-u9XBVrk62021120905471928920000000f",
            "tags": {
              "Environment": "blockchain-prod",
              "GithubOrg": "terraform-aws-modules",
              "GithubRepo": "terraform-aws-eks"
            },
            "tags_all": {
              "Environment": "blockchain-prod",
              "GithubOrg": "terraform-aws-modules",
              "GithubRepo": "terraform-aws-eks"
            },
            "unique_id": "AIPARQM6EGKHHTXHZUASQ"
          },
          "sensitive_attributes": [],
          "private": "bnVsbA==",
          "dependencies": [
            "aws_security_group.blockchain_prod_worker_group_mgmt_one",
            "aws_security_group.blockchain_prod_worker_group_mgmt_three",
            "aws_security_group.blockchain_prod_worker_group_mgmt_two",
            "data.aws_availability_zones.available",
            "module.eks.aws_cloudwatch_log_group.this",
            "module.eks.aws_eks_cluster.this",
            "module.eks.aws_iam_role.cluster",
            "module.eks.aws_iam_role.workers",
            "module.eks.aws_iam_role_policy_attachment.cluster_AmazonEKSClusterPolicy",
            "module.eks.aws_iam_role_policy_attachment.cluster_AmazonEKSServicePolicy",
            "module.eks.aws_iam_role_policy_attachment.cluster_AmazonEKSVPCResourceControllerPolicy",
            "module.eks.aws_security_group.cluster",
            "module.eks.aws_security_group.workers",
            "module.eks.aws_security_group_rule.cluster_egress_internet",
            "module.eks.aws_security_group_rule.cluster_https_worker_ingress",
            "module.eks.data.aws_iam_policy_document.cluster_assume_role_policy",
            "module.eks.data.aws_iam_policy_document.workers_assume_role_policy",
            "module.eks.data.aws_iam_role.custom_cluster_iam_role",
            "module.eks.data.aws_partition.current",
            "module.vpc.aws_subnet.private",
            "module.vpc.aws_vpc.this",
            "module.vpc.aws_vpc_ipv4_cidr_block_association.this",
            "random_string.suffix"
          ],
          "create_before_destroy": true
        }
      ]
    },
    {
      "module": "module.eks",
      "mode": "managed",
      "type": "aws_iam_policy",
      "name": "cluster_deny_log_group",
      "provider": "provider[\"registry.terraform.io/hashicorp/aws\"]",
      "instances": [
        {
          "index_key": 0,
          "schema_version": 0,
          "attributes": {
            "arn": "arn:aws:iam::103947711118:policy/blockchain-prod-eks-u9XBVrk6-deny-log-group20211209053645010700000002",
            "description": "Deny CreateLogGroup",
            "id": "arn:aws:iam::103947711118:policy/blockchain-prod-eks-u9XBVrk6-deny-log-group20211209053645010700000002",
            "name": "blockchain-prod-eks-u9XBVrk6-deny-log-group20211209053645010700000002",
            "name_prefix": "blockchain-prod-eks-u9XBVrk6-deny-log-group",
            "path": "/",
            "policy": "{\n  \"Version\": \"2012-10-17\",\n  \"Statement\": [\n    {\n      \"Sid\": \"\",\n      \"Effect\": \"Deny\",\n      \"Action\": \"logs:CreateLogGroup\",\n      \"Resource\": \"*\"\n    }\n  ]\n}",
            "policy_id": "ANPARQM6EGKHHNJXDR2VD",
            "tags": {
              "Environment": "blockchain-prod",
              "GithubOrg": "terraform-aws-modules",
              "GithubRepo": "terraform-aws-eks"
            },
            "tags_all": {
              "Environment": "blockchain-prod",
              "GithubOrg": "terraform-aws-modules",
              "GithubRepo": "terraform-aws-eks"
            }
          },
          "sensitive_attributes": [],
          "private": "bnVsbA==",
          "dependencies": [
            "module.eks.data.aws_iam_policy_document.cluster_deny_log_group",
            "random_string.suffix"
          ]
        }
      ]
    },
    {
      "module": "module.eks",
      "mode": "managed",
      "type": "aws_iam_policy",
      "name": "cluster_elb_sl_role_creation",
      "provider": "provider[\"registry.terraform.io/hashicorp/aws\"]",
      "instances": [
        {
          "index_key": 0,
          "schema_version": 0,
          "attributes": {
            "arn": "arn:aws:iam::103947711118:policy/blockchain-prod-eks-u9XBVrk6-elb-sl-role-creation20211209053645019300000003",
            "description": "Permissions for EKS to create AWSServiceRoleForElasticLoadBalancing service-linked role",
            "id": "arn:aws:iam::103947711118:policy/blockchain-prod-eks-u9XBVrk6-elb-sl-role-creation20211209053645019300000003",
            "name": "blockchain-prod-eks-u9XBVrk6-elb-sl-role-creation20211209053645019300000003",
            "name_prefix": "blockchain-prod-eks-u9XBVrk6-elb-sl-role-creation",
            "path": "/",
            "policy": "{\n  \"Version\": \"2012-10-17\",\n  \"Statement\": [\n    {\n      \"Sid\": \"\",\n      \"Effect\": \"Allow\",\n      \"Action\": [\n        \"ec2:DescribeInternetGateways\",\n        \"ec2:DescribeAddresses\",\n        \"ec2:DescribeAccountAttributes\"\n      ],\n      \"Resource\": \"*\"\n    }\n  ]\n}",
            "policy_id": "ANPARQM6EGKHOO4QJ3FQI",
            "tags": {
              "Environment": "blockchain-prod",
              "GithubOrg": "terraform-aws-modules",
              "GithubRepo": "terraform-aws-eks"
            },
            "tags_all": {
              "Environment": "blockchain-prod",
              "GithubOrg": "terraform-aws-modules",
              "GithubRepo": "terraform-aws-eks"
            }
          },
          "sensitive_attributes": [],
          "private": "bnVsbA==",
          "dependencies": [
            "module.eks.data.aws_iam_policy_document.cluster_elb_sl_role_creation",
            "random_string.suffix"
          ]
        }
      ]
    },
    {
      "module": "module.eks",
      "mode": "managed",
      "type": "aws_iam_role",
      "name": "cluster",
      "provider": "provider[\"registry.terraform.io/hashicorp/aws\"]",
      "instances": [
        {
          "index_key": 0,
          "schema_version": 0,
          "attributes": {
            "arn": "arn:aws:iam::103947711118:role/blockchain-prod-eks-u9XBVrk620211209053644990600000001",
            "assume_role_policy": "{\"Version\":\"2012-10-17\",\"Statement\":[{\"Sid\":\"EKSClusterAssumeRole\",\"Effect\":\"Allow\",\"Principal\":{\"Service\":\"eks.amazonaws.com\"},\"Action\":\"sts:AssumeRole\"}]}",
            "create_date": "2021-12-09T05:36:46Z",
            "description": "",
            "force_detach_policies": true,
            "id": "blockchain-prod-eks-u9XBVrk620211209053644990600000001",
            "inline_policy": [
              {
                "name": "",
                "policy": ""
              }
            ],
            "managed_policy_arns": [],
            "max_session_duration": 3600,
            "name": "blockchain-prod-eks-u9XBVrk620211209053644990600000001",
            "name_prefix": "blockchain-prod-eks-u9XBVrk6",
            "path": "/",
            "permissions_boundary": null,
            "tags": {
              "Environment": "blockchain-prod",
              "GithubOrg": "terraform-aws-modules",
              "GithubRepo": "terraform-aws-eks"
            },
            "tags_all": {
              "Environment": "blockchain-prod",
              "GithubOrg": "terraform-aws-modules",
              "GithubRepo": "terraform-aws-eks"
            },
            "unique_id": "AROARQM6EGKHF4E23HSLH"
          },
          "sensitive_attributes": [],
          "private": "bnVsbA==",
          "dependencies": [
            "module.eks.data.aws_iam_policy_document.cluster_assume_role_policy",
            "random_string.suffix"
          ],
          "create_before_destroy": true
        }
      ]
    },
    {
      "module": "module.eks",
      "mode": "managed",
      "type": "aws_iam_role",
      "name": "workers",
      "provider": "provider[\"registry.terraform.io/hashicorp/aws\"]",
      "instances": [
        {
          "index_key": 0,
          "schema_version": 0,
          "attributes": {
            "arn": "arn:aws:iam::103947711118:role/blockchain-prod-eks-u9XBVrk62021120905471928920000000f",
            "assume_role_policy": "{\"Version\":\"2012-10-17\",\"Statement\":[{\"Sid\":\"EKSWorkerAssumeRole\",\"Effect\":\"Allow\",\"Principal\":{\"Service\":\"ec2.amazonaws.com\"},\"Action\":\"sts:AssumeRole\"}]}",
            "create_date": "2021-12-09T05:47:20Z",
            "description": "",
            "force_detach_policies": true,
            "id": "blockchain-prod-eks-u9XBVrk62021120905471928920000000f",
            "inline_policy": [
              {
                "name": "",
                "policy": ""
              }
            ],
            "managed_policy_arns": [],
            "max_session_duration": 3600,
            "name": "blockchain-prod-eks-u9XBVrk62021120905471928920000000f",
            "name_prefix": "blockchain-prod-eks-u9XBVrk6",
            "path": "/",
            "permissions_boundary": null,
            "tags": {
              "Environment": "blockchain-prod",
              "GithubOrg": "terraform-aws-modules",
              "GithubRepo": "terraform-aws-eks"
            },
            "tags_all": {
              "Environment": "blockchain-prod",
              "GithubOrg": "terraform-aws-modules",
              "GithubRepo": "terraform-aws-eks"
            },
            "unique_id": "AROARQM6EGKHCAOY265HT"
          },
          "sensitive_attributes": [],
          "private": "bnVsbA==",
          "dependencies": [
            "data.aws_availability_zones.available",
            "module.eks.aws_cloudwatch_log_group.this",
            "module.eks.aws_eks_cluster.this",
            "module.eks.aws_iam_role.cluster",
            "module.eks.aws_iam_role_policy_attachment.cluster_AmazonEKSClusterPolicy",
            "module.eks.aws_iam_role_policy_attachment.cluster_AmazonEKSServicePolicy",
            "module.eks.aws_iam_role_policy_attachment.cluster_AmazonEKSVPCResourceControllerPolicy",
            "module.eks.aws_security_group.cluster",
            "module.eks.aws_security_group.workers",
            "module.eks.aws_security_group_rule.cluster_egress_internet",
            "module.eks.aws_security_group_rule.cluster_https_worker_ingress",
            "module.eks.data.aws_iam_policy_document.cluster_assume_role_policy",
            "module.eks.data.aws_iam_policy_document.workers_assume_role_policy",
            "module.eks.data.aws_iam_role.custom_cluster_iam_role",
            "module.eks.data.aws_partition.current",
            "module.vpc.aws_subnet.private",
            "module.vpc.aws_vpc.this",
            "module.vpc.aws_vpc_ipv4_cidr_block_association.this",
            "random_string.suffix"
          ],
          "create_before_destroy": true
        }
      ]
    },
    {
      "module": "module.eks",
      "mode": "managed",
      "type": "aws_iam_role_policy_attachment",
      "name": "cluster_AmazonEKSClusterPolicy",
      "provider": "provider[\"registry.terraform.io/hashicorp/aws\"]",
      "instances": [
        {
          "index_key": 0,
          "schema_version": 0,
          "attributes": {
            "id": "blockchain-prod-eks-u9XBVrk620211209053644990600000001-20211209053650224900000004",
            "policy_arn": "arn:aws:iam::aws:policy/AmazonEKSClusterPolicy",
            "role": "blockchain-prod-eks-u9XBVrk620211209053644990600000001"
          },
          "sensitive_attributes": [],
          "private": "bnVsbA==",
          "dependencies": [
            "module.eks.aws_iam_role.cluster",
            "module.eks.data.aws_iam_policy_document.cluster_assume_role_policy",
            "module.eks.data.aws_partition.current",
            "random_string.suffix"
          ],
          "create_before_destroy": true
        }
      ]
    },
    {
      "module": "module.eks",
      "mode": "managed",
      "type": "aws_iam_role_policy_attachment",
      "name": "cluster_AmazonEKSServicePolicy",
      "provider": "provider[\"registry.terraform.io/hashicorp/aws\"]",
      "instances": [
        {
          "index_key": 0,
          "schema_version": 0,
          "attributes": {
            "id": "blockchain-prod-eks-u9XBVrk620211209053644990600000001-20211209053650231400000006",
            "policy_arn": "arn:aws:iam::aws:policy/AmazonEKSServicePolicy",
            "role": "blockchain-prod-eks-u9XBVrk620211209053644990600000001"
          },
          "sensitive_attributes": [],
          "private": "bnVsbA==",
          "dependencies": [
            "module.eks.aws_iam_role.cluster",
            "module.eks.data.aws_iam_policy_document.cluster_assume_role_policy",
            "module.eks.data.aws_partition.current",
            "random_string.suffix"
          ],
          "create_before_destroy": true
        }
      ]
    },
    {
      "module": "module.eks",
      "mode": "managed",
      "type": "aws_iam_role_policy_attachment",
      "name": "cluster_AmazonEKSVPCResourceControllerPolicy",
      "provider": "provider[\"registry.terraform.io/hashicorp/aws\"]",
      "instances": [
        {
          "index_key": 0,
          "schema_version": 0,
          "attributes": {
            "id": "blockchain-prod-eks-u9XBVrk620211209053644990600000001-20211209053650268400000008",
            "policy_arn": "arn:aws:iam::aws:policy/AmazonEKSVPCResourceController",
            "role": "blockchain-prod-eks-u9XBVrk620211209053644990600000001"
          },
          "sensitive_attributes": [],
          "private": "bnVsbA==",
          "dependencies": [
            "module.eks.aws_iam_role.cluster",
            "module.eks.data.aws_iam_policy_document.cluster_assume_role_policy",
            "module.eks.data.aws_partition.current",
            "random_string.suffix"
          ],
          "create_before_destroy": true
        }
      ]
    },
    {
      "module": "module.eks",
      "mode": "managed",
      "type": "aws_iam_role_policy_attachment",
      "name": "cluster_deny_log_group",
      "provider": "provider[\"registry.terraform.io/hashicorp/aws\"]",
      "instances": [
        {
          "index_key": 0,
          "schema_version": 0,
          "attributes": {
            "id": "blockchain-prod-eks-u9XBVrk620211209053644990600000001-20211209053650231200000005",
            "policy_arn": "arn:aws:iam::103947711118:policy/blockchain-prod-eks-u9XBVrk6-deny-log-group20211209053645010700000002",
            "role": "blockchain-prod-eks-u9XBVrk620211209053644990600000001"
          },
          "sensitive_attributes": [],
          "private": "bnVsbA==",
          "dependencies": [
            "module.eks.aws_iam_policy.cluster_deny_log_group",
            "module.eks.aws_iam_role.cluster",
            "module.eks.data.aws_iam_policy_document.cluster_assume_role_policy",
            "module.eks.data.aws_iam_policy_document.cluster_deny_log_group",
            "random_string.suffix"
          ]
        }
      ]
    },
    {
      "module": "module.eks",
      "mode": "managed",
      "type": "aws_iam_role_policy_attachment",
      "name": "cluster_elb_sl_role_creation",
      "provider": "provider[\"registry.terraform.io/hashicorp/aws\"]",
      "instances": [
        {
          "index_key": 0,
          "schema_version": 0,
          "attributes": {
            "id": "blockchain-prod-eks-u9XBVrk620211209053644990600000001-20211209053650254500000007",
            "policy_arn": "arn:aws:iam::103947711118:policy/blockchain-prod-eks-u9XBVrk6-elb-sl-role-creation20211209053645019300000003",
            "role": "blockchain-prod-eks-u9XBVrk620211209053644990600000001"
          },
          "sensitive_attributes": [],
          "private": "bnVsbA==",
          "dependencies": [
            "module.eks.aws_iam_policy.cluster_elb_sl_role_creation",
            "module.eks.aws_iam_role.cluster",
            "module.eks.data.aws_iam_policy_document.cluster_assume_role_policy",
            "module.eks.data.aws_iam_policy_document.cluster_elb_sl_role_creation",
            "random_string.suffix"
          ]
        }
      ]
    },
    {
      "module": "module.eks",
      "mode": "managed",
      "type": "aws_iam_role_policy_attachment",
      "name": "workers_AmazonEC2ContainerRegistryReadOnly",
      "provider": "provider[\"registry.terraform.io/hashicorp/aws\"]",
      "instances": [
        {
          "index_key": 0,
          "schema_version": 0,
          "attributes": {
            "id": "blockchain-prod-eks-u9XBVrk62021120905471928920000000f-20211209054724405600000014",
            "policy_arn": "arn:aws:iam::aws:policy/AmazonEC2ContainerRegistryReadOnly",
            "role": "blockchain-prod-eks-u9XBVrk62021120905471928920000000f"
          },
          "sensitive_attributes": [],
          "private": "bnVsbA==",
          "dependencies": [
            "data.aws_availability_zones.available",
            "module.eks.aws_cloudwatch_log_group.this",
            "module.eks.aws_eks_cluster.this",
            "module.eks.aws_iam_role.cluster",
            "module.eks.aws_iam_role.workers",
            "module.eks.aws_iam_role_policy_attachment.cluster_AmazonEKSClusterPolicy",
            "module.eks.aws_iam_role_policy_attachment.cluster_AmazonEKSServicePolicy",
            "module.eks.aws_iam_role_policy_attachment.cluster_AmazonEKSVPCResourceControllerPolicy",
            "module.eks.aws_security_group.cluster",
            "module.eks.aws_security_group.workers",
            "module.eks.aws_security_group_rule.cluster_egress_internet",
            "module.eks.aws_security_group_rule.cluster_https_worker_ingress",
            "module.eks.data.aws_iam_policy_document.cluster_assume_role_policy",
            "module.eks.data.aws_iam_policy_document.workers_assume_role_policy",
            "module.eks.data.aws_iam_role.custom_cluster_iam_role",
            "module.eks.data.aws_partition.current",
            "module.vpc.aws_subnet.private",
            "module.vpc.aws_vpc.this",
            "module.vpc.aws_vpc_ipv4_cidr_block_association.this",
            "random_string.suffix"
          ],
          "create_before_destroy": true
        }
      ]
    },
    {
      "module": "module.eks",
      "mode": "managed",
      "type": "aws_iam_role_policy_attachment",
      "name": "workers_AmazonEKSWorkerNodePolicy",
      "provider": "provider[\"registry.terraform.io/hashicorp/aws\"]",
      "instances": [
        {
          "index_key": 0,
          "schema_version": 0,
          "attributes": {
            "id": "blockchain-prod-eks-u9XBVrk62021120905471928920000000f-20211209054724425900000015",
            "policy_arn": "arn:aws:iam::aws:policy/AmazonEKSWorkerNodePolicy",
            "role": "blockchain-prod-eks-u9XBVrk62021120905471928920000000f"
          },
          "sensitive_attributes": [],
          "private": "bnVsbA==",
          "dependencies": [
            "data.aws_availability_zones.available",
            "module.eks.aws_cloudwatch_log_group.this",
            "module.eks.aws_eks_cluster.this",
            "module.eks.aws_iam_role.cluster",
            "module.eks.aws_iam_role.workers",
            "module.eks.aws_iam_role_policy_attachment.cluster_AmazonEKSClusterPolicy",
            "module.eks.aws_iam_role_policy_attachment.cluster_AmazonEKSServicePolicy",
            "module.eks.aws_iam_role_policy_attachment.cluster_AmazonEKSVPCResourceControllerPolicy",
            "module.eks.aws_security_group.cluster",
            "module.eks.aws_security_group.workers",
            "module.eks.aws_security_group_rule.cluster_egress_internet",
            "module.eks.aws_security_group_rule.cluster_https_worker_ingress",
            "module.eks.data.aws_iam_policy_document.cluster_assume_role_policy",
            "module.eks.data.aws_iam_policy_document.workers_assume_role_policy",
            "module.eks.data.aws_iam_role.custom_cluster_iam_role",
            "module.eks.data.aws_partition.current",
            "module.vpc.aws_subnet.private",
            "module.vpc.aws_vpc.this",
            "module.vpc.aws_vpc_ipv4_cidr_block_association.this",
            "random_string.suffix"
          ],
          "create_before_destroy": true
        }
      ]
    },
    {
      "module": "module.eks",
      "mode": "managed",
      "type": "aws_iam_role_policy_attachment",
      "name": "workers_AmazonEKS_CNI_Policy",
      "provider": "provider[\"registry.terraform.io/hashicorp/aws\"]",
      "instances": [
        {
          "index_key": 0,
          "schema_version": 0,
          "attributes": {
            "id": "blockchain-prod-eks-u9XBVrk62021120905471928920000000f-20211209054724396500000013",
            "policy_arn": "arn:aws:iam::aws:policy/AmazonEKS_CNI_Policy",
            "role": "blockchain-prod-eks-u9XBVrk62021120905471928920000000f"
          },
          "sensitive_attributes": [],
          "private": "bnVsbA==",
          "dependencies": [
            "data.aws_availability_zones.available",
            "module.eks.aws_cloudwatch_log_group.this",
            "module.eks.aws_eks_cluster.this",
            "module.eks.aws_iam_role.cluster",
            "module.eks.aws_iam_role.workers",
            "module.eks.aws_iam_role_policy_attachment.cluster_AmazonEKSClusterPolicy",
            "module.eks.aws_iam_role_policy_attachment.cluster_AmazonEKSServicePolicy",
            "module.eks.aws_iam_role_policy_attachment.cluster_AmazonEKSVPCResourceControllerPolicy",
            "module.eks.aws_security_group.cluster",
            "module.eks.aws_security_group.workers",
            "module.eks.aws_security_group_rule.cluster_egress_internet",
            "module.eks.aws_security_group_rule.cluster_https_worker_ingress",
            "module.eks.data.aws_iam_policy_document.cluster_assume_role_policy",
            "module.eks.data.aws_iam_policy_document.workers_assume_role_policy",
            "module.eks.data.aws_iam_role.custom_cluster_iam_role",
            "module.eks.data.aws_partition.current",
            "module.vpc.aws_subnet.private",
            "module.vpc.aws_vpc.this",
            "module.vpc.aws_vpc_ipv4_cidr_block_association.this",
            "random_string.suffix"
          ],
          "create_before_destroy": true
        }
      ]
    },
    {
      "module": "module.eks",
      "mode": "managed",
      "type": "aws_launch_configuration",
      "name": "workers",
      "provider": "provider[\"registry.terraform.io/hashicorp/aws\"]",
      "instances": [
        {
          "index_key": 0,
          "schema_version": 0,
          "attributes": {
            "arn": "arn:aws:autoscaling:us-west-1:103947711118:launchConfiguration:9f47e739-de5c-489d-8c28-f78d404d6041:launchConfigurationName/blockchain-prod-eks-u9XBVrk6-blockchain-prod-worker-group-120211209054727472100000018",
            "associate_public_ip_address": false,
            "ebs_block_device": [],
            "ebs_optimized": true,
            "enable_monitoring": true,
            "ephemeral_block_device": [],
            "iam_instance_profile": "blockchain-prod-eks-u9XBVrk620211209054723379700000012",
            "id": "blockchain-prod-eks-u9XBVrk6-blockchain-prod-worker-group-120211209054727472100000018",
            "image_id": "ami-07ce6c47faac88aa3",
            "instance_type": "t3a.medium",
            "key_name": "",
            "metadata_options": [
              {
                "http_endpoint": "enabled",
                "http_put_response_hop_limit": 1,
                "http_tokens": "optional"
              }
            ],
            "name": "blockchain-prod-eks-u9XBVrk6-blockchain-prod-worker-group-120211209054727472100000018",
            "name_prefix": "blockchain-prod-eks-u9XBVrk6-blockchain-prod-worker-group-1",
            "placement_tenancy": "",
            "root_block_device": [
              {
                "delete_on_termination": true,
                "encrypted": false,
                "iops": 0,
                "throughput": 0,
                "volume_size": 100,
                "volume_type": "gp2"
              }
            ],
            "security_groups": [
              "sg-02462ea6898e825fe",
              "sg-0ed51f03891bf12f2"
            ],
            "spot_price": "",
            "user_data": null,
            "user_data_base64": "IyEvYmluL2Jhc2ggLWUKCiMgQWxsb3cgdXNlciBzdXBwbGllZCBwcmUgdXNlcmRhdGEgY29kZQoKCiMgQm9vdHN0cmFwIGFuZCBqb2luIHRoZSBjbHVzdGVyCi9ldGMvZWtzL2Jvb3RzdHJhcC5zaCAtLWI2NC1jbHVzdGVyLWNhICdMUzB0TFMxQ1JVZEpUaUJEUlZKVVNVWkpRMEZVUlMwdExTMHRDazFKU1VNMWVrTkRRV01yWjBGM1NVSkJaMGxDUVVSQlRrSm5hM0ZvYTJsSE9YY3dRa0ZSYzBaQlJFRldUVkpOZDBWUldVUldVVkZFUlhkd2NtUlhTbXdLWTIwMWJHUkhWbnBOUWpSWVJGUkplRTFVU1hkUFZFRXhUa1JOZWsweGIxaEVWRTE0VFZSSmQwNTZRVEZPUkUxNlRURnZkMFpVUlZSTlFrVkhRVEZWUlFwQmVFMUxZVE5XYVZwWVNuVmFXRkpzWTNwRFEwRlRTWGRFVVZsS1MyOWFTV2gyWTA1QlVVVkNRbEZCUkdkblJWQkJSRU5EUVZGdlEyZG5SVUpCU201cUNrZEdNR1JUZEU5bWIwMTBkMU14Y25CMWJVZEJSV2xYY1ROSmVHRlNZalZsTld0TFVVVjVhM2hJY0c0MWMyd3laMUZQTlU4NWNua3hTMWxaUm1ORGIyMEtORlJMWW1aWU5GVjVMMEppVTBvMFJVNDJTVWxXYWtOT1oyc3pOMFpOYlZWaE9XOVdRV0ZRVW1kd05FVkVZVGREUlZKTGFuaHZNemxLTlVsWGNIVkpid3BqYkVrd1NIZG9TRVJHWjBkYWFUSXlaWG8wY2s4MFdtcGhZVVptVTNWblR6VnBieXMwZDJZNFNHMUxRMGhhTlVFMVdraEtaVUpJYVdRMGJqVmplbEZ3Q2tsU1VFMXJPSFpIUjNaUWIzRXdUM0J5UkVkaFJERmxVR0p6YWpKS04zbFZNVWhtSzJOeUsxaGxUbTFGYjJ3clZrNHpZMGRCVEVsd1NDdENWamMyUTFVS1JrdHFRVGt4VlV0aGQzTmhSRlpZVEhOaFNHZHdkbXRtV25OV05EZzJhVTAzTlZjd2VtSkRhVk4xVVZSWGVYaFJWVmR1VlM5Uk56ZHpNVlI2WW1sNVZ3b3JZWGc1Um1kaE5TOU9jRlZDY1RSRUsxY3dRMEYzUlVGQllVNURUVVZCZDBSbldVUldVakJRUVZGSUwwSkJVVVJCWjB0clRVRTRSMEV4VldSRmQwVkNDaTkzVVVaTlFVMUNRV1k0ZDBoUldVUldVakJQUWtKWlJVWlBUamMyUlZwNVNtcERSMFV5T1hsTVQxUTJTMDVwTUROelFuQk5RVEJIUTFOeFIxTkpZak1LUkZGRlFrTjNWVUZCTkVsQ1FWRkNaR3BJU1VJNWFtcDNWR296VlhKaVQwTkZSbW8wU25CS2RqSXJjSEpQVmpoaGRrWnRlRXhOUmtoT1dVZDVjbkJxVVFwbU5WQjVieTlOV1VwemMybEVOa3M1VWsxbmQyeHFTWFJ4ZFhWUVFtc3JORlZzTDFWVlYwc3hibklyUjNSa1F6WmtTMGdyYTNscGNFdzBiakowYVdseENtcFJkWEpPVVVGT1oyOVNiamx0TlVWRFRHRmtialJXVDBzdllVUkRibVF2YWs5eVFsVTNaa1pwVDBSdFVFaHVZelF5WTNkTlRrZFNVVFZEWVZkcGNIQUtSbEUzVXk5aU1GQkNNRXhyV1ZGYVQyMW5TMnc1VlhkQ2MzRlpOMHBUYjNwQ1VrcGpjbWd4TkZSTlNVaDJUMkpUTld0bllUQkJjbVJ0T1V4dWVISjVWQXBOT1VKNVdYWmxhbVY1Wm1kdWFIaHVlSGQ0UjJWaGIwVmFlakUxU1hSbGNVd3JTRGhPZEhkSllWRXJjVllyVUd4cksyNXFSWFoxU210S05FVm9RMHhpQ2pRdlRtWjROaXRYY0V3eE5uZzVTVVJZZFhaRU0zRTBWMUJxUkc5d1RIQlVjVmxyYndvdExTMHRMVVZPUkNCRFJWSlVTVVpKUTBGVVJTMHRMUzB0Q2c9PScgLS1hcGlzZXJ2ZXItZW5kcG9pbnQgJ2h0dHBzOi8vMUFFNkMyQjcxNDQyMEMyOERCQjI1MDc2QjRCMjMxRUIueWw0LnVzLXdlc3QtMS5la3MuYW1hem9uYXdzLmNvbScgIC0ta3ViZWxldC1leHRyYS1hcmdzICIiICdibG9ja2NoYWluLXByb2QtZWtzLXU5WEJWcms2JwoKIyBBbGxvdyB1c2VyIHN1cHBsaWVkIHVzZXJkYXRhIGNvZGUKZWNobyBmb28gYmFyCg==",
            "vpc_classic_link_id": "",
            "vpc_classic_link_security_groups": null
          },
          "sensitive_attributes": [],
          "private": "bnVsbA==",
          "dependencies": [
            "aws_security_group.blockchain_prod_worker_group_mgmt_one",
            "aws_security_group.blockchain_prod_worker_group_mgmt_three",
            "aws_security_group.blockchain_prod_worker_group_mgmt_two",
            "data.aws_availability_zones.available",
            "module.eks.aws_cloudwatch_log_group.this",
            "module.eks.aws_eks_cluster.this",
            "module.eks.aws_iam_instance_profile.workers",
            "module.eks.aws_iam_role.cluster",
            "module.eks.aws_iam_role.workers",
            "module.eks.aws_iam_role_policy_attachment.cluster_AmazonEKSClusterPolicy",
            "module.eks.aws_iam_role_policy_attachment.cluster_AmazonEKSServicePolicy",
            "module.eks.aws_iam_role_policy_attachment.cluster_AmazonEKSVPCResourceControllerPolicy",
            "module.eks.aws_iam_role_policy_attachment.workers_AmazonEC2ContainerRegistryReadOnly",
            "module.eks.aws_iam_role_policy_attachment.workers_AmazonEKSWorkerNodePolicy",
            "module.eks.aws_iam_role_policy_attachment.workers_AmazonEKS_CNI_Policy",
            "module.eks.aws_iam_role_policy_attachment.workers_additional_policies",
            "module.eks.aws_security_group.cluster",
            "module.eks.aws_security_group.workers",
            "module.eks.aws_security_group_rule.cluster_egress_internet",
            "module.eks.aws_security_group_rule.cluster_https_worker_ingress",
            "module.eks.aws_security_group_rule.cluster_primary_ingress_workers",
            "module.eks.aws_security_group_rule.workers_egress_internet",
            "module.eks.aws_security_group_rule.workers_ingress_cluster",
            "module.eks.aws_security_group_rule.workers_ingress_cluster_https",
            "module.eks.aws_security_group_rule.workers_ingress_cluster_kubelet",
            "module.eks.aws_security_group_rule.workers_ingress_cluster_primary",
            "module.eks.aws_security_group_rule.workers_ingress_self",
            "module.eks.data.aws_ami.eks_worker",
            "module.eks.data.aws_ami.eks_worker_windows",
            "module.eks.data.aws_iam_instance_profile.custom_worker_group_iam_instance_profile",
            "module.eks.data.aws_iam_policy_document.cluster_assume_role_policy",
            "module.eks.data.aws_iam_policy_document.workers_assume_role_policy",
            "module.eks.data.aws_iam_role.custom_cluster_iam_role",
            "module.eks.data.aws_partition.current",
            "module.vpc.aws_subnet.private",
            "module.vpc.aws_vpc.this",
            "module.vpc.aws_vpc_ipv4_cidr_block_association.this",
            "random_string.suffix"
          ],
          "create_before_destroy": true
        },
        {
          "index_key": 1,
          "schema_version": 0,
          "attributes": {
            "arn": "arn:aws:autoscaling:us-west-1:103947711118:launchConfiguration:7892303a-018d-41de-a7fb-d5d303e1aa13:launchConfigurationName/blockchain-prod-eks-u9XBVrk6-blockchain-prod-worker-group-220211209054727439600000016",
            "associate_public_ip_address": false,
            "ebs_block_device": [],
            "ebs_optimized": true,
            "enable_monitoring": true,
            "ephemeral_block_device": [],
            "iam_instance_profile": "blockchain-prod-eks-u9XBVrk620211209054723379500000011",
            "id": "blockchain-prod-eks-u9XBVrk6-blockchain-prod-worker-group-220211209054727439600000016",
            "image_id": "ami-07ce6c47faac88aa3",
            "instance_type": "t3a.medium",
            "key_name": "",
            "metadata_options": [
              {
                "http_endpoint": "enabled",
                "http_put_response_hop_limit": 1,
                "http_tokens": "optional"
              }
            ],
            "name": "blockchain-prod-eks-u9XBVrk6-blockchain-prod-worker-group-220211209054727439600000016",
            "name_prefix": "blockchain-prod-eks-u9XBVrk6-blockchain-prod-worker-group-2",
            "placement_tenancy": "",
            "root_block_device": [
              {
                "delete_on_termination": true,
                "encrypted": false,
                "iops": 0,
                "throughput": 0,
                "volume_size": 100,
                "volume_type": "gp2"
              }
            ],
            "security_groups": [
              "sg-022ef29bf9dc79ed0",
              "sg-02462ea6898e825fe"
            ],
            "spot_price": "",
            "user_data": null,
            "user_data_base64": "IyEvYmluL2Jhc2ggLWUKCiMgQWxsb3cgdXNlciBzdXBwbGllZCBwcmUgdXNlcmRhdGEgY29kZQoKCiMgQm9vdHN0cmFwIGFuZCBqb2luIHRoZSBjbHVzdGVyCi9ldGMvZWtzL2Jvb3RzdHJhcC5zaCAtLWI2NC1jbHVzdGVyLWNhICdMUzB0TFMxQ1JVZEpUaUJEUlZKVVNVWkpRMEZVUlMwdExTMHRDazFKU1VNMWVrTkRRV01yWjBGM1NVSkJaMGxDUVVSQlRrSm5hM0ZvYTJsSE9YY3dRa0ZSYzBaQlJFRldUVkpOZDBWUldVUldVVkZFUlhkd2NtUlhTbXdLWTIwMWJHUkhWbnBOUWpSWVJGUkplRTFVU1hkUFZFRXhUa1JOZWsweGIxaEVWRTE0VFZSSmQwNTZRVEZPUkUxNlRURnZkMFpVUlZSTlFrVkhRVEZWUlFwQmVFMUxZVE5XYVZwWVNuVmFXRkpzWTNwRFEwRlRTWGRFVVZsS1MyOWFTV2gyWTA1QlVVVkNRbEZCUkdkblJWQkJSRU5EUVZGdlEyZG5SVUpCU201cUNrZEdNR1JUZEU5bWIwMTBkMU14Y25CMWJVZEJSV2xYY1ROSmVHRlNZalZsTld0TFVVVjVhM2hJY0c0MWMyd3laMUZQTlU4NWNua3hTMWxaUm1ORGIyMEtORlJMWW1aWU5GVjVMMEppVTBvMFJVNDJTVWxXYWtOT1oyc3pOMFpOYlZWaE9XOVdRV0ZRVW1kd05FVkVZVGREUlZKTGFuaHZNemxLTlVsWGNIVkpid3BqYkVrd1NIZG9TRVJHWjBkYWFUSXlaWG8wY2s4MFdtcGhZVVptVTNWblR6VnBieXMwZDJZNFNHMUxRMGhhTlVFMVdraEtaVUpJYVdRMGJqVmplbEZ3Q2tsU1VFMXJPSFpIUjNaUWIzRXdUM0J5UkVkaFJERmxVR0p6YWpKS04zbFZNVWhtSzJOeUsxaGxUbTFGYjJ3clZrNHpZMGRCVEVsd1NDdENWamMyUTFVS1JrdHFRVGt4VlV0aGQzTmhSRlpZVEhOaFNHZHdkbXRtV25OV05EZzJhVTAzTlZjd2VtSkRhVk4xVVZSWGVYaFJWVmR1VlM5Uk56ZHpNVlI2WW1sNVZ3b3JZWGc1Um1kaE5TOU9jRlZDY1RSRUsxY3dRMEYzUlVGQllVNURUVVZCZDBSbldVUldVakJRUVZGSUwwSkJVVVJCWjB0clRVRTRSMEV4VldSRmQwVkNDaTkzVVVaTlFVMUNRV1k0ZDBoUldVUldVakJQUWtKWlJVWlBUamMyUlZwNVNtcERSMFV5T1hsTVQxUTJTMDVwTUROelFuQk5RVEJIUTFOeFIxTkpZak1LUkZGRlFrTjNWVUZCTkVsQ1FWRkNaR3BJU1VJNWFtcDNWR296VlhKaVQwTkZSbW8wU25CS2RqSXJjSEpQVmpoaGRrWnRlRXhOUmtoT1dVZDVjbkJxVVFwbU5WQjVieTlOV1VwemMybEVOa3M1VWsxbmQyeHFTWFJ4ZFhWUVFtc3JORlZzTDFWVlYwc3hibklyUjNSa1F6WmtTMGdyYTNscGNFdzBiakowYVdseENtcFJkWEpPVVVGT1oyOVNiamx0TlVWRFRHRmtialJXVDBzdllVUkRibVF2YWs5eVFsVTNaa1pwVDBSdFVFaHVZelF5WTNkTlRrZFNVVFZEWVZkcGNIQUtSbEUzVXk5aU1GQkNNRXhyV1ZGYVQyMW5TMnc1VlhkQ2MzRlpOMHBUYjNwQ1VrcGpjbWd4TkZSTlNVaDJUMkpUTld0bllUQkJjbVJ0T1V4dWVISjVWQXBOT1VKNVdYWmxhbVY1Wm1kdWFIaHVlSGQ0UjJWaGIwVmFlakUxU1hSbGNVd3JTRGhPZEhkSllWRXJjVllyVUd4cksyNXFSWFoxU210S05FVm9RMHhpQ2pRdlRtWjROaXRYY0V3eE5uZzVTVVJZZFhaRU0zRTBWMUJxUkc5d1RIQlVjVmxyYndvdExTMHRMVVZPUkNCRFJWSlVTVVpKUTBGVVJTMHRMUzB0Q2c9PScgLS1hcGlzZXJ2ZXItZW5kcG9pbnQgJ2h0dHBzOi8vMUFFNkMyQjcxNDQyMEMyOERCQjI1MDc2QjRCMjMxRUIueWw0LnVzLXdlc3QtMS5la3MuYW1hem9uYXdzLmNvbScgIC0ta3ViZWxldC1leHRyYS1hcmdzICIiICdibG9ja2NoYWluLXByb2QtZWtzLXU5WEJWcms2JwoKIyBBbGxvdyB1c2VyIHN1cHBsaWVkIHVzZXJkYXRhIGNvZGUKZWNobyBmb28gYmFyCg==",
            "vpc_classic_link_id": "",
            "vpc_classic_link_security_groups": null
          },
          "sensitive_attributes": [],
          "private": "bnVsbA==",
          "dependencies": [
            "aws_security_group.blockchain_prod_worker_group_mgmt_one",
            "aws_security_group.blockchain_prod_worker_group_mgmt_three",
            "aws_security_group.blockchain_prod_worker_group_mgmt_two",
            "data.aws_availability_zones.available",
            "module.eks.aws_cloudwatch_log_group.this",
            "module.eks.aws_eks_cluster.this",
            "module.eks.aws_iam_instance_profile.workers",
            "module.eks.aws_iam_role.cluster",
            "module.eks.aws_iam_role.workers",
            "module.eks.aws_iam_role_policy_attachment.cluster_AmazonEKSClusterPolicy",
            "module.eks.aws_iam_role_policy_attachment.cluster_AmazonEKSServicePolicy",
            "module.eks.aws_iam_role_policy_attachment.cluster_AmazonEKSVPCResourceControllerPolicy",
            "module.eks.aws_iam_role_policy_attachment.workers_AmazonEC2ContainerRegistryReadOnly",
            "module.eks.aws_iam_role_policy_attachment.workers_AmazonEKSWorkerNodePolicy",
            "module.eks.aws_iam_role_policy_attachment.workers_AmazonEKS_CNI_Policy",
            "module.eks.aws_iam_role_policy_attachment.workers_additional_policies",
            "module.eks.aws_security_group.cluster",
            "module.eks.aws_security_group.workers",
            "module.eks.aws_security_group_rule.cluster_egress_internet",
            "module.eks.aws_security_group_rule.cluster_https_worker_ingress",
            "module.eks.aws_security_group_rule.cluster_primary_ingress_workers",
            "module.eks.aws_security_group_rule.workers_egress_internet",
            "module.eks.aws_security_group_rule.workers_ingress_cluster",
            "module.eks.aws_security_group_rule.workers_ingress_cluster_https",
            "module.eks.aws_security_group_rule.workers_ingress_cluster_kubelet",
            "module.eks.aws_security_group_rule.workers_ingress_cluster_primary",
            "module.eks.aws_security_group_rule.workers_ingress_self",
            "module.eks.data.aws_ami.eks_worker",
            "module.eks.data.aws_ami.eks_worker_windows",
            "module.eks.data.aws_iam_instance_profile.custom_worker_group_iam_instance_profile",
            "module.eks.data.aws_iam_policy_document.cluster_assume_role_policy",
            "module.eks.data.aws_iam_policy_document.workers_assume_role_policy",
            "module.eks.data.aws_iam_role.custom_cluster_iam_role",
            "module.eks.data.aws_partition.current",
            "module.vpc.aws_subnet.private",
            "module.vpc.aws_vpc.this",
            "module.vpc.aws_vpc_ipv4_cidr_block_association.this",
            "random_string.suffix"
          ],
          "create_before_destroy": true
        },
        {
          "index_key": 2,
          "schema_version": 0,
          "attributes": {
            "arn": "arn:aws:autoscaling:us-west-1:103947711118:launchConfiguration:03bb98ae-549e-4dd3-9a63-5d7aafdab64e:launchConfigurationName/blockchain-prod-eks-u9XBVrk6-blockchain-prod-worker-group-320211209054727469000000017",
            "associate_public_ip_address": false,
            "ebs_block_device": [],
            "ebs_optimized": true,
            "enable_monitoring": true,
            "ephemeral_block_device": [],
            "iam_instance_profile": "blockchain-prod-eks-u9XBVrk620211209054723377500000010",
            "id": "blockchain-prod-eks-u9XBVrk6-blockchain-prod-worker-group-320211209054727469000000017",
            "image_id": "ami-07ce6c47faac88aa3",
            "instance_type": "t3a.medium",
            "key_name": "",
            "metadata_options": [
              {
                "http_endpoint": "enabled",
                "http_put_response_hop_limit": 1,
                "http_tokens": "optional"
              }
            ],
            "name": "blockchain-prod-eks-u9XBVrk6-blockchain-prod-worker-group-320211209054727469000000017",
            "name_prefix": "blockchain-prod-eks-u9XBVrk6-blockchain-prod-worker-group-3",
            "placement_tenancy": "",
            "root_block_device": [
              {
                "delete_on_termination": true,
                "encrypted": false,
                "iops": 0,
                "throughput": 0,
                "volume_size": 100,
                "volume_type": "gp2"
              }
            ],
            "security_groups": [
              "sg-02462ea6898e825fe",
              "sg-0b8ef6cc903f349a2"
            ],
            "spot_price": "",
            "user_data": null,
            "user_data_base64": "IyEvYmluL2Jhc2ggLWUKCiMgQWxsb3cgdXNlciBzdXBwbGllZCBwcmUgdXNlcmRhdGEgY29kZQoKCiMgQm9vdHN0cmFwIGFuZCBqb2luIHRoZSBjbHVzdGVyCi9ldGMvZWtzL2Jvb3RzdHJhcC5zaCAtLWI2NC1jbHVzdGVyLWNhICdMUzB0TFMxQ1JVZEpUaUJEUlZKVVNVWkpRMEZVUlMwdExTMHRDazFKU1VNMWVrTkRRV01yWjBGM1NVSkJaMGxDUVVSQlRrSm5hM0ZvYTJsSE9YY3dRa0ZSYzBaQlJFRldUVkpOZDBWUldVUldVVkZFUlhkd2NtUlhTbXdLWTIwMWJHUkhWbnBOUWpSWVJGUkplRTFVU1hkUFZFRXhUa1JOZWsweGIxaEVWRTE0VFZSSmQwNTZRVEZPUkUxNlRURnZkMFpVUlZSTlFrVkhRVEZWUlFwQmVFMUxZVE5XYVZwWVNuVmFXRkpzWTNwRFEwRlRTWGRFVVZsS1MyOWFTV2gyWTA1QlVVVkNRbEZCUkdkblJWQkJSRU5EUVZGdlEyZG5SVUpCU201cUNrZEdNR1JUZEU5bWIwMTBkMU14Y25CMWJVZEJSV2xYY1ROSmVHRlNZalZsTld0TFVVVjVhM2hJY0c0MWMyd3laMUZQTlU4NWNua3hTMWxaUm1ORGIyMEtORlJMWW1aWU5GVjVMMEppVTBvMFJVNDJTVWxXYWtOT1oyc3pOMFpOYlZWaE9XOVdRV0ZRVW1kd05FVkVZVGREUlZKTGFuaHZNemxLTlVsWGNIVkpid3BqYkVrd1NIZG9TRVJHWjBkYWFUSXlaWG8wY2s4MFdtcGhZVVptVTNWblR6VnBieXMwZDJZNFNHMUxRMGhhTlVFMVdraEtaVUpJYVdRMGJqVmplbEZ3Q2tsU1VFMXJPSFpIUjNaUWIzRXdUM0J5UkVkaFJERmxVR0p6YWpKS04zbFZNVWhtSzJOeUsxaGxUbTFGYjJ3clZrNHpZMGRCVEVsd1NDdENWamMyUTFVS1JrdHFRVGt4VlV0aGQzTmhSRlpZVEhOaFNHZHdkbXRtV25OV05EZzJhVTAzTlZjd2VtSkRhVk4xVVZSWGVYaFJWVmR1VlM5Uk56ZHpNVlI2WW1sNVZ3b3JZWGc1Um1kaE5TOU9jRlZDY1RSRUsxY3dRMEYzUlVGQllVNURUVVZCZDBSbldVUldVakJRUVZGSUwwSkJVVVJCWjB0clRVRTRSMEV4VldSRmQwVkNDaTkzVVVaTlFVMUNRV1k0ZDBoUldVUldVakJQUWtKWlJVWlBUamMyUlZwNVNtcERSMFV5T1hsTVQxUTJTMDVwTUROelFuQk5RVEJIUTFOeFIxTkpZak1LUkZGRlFrTjNWVUZCTkVsQ1FWRkNaR3BJU1VJNWFtcDNWR296VlhKaVQwTkZSbW8wU25CS2RqSXJjSEpQVmpoaGRrWnRlRXhOUmtoT1dVZDVjbkJxVVFwbU5WQjVieTlOV1VwemMybEVOa3M1VWsxbmQyeHFTWFJ4ZFhWUVFtc3JORlZzTDFWVlYwc3hibklyUjNSa1F6WmtTMGdyYTNscGNFdzBiakowYVdseENtcFJkWEpPVVVGT1oyOVNiamx0TlVWRFRHRmtialJXVDBzdllVUkRibVF2YWs5eVFsVTNaa1pwVDBSdFVFaHVZelF5WTNkTlRrZFNVVFZEWVZkcGNIQUtSbEUzVXk5aU1GQkNNRXhyV1ZGYVQyMW5TMnc1VlhkQ2MzRlpOMHBUYjNwQ1VrcGpjbWd4TkZSTlNVaDJUMkpUTld0bllUQkJjbVJ0T1V4dWVISjVWQXBOT1VKNVdYWmxhbVY1Wm1kdWFIaHVlSGQ0UjJWaGIwVmFlakUxU1hSbGNVd3JTRGhPZEhkSllWRXJjVllyVUd4cksyNXFSWFoxU210S05FVm9RMHhpQ2pRdlRtWjROaXRYY0V3eE5uZzVTVVJZZFhaRU0zRTBWMUJxUkc5d1RIQlVjVmxyYndvdExTMHRMVVZPUkNCRFJWSlVTVVpKUTBGVVJTMHRMUzB0Q2c9PScgLS1hcGlzZXJ2ZXItZW5kcG9pbnQgJ2h0dHBzOi8vMUFFNkMyQjcxNDQyMEMyOERCQjI1MDc2QjRCMjMxRUIueWw0LnVzLXdlc3QtMS5la3MuYW1hem9uYXdzLmNvbScgIC0ta3ViZWxldC1leHRyYS1hcmdzICIiICdibG9ja2NoYWluLXByb2QtZWtzLXU5WEJWcms2JwoKIyBBbGxvdyB1c2VyIHN1cHBsaWVkIHVzZXJkYXRhIGNvZGUKZWNobyBmb28gYmFyCg==",
            "vpc_classic_link_id": "",
            "vpc_classic_link_security_groups": null
          },
          "sensitive_attributes": [],
          "private": "bnVsbA==",
          "dependencies": [
            "aws_security_group.blockchain_prod_worker_group_mgmt_one",
            "aws_security_group.blockchain_prod_worker_group_mgmt_three",
            "aws_security_group.blockchain_prod_worker_group_mgmt_two",
            "data.aws_availability_zones.available",
            "module.eks.aws_cloudwatch_log_group.this",
            "module.eks.aws_eks_cluster.this",
            "module.eks.aws_iam_instance_profile.workers",
            "module.eks.aws_iam_role.cluster",
            "module.eks.aws_iam_role.workers",
            "module.eks.aws_iam_role_policy_attachment.cluster_AmazonEKSClusterPolicy",
            "module.eks.aws_iam_role_policy_attachment.cluster_AmazonEKSServicePolicy",
            "module.eks.aws_iam_role_policy_attachment.cluster_AmazonEKSVPCResourceControllerPolicy",
            "module.eks.aws_iam_role_policy_attachment.workers_AmazonEC2ContainerRegistryReadOnly",
            "module.eks.aws_iam_role_policy_attachment.workers_AmazonEKSWorkerNodePolicy",
            "module.eks.aws_iam_role_policy_attachment.workers_AmazonEKS_CNI_Policy",
            "module.eks.aws_iam_role_policy_attachment.workers_additional_policies",
            "module.eks.aws_security_group.cluster",
            "module.eks.aws_security_group.workers",
            "module.eks.aws_security_group_rule.cluster_egress_internet",
            "module.eks.aws_security_group_rule.cluster_https_worker_ingress",
            "module.eks.aws_security_group_rule.cluster_primary_ingress_workers",
            "module.eks.aws_security_group_rule.workers_egress_internet",
            "module.eks.aws_security_group_rule.workers_ingress_cluster",
            "module.eks.aws_security_group_rule.workers_ingress_cluster_https",
            "module.eks.aws_security_group_rule.workers_ingress_cluster_kubelet",
            "module.eks.aws_security_group_rule.workers_ingress_cluster_primary",
            "module.eks.aws_security_group_rule.workers_ingress_self",
            "module.eks.data.aws_ami.eks_worker",
            "module.eks.data.aws_ami.eks_worker_windows",
            "module.eks.data.aws_iam_instance_profile.custom_worker_group_iam_instance_profile",
            "module.eks.data.aws_iam_policy_document.cluster_assume_role_policy",
            "module.eks.data.aws_iam_policy_document.workers_assume_role_policy",
            "module.eks.data.aws_iam_role.custom_cluster_iam_role",
            "module.eks.data.aws_partition.current",
            "module.vpc.aws_subnet.private",
            "module.vpc.aws_vpc.this",
            "module.vpc.aws_vpc_ipv4_cidr_block_association.this",
            "random_string.suffix"
          ],
          "create_before_destroy": true
        }
      ]
    },
    {
      "module": "module.eks",
      "mode": "managed",
      "type": "aws_security_group",
      "name": "cluster",
      "provider": "provider[\"registry.terraform.io/hashicorp/aws\"]",
      "instances": [
        {
          "index_key": 0,
          "schema_version": 1,
          "attributes": {
            "arn": "arn:aws:ec2:us-west-1:103947711118:security-group/sg-0e01f36e02143d21e",
            "description": "EKS cluster security group.",
            "egress": [],
            "id": "sg-0e01f36e02143d21e",
            "ingress": [],
            "name": "blockchain-prod-eks-u9XBVrk62021120905371867460000000e",
            "name_prefix": "blockchain-prod-eks-u9XBVrk6",
            "owner_id": "103947711118",
            "revoke_rules_on_delete": false,
            "tags": {
              "Environment": "blockchain-prod",
              "GithubOrg": "terraform-aws-modules",
              "GithubRepo": "terraform-aws-eks",
              "Name": "blockchain-prod-eks-u9XBVrk6-eks_cluster_sg"
            },
            "tags_all": {
              "Environment": "blockchain-prod",
              "GithubOrg": "terraform-aws-modules",
              "GithubRepo": "terraform-aws-eks",
              "Name": "blockchain-prod-eks-u9XBVrk6-eks_cluster_sg"
            },
            "timeouts": null,
            "vpc_id": "vpc-0a00e571851180b5c"
          },
          "sensitive_attributes": [],
          "private": "eyJlMmJmYjczMC1lY2FhLTExZTYtOGY4OC0zNDM2M2JjN2M0YzAiOnsiY3JlYXRlIjo2MDAwMDAwMDAwMDAsImRlbGV0ZSI6OTAwMDAwMDAwMDAwfSwic2NoZW1hX3ZlcnNpb24iOiIxIn0=",
          "dependencies": [
            "module.vpc.aws_vpc.this",
            "random_string.suffix"
          ],
          "create_before_destroy": true
        }
      ]
    },
    {
      "module": "module.eks",
      "mode": "managed",
      "type": "aws_security_group",
      "name": "workers",
      "provider": "provider[\"registry.terraform.io/hashicorp/aws\"]",
      "instances": [
        {
          "index_key": 0,
          "schema_version": 1,
          "attributes": {
            "arn": "arn:aws:ec2:us-west-1:103947711118:security-group/sg-02462ea6898e825fe",
            "description": "Security group for all nodes in the cluster.",
            "egress": [],
            "id": "sg-02462ea6898e825fe",
            "ingress": [],
            "name": "blockchain-prod-eks-u9XBVrk62021120905371677440000000d",
            "name_prefix": "blockchain-prod-eks-u9XBVrk6",
            "owner_id": "103947711118",
            "revoke_rules_on_delete": false,
            "tags": {
              "Environment": "blockchain-prod",
              "GithubOrg": "terraform-aws-modules",
              "GithubRepo": "terraform-aws-eks",
              "Name": "blockchain-prod-eks-u9XBVrk6-eks_worker_sg",
              "kubernetes.io/cluster/blockchain-prod-eks-u9XBVrk6": "owned"
            },
            "tags_all": {
              "Environment": "blockchain-prod",
              "GithubOrg": "terraform-aws-modules",
              "GithubRepo": "terraform-aws-eks",
              "Name": "blockchain-prod-eks-u9XBVrk6-eks_worker_sg",
              "kubernetes.io/cluster/blockchain-prod-eks-u9XBVrk6": "owned"
            },
            "timeouts": null,
            "vpc_id": "vpc-0a00e571851180b5c"
          },
          "sensitive_attributes": [],
          "private": "eyJlMmJmYjczMC1lY2FhLTExZTYtOGY4OC0zNDM2M2JjN2M0YzAiOnsiY3JlYXRlIjo2MDAwMDAwMDAwMDAsImRlbGV0ZSI6OTAwMDAwMDAwMDAwfSwic2NoZW1hX3ZlcnNpb24iOiIxIn0=",
          "dependencies": [
            "module.vpc.aws_vpc.this",
            "random_string.suffix"
          ],
          "create_before_destroy": true
        }
      ]
    },
    {
      "module": "module.eks",
      "mode": "managed",
      "type": "aws_security_group_rule",
      "name": "cluster_egress_internet",
      "provider": "provider[\"registry.terraform.io/hashicorp/aws\"]",
      "instances": [
        {
          "index_key": 0,
          "schema_version": 2,
          "attributes": {
            "cidr_blocks": [
              "0.0.0.0/0"
            ],
            "description": "Allow cluster egress access to the Internet.",
            "from_port": 0,
            "id": "sgrule-4097879177",
            "ipv6_cidr_blocks": null,
            "prefix_list_ids": null,
            "protocol": "-1",
            "security_group_id": "sg-0e01f36e02143d21e",
            "self": false,
            "source_security_group_id": null,
            "to_port": 0,
            "type": "egress"
          },
          "sensitive_attributes": [],
          "private": "eyJzY2hlbWFfdmVyc2lvbiI6IjIifQ==",
          "dependencies": [
            "module.eks.aws_security_group.cluster",
            "module.vpc.aws_vpc.this",
            "random_string.suffix"
          ],
          "create_before_destroy": true
        }
      ]
    },
    {
      "module": "module.eks",
      "mode": "managed",
      "type": "aws_security_group_rule",
      "name": "cluster_https_worker_ingress",
      "provider": "provider[\"registry.terraform.io/hashicorp/aws\"]",
      "instances": [
        {
          "index_key": 0,
          "schema_version": 2,
          "attributes": {
            "cidr_blocks": null,
            "description": "Allow pods to communicate with the EKS cluster API.",
            "from_port": 443,
            "id": "sgrule-3972709044",
            "ipv6_cidr_blocks": null,
            "prefix_list_ids": null,
            "protocol": "tcp",
            "security_group_id": "sg-0e01f36e02143d21e",
            "self": false,
            "source_security_group_id": "sg-02462ea6898e825fe",
            "to_port": 443,
            "type": "ingress"
          },
          "sensitive_attributes": [],
          "private": "eyJzY2hlbWFfdmVyc2lvbiI6IjIifQ==",
          "dependencies": [
            "module.eks.aws_security_group.cluster",
            "module.eks.aws_security_group.workers",
            "module.vpc.aws_vpc.this",
            "random_string.suffix"
          ],
          "create_before_destroy": true
        }
      ]
    },
    {
      "module": "module.eks",
      "mode": "managed",
      "type": "aws_security_group_rule",
      "name": "workers_egress_internet",
      "provider": "provider[\"registry.terraform.io/hashicorp/aws\"]",
      "instances": [
        {
          "index_key": 0,
          "schema_version": 2,
          "attributes": {
            "cidr_blocks": [
              "0.0.0.0/0"
            ],
            "description": "Allow nodes all egress to the Internet.",
            "from_port": 0,
            "id": "sgrule-3055048133",
            "ipv6_cidr_blocks": null,
            "prefix_list_ids": null,
            "protocol": "-1",
            "security_group_id": "sg-02462ea6898e825fe",
            "self": false,
            "source_security_group_id": null,
            "to_port": 0,
            "type": "egress"
          },
          "sensitive_attributes": [],
          "private": "eyJzY2hlbWFfdmVyc2lvbiI6IjIifQ==",
          "dependencies": [
            "module.eks.aws_security_group.workers",
            "module.vpc.aws_vpc.this",
            "random_string.suffix"
          ],
          "create_before_destroy": true
        }
      ]
    },
    {
      "module": "module.eks",
      "mode": "managed",
      "type": "aws_security_group_rule",
      "name": "workers_ingress_cluster",
      "provider": "provider[\"registry.terraform.io/hashicorp/aws\"]",
      "instances": [
        {
          "index_key": 0,
          "schema_version": 2,
          "attributes": {
            "cidr_blocks": null,
            "description": "Allow workers pods to receive communication from the cluster control plane.",
            "from_port": 1025,
            "id": "sgrule-792155977",
            "ipv6_cidr_blocks": null,
            "prefix_list_ids": null,
            "protocol": "tcp",
            "security_group_id": "sg-02462ea6898e825fe",
            "self": false,
            "source_security_group_id": "sg-0e01f36e02143d21e",
            "to_port": 65535,
            "type": "ingress"
          },
          "sensitive_attributes": [],
          "private": "eyJzY2hlbWFfdmVyc2lvbiI6IjIifQ==",
          "dependencies": [
            "module.eks.aws_security_group.cluster",
            "module.eks.aws_security_group.workers",
            "module.vpc.aws_vpc.this",
            "random_string.suffix"
          ],
          "create_before_destroy": true
        }
      ]
    },
    {
      "module": "module.eks",
      "mode": "managed",
      "type": "aws_security_group_rule",
      "name": "workers_ingress_cluster_https",
      "provider": "provider[\"registry.terraform.io/hashicorp/aws\"]",
      "instances": [
        {
          "index_key": 0,
          "schema_version": 2,
          "attributes": {
            "cidr_blocks": null,
            "description": "Allow pods running extension API servers on port 443 to receive communication from cluster control plane.",
            "from_port": 443,
            "id": "sgrule-1183726598",
            "ipv6_cidr_blocks": null,
            "prefix_list_ids": null,
            "protocol": "tcp",
            "security_group_id": "sg-02462ea6898e825fe",
            "self": false,
            "source_security_group_id": "sg-0e01f36e02143d21e",
            "to_port": 443,
            "type": "ingress"
          },
          "sensitive_attributes": [],
          "private": "eyJzY2hlbWFfdmVyc2lvbiI6IjIifQ==",
          "dependencies": [
            "module.eks.aws_security_group.cluster",
            "module.eks.aws_security_group.workers",
            "module.vpc.aws_vpc.this",
            "random_string.suffix"
          ],
          "create_before_destroy": true
        }
      ]
    },
    {
      "module": "module.eks",
      "mode": "managed",
      "type": "aws_security_group_rule",
      "name": "workers_ingress_self",
      "provider": "provider[\"registry.terraform.io/hashicorp/aws\"]",
      "instances": [
        {
          "index_key": 0,
          "schema_version": 2,
          "attributes": {
            "cidr_blocks": null,
            "description": "Allow node to communicate with each other.",
            "from_port": 0,
            "id": "sgrule-2033397478",
            "ipv6_cidr_blocks": null,
            "prefix_list_ids": null,
            "protocol": "-1",
            "security_group_id": "sg-02462ea6898e825fe",
            "self": false,
            "source_security_group_id": "sg-02462ea6898e825fe",
            "to_port": 65535,
            "type": "ingress"
          },
          "sensitive_attributes": [],
          "private": "eyJzY2hlbWFfdmVyc2lvbiI6IjIifQ==",
          "dependencies": [
            "module.eks.aws_security_group.workers",
            "module.vpc.aws_vpc.this",
            "random_string.suffix"
          ],
          "create_before_destroy": true
        }
      ]
    },
    {
      "module": "module.eks",
      "mode": "managed",
      "type": "kubernetes_config_map",
      "name": "aws_auth",
      "provider": "provider[\"registry.terraform.io/hashicorp/kubernetes\"]",
      "instances": [
        {
          "index_key": 0,
          "schema_version": 0,
          "attributes": {
            "binary_data": null,
            "data": {
              "mapAccounts": "[]\n",
              "mapRoles": "- \"groups\":\n  - \"system:bootstrappers\"\n  - \"system:nodes\"\n  \"rolearn\": \"arn:aws:iam::103947711118:role/blockchain-prod-eks-u9XBVrk62021120905471928920000000f\"\n  \"username\": \"system:node:{{EC2PrivateDNSName}}\"\n",
              "mapUsers": "[]\n"
            },
            "id": "kube-system/aws-auth",
            "metadata": [
              {
                "annotations": null,
                "generate_name": "",
                "generation": 0,
                "labels": {
                  "app.kubernetes.io/managed-by": "Terraform",
                  "terraform.io/module": "terraform-aws-modules.eks.aws"
                },
                "name": "aws-auth",
                "namespace": "kube-system",
                "resource_version": "670",
                "uid": "07f0a644-bc30-4896-b8ce-347015e082f8"
              }
            ]
          },
          "sensitive_attributes": [],
          "private": "bnVsbA==",
          "dependencies": [
            "aws_security_group.blockchain_prod_worker_group_mgmt_one",
            "aws_security_group.blockchain_prod_worker_group_mgmt_three",
            "aws_security_group.blockchain_prod_worker_group_mgmt_two",
            "data.aws_availability_zones.available",
            "data.aws_eks_cluster.cluster",
            "data.aws_eks_cluster_auth.cluster",
            "module.eks.aws_cloudwatch_log_group.this",
            "module.eks.aws_eks_cluster.this",
            "module.eks.aws_iam_instance_profile.workers",
            "module.eks.aws_iam_instance_profile.workers_launch_template",
            "module.eks.aws_iam_role.cluster",
            "module.eks.aws_iam_role.workers",
            "module.eks.aws_iam_role_policy_attachment.cluster_AmazonEKSClusterPolicy",
            "module.eks.aws_iam_role_policy_attachment.cluster_AmazonEKSServicePolicy",
            "module.eks.aws_iam_role_policy_attachment.cluster_AmazonEKSVPCResourceControllerPolicy",
            "module.eks.aws_iam_role_policy_attachment.workers_AmazonEC2ContainerRegistryReadOnly",
            "module.eks.aws_iam_role_policy_attachment.workers_AmazonEKSWorkerNodePolicy",
            "module.eks.aws_iam_role_policy_attachment.workers_AmazonEKS_CNI_Policy",
            "module.eks.aws_security_group.cluster",
            "module.eks.aws_security_group.workers",
            "module.eks.aws_security_group_rule.cluster_egress_internet",
            "module.eks.aws_security_group_rule.cluster_https_worker_ingress",
            "module.eks.aws_security_group_rule.cluster_private_access_cidrs_source",
            "module.eks.aws_security_group_rule.cluster_private_access_sg_source",
            "module.eks.data.aws_ami.eks_worker",
            "module.eks.data.aws_ami.eks_worker_windows",
            "module.eks.data.aws_caller_identity.current",
            "module.eks.data.aws_iam_instance_profile.custom_worker_group_iam_instance_profile",
            "module.eks.data.aws_iam_instance_profile.custom_worker_group_launch_template_iam_instance_profile",
            "module.eks.data.aws_iam_policy_document.cluster_assume_role_policy",
            "module.eks.data.aws_iam_policy_document.workers_assume_role_policy",
            "module.eks.data.aws_iam_role.custom_cluster_iam_role",
            "module.eks.data.aws_partition.current",
            "module.eks.data.http.wait_for_cluster",
            "module.eks.module.fargate.aws_iam_role.eks_fargate_pod",
            "module.eks.module.fargate.data.aws_iam_role.custom_fargate_iam_role",
            "module.vpc.aws_subnet.private",
            "module.vpc.aws_vpc.this",
            "module.vpc.aws_vpc_ipv4_cidr_block_association.this",
            "random_string.suffix"
          ]
        }
      ]
    },
    {
      "module": "module.eks",
      "mode": "managed",
      "type": "local_file",
      "name": "kubeconfig",
      "provider": "provider[\"registry.terraform.io/hashicorp/local\"]",
      "instances": [
        {
          "index_key": 0,
          "schema_version": 0,
          "attributes": {
            "content": "apiVersion: v1\npreferences: {}\nkind: Config\n\nclusters:\n- cluster:\n    server: https://1AE6C2B714420C28DBB25076B4B231EB.yl4.us-west-1.eks.amazonaws.com\n    certificate-authority-data: LS0tLS1CRUdJTiBDRVJUSUZJQ0FURS0tLS0tCk1JSUM1ekNDQWMrZ0F3SUJBZ0lCQURBTkJna3Foa2lHOXcwQkFRc0ZBREFWTVJNd0VRWURWUVFERXdwcmRXSmwKY201bGRHVnpNQjRYRFRJeE1USXdPVEExTkRNek0xb1hEVE14TVRJd056QTFORE16TTFvd0ZURVRNQkVHQTFVRQpBeE1LYTNWaVpYSnVaWFJsY3pDQ0FTSXdEUVlKS29aSWh2Y05BUUVCQlFBRGdnRVBBRENDQVFvQ2dnRUJBSm5qCkdGMGRTdE9mb010d1MxcnB1bUdBRWlXcTNJeGFSYjVlNWtLUUV5a3hIcG41c2wyZ1FPNU85cnkxS1lZRmNDb20KNFRLYmZYNFV5L0JiU0o0RU42SUlWakNOZ2szN0ZNbVVhOW9WQWFQUmdwNEVEYTdDRVJLanhvMzlKNUlXcHVJbwpjbEkwSHdoSERGZ0daaTIyZXo0ck80WmphYUZmU3VnTzVpbys0d2Y4SG1LQ0haNUE1WkhKZUJIaWQ0bjVjelFwCklSUE1rOHZHR3ZQb3EwT3ByREdhRDFlUGJzajJKN3lVMUhmK2NyK1hlTm1Fb2wrVk4zY0dBTElwSCtCVjc2Q1UKRktqQTkxVUthd3NhRFZYTHNhSGdwdmtmWnNWNDg2aU03NVcwemJDaVN1UVRXeXhRVVduVS9RNzdzMVR6Yml5VworYXg5RmdhNS9OcFVCcTREK1cwQ0F3RUFBYU5DTUVBd0RnWURWUjBQQVFIL0JBUURBZ0trTUE4R0ExVWRFd0VCCi93UUZNQU1CQWY4d0hRWURWUjBPQkJZRUZPTjc2RVp5SmpDR0UyOXlMT1Q2S05pMDNzQnBNQTBHQ1NxR1NJYjMKRFFFQkN3VUFBNElCQVFCZGpISUI5amp3VGozVXJiT0NFRmo0SnBKdjIrcHJPVjhhdkZteExNRkhOWUd5cnBqUQpmNVB5by9NWUpzc2lENks5Uk1nd2xqSXRxdXVQQmsrNFVsL1VVV0sxbnIrR3RkQzZkS0gra3lpcEw0bjJ0aWlxCmpRdXJOUUFOZ29SbjltNUVDTGFkbjRWT0svYURDbmQvak9yQlU3ZkZpT0RtUEhuYzQyY3dNTkdSUTVDYVdpcHAKRlE3Uy9iMFBCMExrWVFaT21nS2w5VXdCc3FZN0pTb3pCUkpjcmgxNFRNSUh2T2JTNWtnYTBBcmRtOUxueHJ5VApNOUJ5WXZlamV5ZmduaHhueHd4R2Vhb0VaejE1SXRlcUwrSDhOdHdJYVErcVYrUGxrK25qRXZ1SmtKNEVoQ0xiCjQvTmZ4NitXcEwxNng5SURYdXZEM3E0V1BqRG9wTHBUcVlrbwotLS0tLUVORCBDRVJUSUZJQ0FURS0tLS0tCg==\n  name: eks_blockchain-prod-eks-u9XBVrk6\n\ncontexts:\n- context:\n    cluster: eks_blockchain-prod-eks-u9XBVrk6\n    user: eks_blockchain-prod-eks-u9XBVrk6\n  name: eks_blockchain-prod-eks-u9XBVrk6\n\ncurrent-context: eks_blockchain-prod-eks-u9XBVrk6\n\nusers:\n- name: eks_blockchain-prod-eks-u9XBVrk6\n  user:\n    exec:\n      apiVersion: client.authentication.k8s.io/v1alpha1\n      command: aws-iam-authenticator\n      args:\n        - \"token\"\n        - \"-i\"\n        - \"blockchain-prod-eks-u9XBVrk6\"\n",
            "content_base64": null,
            "directory_permission": "0755",
            "file_permission": "0600",
            "filename": "./kubeconfig_blockchain-prod-eks-u9XBVrk6",
            "id": "a4ce886cc32e9ee91990a25d2ca01bc661e54352",
            "sensitive_content": null,
            "source": null
          },
          "sensitive_attributes": [],
          "private": "bnVsbA==",
          "dependencies": [
            "data.aws_availability_zones.available",
            "module.eks.aws_cloudwatch_log_group.this",
            "module.eks.aws_eks_cluster.this",
            "module.eks.aws_iam_role.cluster",
            "module.eks.aws_iam_role_policy_attachment.cluster_AmazonEKSClusterPolicy",
            "module.eks.aws_iam_role_policy_attachment.cluster_AmazonEKSServicePolicy",
            "module.eks.aws_iam_role_policy_attachment.cluster_AmazonEKSVPCResourceControllerPolicy",
            "module.eks.aws_security_group.cluster",
            "module.eks.aws_security_group.workers",
            "module.eks.aws_security_group_rule.cluster_egress_internet",
            "module.eks.aws_security_group_rule.cluster_https_worker_ingress",
            "module.eks.data.aws_iam_policy_document.cluster_assume_role_policy",
            "module.eks.data.aws_iam_role.custom_cluster_iam_role",
            "module.eks.data.aws_partition.current",
            "module.vpc.aws_subnet.private",
            "module.vpc.aws_vpc.this",
            "module.vpc.aws_vpc_ipv4_cidr_block_association.this",
            "random_string.suffix"
          ]
        }
      ]
    },
    {
      "module": "module.eks.module.fargate",
      "mode": "data",
      "type": "aws_partition",
      "name": "current",
      "provider": "provider[\"registry.terraform.io/hashicorp/aws\"]",
      "instances": [
        {
          "schema_version": 0,
          "attributes": {
            "dns_suffix": "amazonaws.com",
            "id": "aws",
            "partition": "aws",
            "reverse_dns_prefix": "com.amazonaws"
          },
          "sensitive_attributes": []
        }
      ]
    },
    {
      "module": "module.vpc",
      "mode": "managed",
      "type": "aws_eip",
      "name": "nat",
      "provider": "provider[\"registry.terraform.io/hashicorp/aws\"]",
      "instances": [
        {
          "index_key": 0,
          "schema_version": 0,
          "attributes": {
            "address": null,
            "allocation_id": "eipalloc-001e2e8715888941e",
            "associate_with_private_ip": null,
            "association_id": "",
            "carrier_ip": "",
            "customer_owned_ip": "",
            "customer_owned_ipv4_pool": "",
            "domain": "vpc",
            "id": "eipalloc-001e2e8715888941e",
            "instance": "",
            "network_border_group": "us-west-1",
            "network_interface": "",
            "private_dns": null,
            "private_ip": "",
            "public_dns": "ec2-13-52-15-217.us-west-1.compute.amazonaws.com",
            "public_ip": "13.52.15.217",
            "public_ipv4_pool": "amazon",
            "tags": {
              "Name": "blockchain-prod-vpc-us-west-1a",
              "kubernetes.io/cluster/blockchain-prod-eks-u9XBVrk6": "shared"
            },
            "tags_all": {
              "Name": "blockchain-prod-vpc-us-west-1a",
              "kubernetes.io/cluster/blockchain-prod-eks-u9XBVrk6": "shared"
            },
            "timeouts": null,
            "vpc": true
          },
          "sensitive_attributes": [],
          "private": "eyJlMmJmYjczMC1lY2FhLTExZTYtOGY4OC0zNDM2M2JjN2M0YzAiOnsiZGVsZXRlIjoxODAwMDAwMDAwMDAsInJlYWQiOjkwMDAwMDAwMDAwMCwidXBkYXRlIjozMDAwMDAwMDAwMDB9fQ==",
          "dependencies": [
            "data.aws_availability_zones.available",
            "random_string.suffix"
          ]
        }
      ]
    },
    {
      "module": "module.vpc",
      "mode": "managed",
      "type": "aws_internet_gateway",
      "name": "this",
      "provider": "provider[\"registry.terraform.io/hashicorp/aws\"]",
      "instances": [
        {
          "index_key": 0,
          "schema_version": 0,
          "attributes": {
            "arn": "arn:aws:ec2:us-west-1:103947711118:internet-gateway/igw-0be1e402c438bdcf8",
            "id": "igw-0be1e402c438bdcf8",
            "owner_id": "103947711118",
            "tags": {
              "Name": "blockchain-prod-vpc",
              "kubernetes.io/cluster/blockchain-prod-eks-u9XBVrk6": "shared"
            },
            "tags_all": {
              "Name": "blockchain-prod-vpc",
              "kubernetes.io/cluster/blockchain-prod-eks-u9XBVrk6": "shared"
            },
            "vpc_id": "vpc-0a00e571851180b5c"
          },
          "sensitive_attributes": [],
          "private": "bnVsbA==",
          "dependencies": [
            "module.vpc.aws_vpc.this",
            "module.vpc.aws_vpc_ipv4_cidr_block_association.this",
            "random_string.suffix"
          ]
        }
      ]
    },
    {
      "module": "module.vpc",
      "mode": "managed",
      "type": "aws_nat_gateway",
      "name": "this",
      "provider": "provider[\"registry.terraform.io/hashicorp/aws\"]",
      "instances": [
        {
          "index_key": 0,
          "schema_version": 0,
          "attributes": {
            "allocation_id": "eipalloc-001e2e8715888941e",
            "connectivity_type": "public",
            "id": "nat-0966740567a7bb24b",
            "network_interface_id": "eni-0c86ba207978b7f5f",
            "private_ip": "10.10.4.138",
            "public_ip": "13.52.15.217",
            "subnet_id": "subnet-0de0cb0c8ed5dd8ba",
            "tags": {
              "Name": "blockchain-prod-vpc-us-west-1a",
              "kubernetes.io/cluster/blockchain-prod-eks-u9XBVrk6": "shared"
            },
            "tags_all": {
              "Name": "blockchain-prod-vpc-us-west-1a",
              "kubernetes.io/cluster/blockchain-prod-eks-u9XBVrk6": "shared"
            }
          },
          "sensitive_attributes": [],
          "private": "bnVsbA==",
          "dependencies": [
            "data.aws_availability_zones.available",
            "module.vpc.aws_eip.nat",
            "module.vpc.aws_internet_gateway.this",
            "module.vpc.aws_subnet.public",
            "module.vpc.aws_vpc.this",
            "module.vpc.aws_vpc_ipv4_cidr_block_association.this",
            "random_string.suffix"
          ]
        }
      ]
    },
    {
      "module": "module.vpc",
      "mode": "managed",
      "type": "aws_route",
      "name": "private_nat_gateway",
      "provider": "provider[\"registry.terraform.io/hashicorp/aws\"]",
      "instances": [
        {
          "index_key": 0,
          "schema_version": 0,
          "attributes": {
            "carrier_gateway_id": "",
            "destination_cidr_block": "0.0.0.0/0",
            "destination_ipv6_cidr_block": "",
            "destination_prefix_list_id": "",
            "egress_only_gateway_id": "",
            "gateway_id": "",
            "id": "r-rtb-06f3ffc10a7f6f5701080289494",
            "instance_id": "",
            "instance_owner_id": "",
            "local_gateway_id": "",
            "nat_gateway_id": "nat-0966740567a7bb24b",
            "network_interface_id": "",
            "origin": "CreateRoute",
            "route_table_id": "rtb-06f3ffc10a7f6f570",
            "state": "active",
            "timeouts": {
              "create": "5m",
              "delete": null,
              "update": null
            },
            "transit_gateway_id": "",
            "vpc_endpoint_id": "",
            "vpc_peering_connection_id": ""
          },
          "sensitive_attributes": [],
          "private": "eyJlMmJmYjczMC1lY2FhLTExZTYtOGY4OC0zNDM2M2JjN2M0YzAiOnsiY3JlYXRlIjozMDAwMDAwMDAwMDAsImRlbGV0ZSI6MzAwMDAwMDAwMDAwLCJ1cGRhdGUiOjEyMDAwMDAwMDAwMH19",
          "dependencies": [
            "data.aws_availability_zones.available",
            "module.vpc.aws_eip.nat",
            "module.vpc.aws_internet_gateway.this",
            "module.vpc.aws_nat_gateway.this",
            "module.vpc.aws_route_table.private",
            "module.vpc.aws_subnet.public",
            "module.vpc.aws_vpc.this",
            "module.vpc.aws_vpc_ipv4_cidr_block_association.this",
            "random_string.suffix"
          ]
        }
      ]
    },
    {
      "module": "module.vpc",
      "mode": "managed",
      "type": "aws_route",
      "name": "public_internet_gateway",
      "provider": "provider[\"registry.terraform.io/hashicorp/aws\"]",
      "instances": [
        {
          "index_key": 0,
          "schema_version": 0,
          "attributes": {
            "carrier_gateway_id": "",
            "destination_cidr_block": "0.0.0.0/0",
            "destination_ipv6_cidr_block": "",
            "destination_prefix_list_id": "",
            "egress_only_gateway_id": "",
            "gateway_id": "igw-0be1e402c438bdcf8",
            "id": "r-rtb-0ef763078d3bc83e21080289494",
            "instance_id": "",
            "instance_owner_id": "",
            "local_gateway_id": "",
            "nat_gateway_id": "",
            "network_interface_id": "",
            "origin": "CreateRoute",
            "route_table_id": "rtb-0ef763078d3bc83e2",
            "state": "active",
            "timeouts": {
              "create": "5m",
              "delete": null,
              "update": null
            },
            "transit_gateway_id": "",
            "vpc_endpoint_id": "",
            "vpc_peering_connection_id": ""
          },
          "sensitive_attributes": [],
          "private": "eyJlMmJmYjczMC1lY2FhLTExZTYtOGY4OC0zNDM2M2JjN2M0YzAiOnsiY3JlYXRlIjozMDAwMDAwMDAwMDAsImRlbGV0ZSI6MzAwMDAwMDAwMDAwLCJ1cGRhdGUiOjEyMDAwMDAwMDAwMH19",
          "dependencies": [
            "module.vpc.aws_internet_gateway.this",
            "module.vpc.aws_route_table.public",
            "module.vpc.aws_vpc.this",
            "module.vpc.aws_vpc_ipv4_cidr_block_association.this",
            "random_string.suffix"
          ]
        }
      ]
    },
    {
      "module": "module.vpc",
      "mode": "managed",
      "type": "aws_route_table",
      "name": "private",
      "provider": "provider[\"registry.terraform.io/hashicorp/aws\"]",
      "instances": [
        {
          "index_key": 0,
          "schema_version": 0,
          "attributes": {
            "arn": "arn:aws:ec2:us-west-1:103947711118:route-table/rtb-06f3ffc10a7f6f570",
            "id": "rtb-06f3ffc10a7f6f570",
            "owner_id": "103947711118",
            "propagating_vgws": [],
            "route": [],
            "tags": {
              "Name": "blockchain-prod-vpc-private",
              "kubernetes.io/cluster/blockchain-prod-eks-u9XBVrk6": "shared"
            },
            "tags_all": {
              "Name": "blockchain-prod-vpc-private",
              "kubernetes.io/cluster/blockchain-prod-eks-u9XBVrk6": "shared"
            },
            "timeouts": null,
            "vpc_id": "vpc-0a00e571851180b5c"
          },
          "sensitive_attributes": [],
          "private": "eyJlMmJmYjczMC1lY2FhLTExZTYtOGY4OC0zNDM2M2JjN2M0YzAiOnsiY3JlYXRlIjoxMjAwMDAwMDAwMDAsImRlbGV0ZSI6MzAwMDAwMDAwMDAwLCJ1cGRhdGUiOjEyMDAwMDAwMDAwMH19",
          "dependencies": [
            "data.aws_availability_zones.available",
            "module.vpc.aws_vpc.this",
            "module.vpc.aws_vpc_ipv4_cidr_block_association.this",
            "random_string.suffix"
          ]
        }
      ]
    },
    {
      "module": "module.vpc",
      "mode": "managed",
      "type": "aws_route_table",
      "name": "public",
      "provider": "provider[\"registry.terraform.io/hashicorp/aws\"]",
      "instances": [
        {
          "index_key": 0,
          "schema_version": 0,
          "attributes": {
            "arn": "arn:aws:ec2:us-west-1:103947711118:route-table/rtb-0ef763078d3bc83e2",
            "id": "rtb-0ef763078d3bc83e2",
            "owner_id": "103947711118",
            "propagating_vgws": [],
            "route": [],
            "tags": {
              "Name": "blockchain-prod-vpc-public",
              "kubernetes.io/cluster/blockchain-prod-eks-u9XBVrk6": "shared"
            },
            "tags_all": {
              "Name": "blockchain-prod-vpc-public",
              "kubernetes.io/cluster/blockchain-prod-eks-u9XBVrk6": "shared"
            },
            "timeouts": null,
            "vpc_id": "vpc-0a00e571851180b5c"
          },
          "sensitive_attributes": [],
          "private": "eyJlMmJmYjczMC1lY2FhLTExZTYtOGY4OC0zNDM2M2JjN2M0YzAiOnsiY3JlYXRlIjoxMjAwMDAwMDAwMDAsImRlbGV0ZSI6MzAwMDAwMDAwMDAwLCJ1cGRhdGUiOjEyMDAwMDAwMDAwMH19",
          "dependencies": [
            "module.vpc.aws_vpc.this",
            "module.vpc.aws_vpc_ipv4_cidr_block_association.this",
            "random_string.suffix"
          ]
        }
      ]
    },
    {
      "module": "module.vpc",
      "mode": "managed",
      "type": "aws_route_table_association",
      "name": "private",
      "provider": "provider[\"registry.terraform.io/hashicorp/aws\"]",
      "instances": [
        {
          "index_key": 0,
          "schema_version": 0,
          "attributes": {
            "gateway_id": "",
            "id": "rtbassoc-02bee8fd4ae91c3c8",
            "route_table_id": "rtb-06f3ffc10a7f6f570",
            "subnet_id": "subnet-0f421714b762693fe"
          },
          "sensitive_attributes": [],
          "private": "bnVsbA==",
          "dependencies": [
            "data.aws_availability_zones.available",
            "module.vpc.aws_route_table.private",
            "module.vpc.aws_subnet.private",
            "module.vpc.aws_vpc.this",
            "module.vpc.aws_vpc_ipv4_cidr_block_association.this",
            "random_string.suffix"
          ]
        },
        {
          "index_key": 1,
          "schema_version": 0,
          "attributes": {
            "gateway_id": "",
            "id": "rtbassoc-096afdfd4ca106c87",
            "route_table_id": "rtb-06f3ffc10a7f6f570",
            "subnet_id": "subnet-03711986fac7795d4"
          },
          "sensitive_attributes": [],
          "private": "bnVsbA==",
          "dependencies": [
            "data.aws_availability_zones.available",
            "module.vpc.aws_route_table.private",
            "module.vpc.aws_subnet.private",
            "module.vpc.aws_vpc.this",
            "module.vpc.aws_vpc_ipv4_cidr_block_association.this",
            "random_string.suffix"
          ]
        },
        {
          "index_key": 2,
          "schema_version": 0,
          "attributes": {
            "gateway_id": "",
            "id": "rtbassoc-0d4fe0802b5468dc7",
            "route_table_id": "rtb-06f3ffc10a7f6f570",
            "subnet_id": "subnet-0b9df6c2e899b4785"
          },
          "sensitive_attributes": [],
          "private": "bnVsbA==",
          "dependencies": [
            "data.aws_availability_zones.available",
            "module.vpc.aws_route_table.private",
            "module.vpc.aws_subnet.private",
            "module.vpc.aws_vpc.this",
            "module.vpc.aws_vpc_ipv4_cidr_block_association.this",
            "random_string.suffix"
          ]
        }
      ]
    },
    {
      "module": "module.vpc",
      "mode": "managed",
      "type": "aws_route_table_association",
      "name": "public",
      "provider": "provider[\"registry.terraform.io/hashicorp/aws\"]",
      "instances": [
        {
          "index_key": 0,
          "schema_version": 0,
          "attributes": {
            "gateway_id": "",
            "id": "rtbassoc-04370705912dfabb4",
            "route_table_id": "rtb-0ef763078d3bc83e2",
            "subnet_id": "subnet-0de0cb0c8ed5dd8ba"
          },
          "sensitive_attributes": [],
          "private": "bnVsbA==",
          "dependencies": [
            "data.aws_availability_zones.available",
            "module.vpc.aws_route_table.public",
            "module.vpc.aws_subnet.public",
            "module.vpc.aws_vpc.this",
            "module.vpc.aws_vpc_ipv4_cidr_block_association.this",
            "random_string.suffix"
          ]
        },
        {
          "index_key": 1,
          "schema_version": 0,
          "attributes": {
            "gateway_id": "",
            "id": "rtbassoc-024264d88f35a3105",
            "route_table_id": "rtb-0ef763078d3bc83e2",
            "subnet_id": "subnet-088997febea0fc0fe"
          },
          "sensitive_attributes": [],
          "private": "bnVsbA==",
          "dependencies": [
            "data.aws_availability_zones.available",
            "module.vpc.aws_route_table.public",
            "module.vpc.aws_subnet.public",
            "module.vpc.aws_vpc.this",
            "module.vpc.aws_vpc_ipv4_cidr_block_association.this",
            "random_string.suffix"
          ]
        },
        {
          "index_key": 2,
          "schema_version": 0,
          "attributes": {
            "gateway_id": "",
            "id": "rtbassoc-09b5a42ffceae79f7",
            "route_table_id": "rtb-0ef763078d3bc83e2",
            "subnet_id": "subnet-0db7bb9e72b703ccc"
          },
          "sensitive_attributes": [],
          "private": "bnVsbA==",
          "dependencies": [
            "data.aws_availability_zones.available",
            "module.vpc.aws_route_table.public",
            "module.vpc.aws_subnet.public",
            "module.vpc.aws_vpc.this",
            "module.vpc.aws_vpc_ipv4_cidr_block_association.this",
            "random_string.suffix"
          ]
        }
      ]
    },
    {
      "module": "module.vpc",
      "mode": "managed",
      "type": "aws_subnet",
      "name": "private",
      "provider": "provider[\"registry.terraform.io/hashicorp/aws\"]",
      "instances": [
        {
          "index_key": 0,
          "schema_version": 1,
          "attributes": {
            "arn": "arn:aws:ec2:us-west-1:103947711118:subnet/subnet-0f421714b762693fe",
            "assign_ipv6_address_on_creation": false,
            "availability_zone": "us-west-1a",
            "availability_zone_id": "usw1-az3",
            "cidr_block": "10.10.1.0/24",
            "customer_owned_ipv4_pool": "",
            "id": "subnet-0f421714b762693fe",
            "ipv6_cidr_block": "",
            "ipv6_cidr_block_association_id": "",
            "map_customer_owned_ip_on_launch": false,
            "map_public_ip_on_launch": false,
            "outpost_arn": "",
            "owner_id": "103947711118",
            "tags": {
              "Name": "blockchain-prod-vpc-private-us-west-1a",
              "kubernetes.io/cluster/blockchain-prod-eks-u9XBVrk6": "shared",
              "kubernetes.io/role/internal-elb": "1"
            },
            "tags_all": {
              "Name": "blockchain-prod-vpc-private-us-west-1a",
              "kubernetes.io/cluster/blockchain-prod-eks-u9XBVrk6": "shared",
              "kubernetes.io/role/internal-elb": "1"
            },
            "timeouts": null,
            "vpc_id": "vpc-0a00e571851180b5c"
          },
          "sensitive_attributes": [],
          "private": "eyJlMmJmYjczMC1lY2FhLTExZTYtOGY4OC0zNDM2M2JjN2M0YzAiOnsiY3JlYXRlIjo2MDAwMDAwMDAwMDAsImRlbGV0ZSI6MTIwMDAwMDAwMDAwMH0sInNjaGVtYV92ZXJzaW9uIjoiMSJ9",
          "dependencies": [
            "data.aws_availability_zones.available",
            "module.vpc.aws_vpc.this",
            "module.vpc.aws_vpc_ipv4_cidr_block_association.this",
            "random_string.suffix"
          ],
          "create_before_destroy": true
        },
        {
          "index_key": 1,
          "schema_version": 1,
          "attributes": {
            "arn": "arn:aws:ec2:us-west-1:103947711118:subnet/subnet-03711986fac7795d4",
            "assign_ipv6_address_on_creation": false,
            "availability_zone": "us-west-1b",
            "availability_zone_id": "usw1-az1",
            "cidr_block": "10.10.2.0/24",
            "customer_owned_ipv4_pool": "",
            "id": "subnet-03711986fac7795d4",
            "ipv6_cidr_block": "",
            "ipv6_cidr_block_association_id": "",
            "map_customer_owned_ip_on_launch": false,
            "map_public_ip_on_launch": false,
            "outpost_arn": "",
            "owner_id": "103947711118",
            "tags": {
              "Name": "blockchain-prod-vpc-private-us-west-1b",
              "kubernetes.io/cluster/blockchain-prod-eks-u9XBVrk6": "shared",
              "kubernetes.io/role/internal-elb": "1"
            },
            "tags_all": {
              "Name": "blockchain-prod-vpc-private-us-west-1b",
              "kubernetes.io/cluster/blockchain-prod-eks-u9XBVrk6": "shared",
              "kubernetes.io/role/internal-elb": "1"
            },
            "timeouts": null,
            "vpc_id": "vpc-0a00e571851180b5c"
          },
          "sensitive_attributes": [],
          "private": "eyJlMmJmYjczMC1lY2FhLTExZTYtOGY4OC0zNDM2M2JjN2M0YzAiOnsiY3JlYXRlIjo2MDAwMDAwMDAwMDAsImRlbGV0ZSI6MTIwMDAwMDAwMDAwMH0sInNjaGVtYV92ZXJzaW9uIjoiMSJ9",
          "dependencies": [
            "data.aws_availability_zones.available",
            "module.vpc.aws_vpc.this",
            "module.vpc.aws_vpc_ipv4_cidr_block_association.this",
            "random_string.suffix"
          ],
          "create_before_destroy": true
        },
        {
          "index_key": 2,
          "schema_version": 1,
          "attributes": {
            "arn": "arn:aws:ec2:us-west-1:103947711118:subnet/subnet-0b9df6c2e899b4785",
            "assign_ipv6_address_on_creation": false,
            "availability_zone": "us-west-1a",
            "availability_zone_id": "usw1-az3",
            "cidr_block": "10.10.3.0/24",
            "customer_owned_ipv4_pool": "",
            "id": "subnet-0b9df6c2e899b4785",
            "ipv6_cidr_block": "",
            "ipv6_cidr_block_association_id": "",
            "map_customer_owned_ip_on_launch": false,
            "map_public_ip_on_launch": false,
            "outpost_arn": "",
            "owner_id": "103947711118",
            "tags": {
              "Name": "blockchain-prod-vpc-private-us-west-1a",
              "kubernetes.io/cluster/blockchain-prod-eks-u9XBVrk6": "shared",
              "kubernetes.io/role/internal-elb": "1"
            },
            "tags_all": {
              "Name": "blockchain-prod-vpc-private-us-west-1a",
              "kubernetes.io/cluster/blockchain-prod-eks-u9XBVrk6": "shared",
              "kubernetes.io/role/internal-elb": "1"
            },
            "timeouts": null,
            "vpc_id": "vpc-0a00e571851180b5c"
          },
          "sensitive_attributes": [],
          "private": "eyJlMmJmYjczMC1lY2FhLTExZTYtOGY4OC0zNDM2M2JjN2M0YzAiOnsiY3JlYXRlIjo2MDAwMDAwMDAwMDAsImRlbGV0ZSI6MTIwMDAwMDAwMDAwMH0sInNjaGVtYV92ZXJzaW9uIjoiMSJ9",
          "dependencies": [
            "data.aws_availability_zones.available",
            "module.vpc.aws_vpc.this",
            "module.vpc.aws_vpc_ipv4_cidr_block_association.this",
            "random_string.suffix"
          ],
          "create_before_destroy": true
        }
      ]
    },
    {
      "module": "module.vpc",
      "mode": "managed",
      "type": "aws_subnet",
      "name": "public",
      "provider": "provider[\"registry.terraform.io/hashicorp/aws\"]",
      "instances": [
        {
          "index_key": 0,
          "schema_version": 1,
          "attributes": {
            "arn": "arn:aws:ec2:us-west-1:103947711118:subnet/subnet-0de0cb0c8ed5dd8ba",
            "assign_ipv6_address_on_creation": false,
            "availability_zone": "us-west-1a",
            "availability_zone_id": "usw1-az3",
            "cidr_block": "10.10.4.0/24",
            "customer_owned_ipv4_pool": "",
            "id": "subnet-0de0cb0c8ed5dd8ba",
            "ipv6_cidr_block": "",
            "ipv6_cidr_block_association_id": "",
            "map_customer_owned_ip_on_launch": false,
            "map_public_ip_on_launch": true,
            "outpost_arn": "",
            "owner_id": "103947711118",
            "tags": {
              "Name": "blockchain-prod-vpc-public-us-west-1a",
              "kubernetes.io/cluster/blockchain-prod-eks-u9XBVrk6": "shared",
              "kubernetes.io/role/elb": "1"
            },
            "tags_all": {
              "Name": "blockchain-prod-vpc-public-us-west-1a",
              "kubernetes.io/cluster/blockchain-prod-eks-u9XBVrk6": "shared",
              "kubernetes.io/role/elb": "1"
            },
            "timeouts": null,
            "vpc_id": "vpc-0a00e571851180b5c"
          },
          "sensitive_attributes": [],
          "private": "eyJlMmJmYjczMC1lY2FhLTExZTYtOGY4OC0zNDM2M2JjN2M0YzAiOnsiY3JlYXRlIjo2MDAwMDAwMDAwMDAsImRlbGV0ZSI6MTIwMDAwMDAwMDAwMH0sInNjaGVtYV92ZXJzaW9uIjoiMSJ9",
          "dependencies": [
            "data.aws_availability_zones.available",
            "module.vpc.aws_vpc.this",
            "module.vpc.aws_vpc_ipv4_cidr_block_association.this",
            "random_string.suffix"
          ]
        },
        {
          "index_key": 1,
          "schema_version": 1,
          "attributes": {
            "arn": "arn:aws:ec2:us-west-1:103947711118:subnet/subnet-088997febea0fc0fe",
            "assign_ipv6_address_on_creation": false,
            "availability_zone": "us-west-1b",
            "availability_zone_id": "usw1-az1",
            "cidr_block": "10.10.5.0/24",
            "customer_owned_ipv4_pool": "",
            "id": "subnet-088997febea0fc0fe",
            "ipv6_cidr_block": "",
            "ipv6_cidr_block_association_id": "",
            "map_customer_owned_ip_on_launch": false,
            "map_public_ip_on_launch": true,
            "outpost_arn": "",
            "owner_id": "103947711118",
            "tags": {
              "Name": "blockchain-prod-vpc-public-us-west-1b",
              "kubernetes.io/cluster/blockchain-prod-eks-u9XBVrk6": "shared",
              "kubernetes.io/role/elb": "1"
            },
            "tags_all": {
              "Name": "blockchain-prod-vpc-public-us-west-1b",
              "kubernetes.io/cluster/blockchain-prod-eks-u9XBVrk6": "shared",
              "kubernetes.io/role/elb": "1"
            },
            "timeouts": null,
            "vpc_id": "vpc-0a00e571851180b5c"
          },
          "sensitive_attributes": [],
          "private": "eyJlMmJmYjczMC1lY2FhLTExZTYtOGY4OC0zNDM2M2JjN2M0YzAiOnsiY3JlYXRlIjo2MDAwMDAwMDAwMDAsImRlbGV0ZSI6MTIwMDAwMDAwMDAwMH0sInNjaGVtYV92ZXJzaW9uIjoiMSJ9",
          "dependencies": [
            "data.aws_availability_zones.available",
            "module.vpc.aws_vpc.this",
            "module.vpc.aws_vpc_ipv4_cidr_block_association.this",
            "random_string.suffix"
          ]
        },
        {
          "index_key": 2,
          "schema_version": 1,
          "attributes": {
            "arn": "arn:aws:ec2:us-west-1:103947711118:subnet/subnet-0db7bb9e72b703ccc",
            "assign_ipv6_address_on_creation": false,
            "availability_zone": "us-west-1a",
            "availability_zone_id": "usw1-az3",
            "cidr_block": "10.10.6.0/24",
            "customer_owned_ipv4_pool": "",
            "id": "subnet-0db7bb9e72b703ccc",
            "ipv6_cidr_block": "",
            "ipv6_cidr_block_association_id": "",
            "map_customer_owned_ip_on_launch": false,
            "map_public_ip_on_launch": true,
            "outpost_arn": "",
            "owner_id": "103947711118",
            "tags": {
              "Name": "blockchain-prod-vpc-public-us-west-1a",
              "kubernetes.io/cluster/blockchain-prod-eks-u9XBVrk6": "shared",
              "kubernetes.io/role/elb": "1"
            },
            "tags_all": {
              "Name": "blockchain-prod-vpc-public-us-west-1a",
              "kubernetes.io/cluster/blockchain-prod-eks-u9XBVrk6": "shared",
              "kubernetes.io/role/elb": "1"
            },
            "timeouts": null,
            "vpc_id": "vpc-0a00e571851180b5c"
          },
          "sensitive_attributes": [],
          "private": "eyJlMmJmYjczMC1lY2FhLTExZTYtOGY4OC0zNDM2M2JjN2M0YzAiOnsiY3JlYXRlIjo2MDAwMDAwMDAwMDAsImRlbGV0ZSI6MTIwMDAwMDAwMDAwMH0sInNjaGVtYV92ZXJzaW9uIjoiMSJ9",
          "dependencies": [
            "data.aws_availability_zones.available",
            "module.vpc.aws_vpc.this",
            "module.vpc.aws_vpc_ipv4_cidr_block_association.this",
            "random_string.suffix"
          ]
        }
      ]
    },
    {
      "module": "module.vpc",
      "mode": "managed",
      "type": "aws_vpc",
      "name": "this",
      "provider": "provider[\"registry.terraform.io/hashicorp/aws\"]",
      "instances": [
        {
          "index_key": 0,
          "schema_version": 1,
          "attributes": {
            "arn": "arn:aws:ec2:us-west-1:103947711118:vpc/vpc-0a00e571851180b5c",
            "assign_generated_ipv6_cidr_block": false,
            "cidr_block": "10.10.0.0/16",
            "default_network_acl_id": "acl-0cc365f518cbac8ac",
            "default_route_table_id": "rtb-07b9325494cbc4efd",
            "default_security_group_id": "sg-05499b04b836a3949",
            "dhcp_options_id": "dopt-882434ea",
            "enable_classiclink": false,
            "enable_classiclink_dns_support": false,
            "enable_dns_hostnames": true,
            "enable_dns_support": true,
            "id": "vpc-0a00e571851180b5c",
            "instance_tenancy": "default",
            "ipv4_ipam_pool_id": null,
            "ipv4_netmask_length": null,
            "ipv6_association_id": "",
            "ipv6_cidr_block": "",
            "ipv6_ipam_pool_id": null,
            "ipv6_netmask_length": null,
            "main_route_table_id": "rtb-07b9325494cbc4efd",
            "owner_id": "103947711118",
            "tags": {
              "Name": "blockchain-prod-vpc",
              "kubernetes.io/cluster/blockchain-prod-eks-u9XBVrk6": "shared"
            },
            "tags_all": {
              "Name": "blockchain-prod-vpc",
              "kubernetes.io/cluster/blockchain-prod-eks-u9XBVrk6": "shared"
            }
          },
          "sensitive_attributes": [],
          "private": "eyJzY2hlbWFfdmVyc2lvbiI6IjEifQ==",
          "dependencies": [
            "random_string.suffix"
          ],
          "create_before_destroy": true
        }
      ]
    }
  ]
}
