{
  "version": 4,
  "terraform_version": "0.15.4",
  "serial": 760,
  "lineage": "cef0538b-f9c6-dc6e-0d35-3605dfe153e6",
  "outputs": {
    "cluster_endpoint": {
      "value": "https://E3EAB83ACDA30A3C45758AC3421DD1E6.sk1.us-west-1.eks.amazonaws.com",
      "type": "string"
    },
    "cluster_id": {
      "value": "blockchain-prod-eks-HczIGKWg",
      "type": "string"
    },
    "cluster_name": {
      "value": "blockchain-prod-eks-HczIGKWg",
      "type": "string"
    },
    "cluster_security_group_id": {
      "value": "sg-0d9601cd0815ac792",
      "type": "string"
    },
    "config_map_aws_auth": {
      "value": [
        {
          "binary_data": {},
          "data": {
            "mapAccounts": "[]\n",
            "mapRoles": "- \"groups\":\n  - \"system:bootstrappers\"\n  - \"system:nodes\"\n  \"rolearn\": \"arn:aws:iam::844410341491:role/blockchain-prod-eks-HczIGKWg2021070721292885240000000c\"\n  \"username\": \"system:node:{{EC2PrivateDNSName}}\"\n",
            "mapUsers": "[]\n"
          },
          "id": "kube-system/aws-auth",
          "metadata": [
            {
              "annotations": {},
              "generate_name": "",
              "generation": 0,
              "labels": {
                "app.kubernetes.io/managed-by": "Terraform",
                "terraform.io/module": "terraform-aws-modules.eks.aws"
              },
              "name": "aws-auth",
              "namespace": "kube-system",
              "resource_version": "626",
              "uid": "56aa8a8e-8218-4bd2-a82b-2228a5596384"
            }
          ]
        }
      ],
      "type": [
        "tuple",
        [
          [
            "object",
            {
              "binary_data": [
                "map",
                "string"
              ],
              "data": [
                "map",
                "string"
              ],
              "id": "string",
              "metadata": [
                "list",
                [
                  "object",
                  {
                    "annotations": [
                      "map",
                      "string"
                    ],
                    "generate_name": "string",
                    "generation": "number",
                    "labels": [
                      "map",
                      "string"
                    ],
                    "name": "string",
                    "namespace": "string",
                    "resource_version": "string",
                    "uid": "string"
                  }
                ]
              ]
            }
          ]
        ]
      ]
    },
    "configuration_endpoint_address": {
      "value": "blockchain-prod-cache.snoyqv.clustercfg.usw1.cache.amazonaws.com",
      "type": "string"
    },
    "kubectl_config": {
      "value": "apiVersion: v1\r\npreferences: {}\r\nkind: Config\r\n\r\nclusters:\r\n- cluster:\r\n    server: https://E3EAB83ACDA30A3C45758AC3421DD1E6.sk1.us-west-1.eks.amazonaws.com\r\n    certificate-authority-data: LS0tLS1CRUdJTiBDRVJUSUZJQ0FURS0tLS0tCk1JSUM1ekNDQWMrZ0F3SUJBZ0lCQURBTkJna3Foa2lHOXcwQkFRc0ZBREFWTVJNd0VRWURWUVFERXdwcmRXSmwKY201bGRHVnpNQjRYRFRJeE1EY3dOekl4TWpZd01Gb1hEVE14TURjd05USXhNall3TUZvd0ZURVRNQkVHQTFVRQpBeE1LYTNWaVpYSnVaWFJsY3pDQ0FTSXdEUVlKS29aSWh2Y05BUUVCQlFBRGdnRVBBRENDQVFvQ2dnRUJBTFNHCnB5SlZhN0pYTzRON24wbnJoamtOOTJnZDRqNzNsUWsxc3ZCeGc1b3pmWDRYQm5ZdDd1dmcwYWZkTFR6MHpJZjYKbmlJUnh1NUNTdU8vd3Q2QlcrY0dlVXNFWFRGa2M3YS9UMFdOL0trV3puSDY1cWdtYWdtV2RWbWd5blJQUjZyWApoSHJhZE5LQmRyZmh6azg4TFFycFZBNU1sVkRZYlhyaitoSXcwRG8wNjlibm1nWE94aWlMa1p0MDI1VUdIWndaCjhnUHQrS3Z6QkJDOTB5L3pSN3JZQXZ3VU5tZWlMVmtLZEg5NE5oZmdmUmFTNlpIZHgvWTFCejdPaU91VkM3b3cKbDdkUnN0T0JWdFFuTU5PWTd3b1I4Q25nSXFESHdZVUtLSFFaNXZ1dWRibG1Jd0lZL1NoRVZDS1ZIRldmUGUzSwp1RzRtb1NrZVBJTzE4aXBGMWFjQ0F3RUFBYU5DTUVBd0RnWURWUjBQQVFIL0JBUURBZ0trTUE4R0ExVWRFd0VCCi93UUZNQU1CQWY4d0hRWURWUjBPQkJZRUZQUDZNK1Z0czRLRVNQenMray9uaXB5b3BMbGdNQTBHQ1NxR1NJYjMKRFFFQkN3VUFBNElCQVFDVFNjQ1FhZDh3OHlmZndYbXo0bGRZVnpURFdldnY2OU9tRjFTYzJPLy92Vnlhek42SQpOYmZtZGd1dnBhNHFEVlgzazRhU3QzcDA5L0srZ0RtbEJldnA2bjUxTFBlc2xpM3NmWGJHdXE0TGl5K3dtVHdqCjIzSXdGMHNWeEZEYUd3bklaWkFVcEVsdjNZdit3NjJsN3ozcHlsYUxFNHpIeUNqZmQ2OTVvSnRabVlkUmNRNDUKUFpEODRPamFZejBqUGMwNFhpMllETTNFU0RJeTQzaG9LcVlrZ1NtaWcvYnpIM3A2RXAyVTlEL0FOS2N0SkJLNwpzZ2V6bnF4dTFWalZYWmlvRFg1YWpJM2Q5dDRqc0JFcVFKTUJDdHBza29aVVg3bG1CK0FWYmd1cEV1K21zVFRyCmtCT0RmbHRWM0Zkb3dWalB5a0xRQjNlVUtOczVQK20vV3pHRQotLS0tLUVORCBDRVJUSUZJQ0FURS0tLS0tCg==\r\n  name: eks_blockchain-prod-eks-HczIGKWg\r\n\r\ncontexts:\r\n- context:\r\n    cluster: eks_blockchain-prod-eks-HczIGKWg\r\n    user: eks_blockchain-prod-eks-HczIGKWg\r\n  name: eks_blockchain-prod-eks-HczIGKWg\r\n\r\ncurrent-context: eks_blockchain-prod-eks-HczIGKWg\r\n\r\nusers:\r\n- name: eks_blockchain-prod-eks-HczIGKWg\r\n  user:\r\n    exec:\r\n      apiVersion: client.authentication.k8s.io/v1alpha1\r\n      command: aws-iam-authenticator\r\n      args:\r\n        - \"token\"\r\n        - \"-i\"\r\n        - \"blockchain-prod-eks-HczIGKWg\"\r\n",
      "type": "string"
    },
    "region": {
      "value": "us-west-1",
      "type": "string"
    }
  },
  "resources": [
    {
      "mode": "data",
      "type": "aws_availability_zones",
      "name": "available",
      "provider": "provider[\"registry.terraform.io/hashicorp/aws\"]",
      "instances": [
        {
          "schema_version": 0,
          "attributes": {
            "all_availability_zones": null,
            "exclude_names": null,
            "exclude_zone_ids": null,
            "filter": null,
            "group_names": [
              "us-west-1"
            ],
            "id": "us-west-1",
            "names": [
              "us-west-1b",
              "us-west-1c"
            ],
            "state": null,
            "zone_ids": [
              "usw1-az3",
              "usw1-az1"
            ]
          },
          "sensitive_attributes": []
        }
      ]
    },
    {
      "mode": "data",
      "type": "aws_eks_cluster",
      "name": "cluster",
      "provider": "provider[\"registry.terraform.io/hashicorp/aws\"]",
      "instances": [
        {
          "schema_version": 0,
          "attributes": {
            "arn": "arn:aws:eks:us-west-1:844410341491:cluster/blockchain-prod-eks-HczIGKWg",
            "certificate_authority": [
              {
                "data": "LS0tLS1CRUdJTiBDRVJUSUZJQ0FURS0tLS0tCk1JSUM1ekNDQWMrZ0F3SUJBZ0lCQURBTkJna3Foa2lHOXcwQkFRc0ZBREFWTVJNd0VRWURWUVFERXdwcmRXSmwKY201bGRHVnpNQjRYRFRJeE1EY3dOekl4TWpZd01Gb1hEVE14TURjd05USXhNall3TUZvd0ZURVRNQkVHQTFVRQpBeE1LYTNWaVpYSnVaWFJsY3pDQ0FTSXdEUVlKS29aSWh2Y05BUUVCQlFBRGdnRVBBRENDQVFvQ2dnRUJBTFNHCnB5SlZhN0pYTzRON24wbnJoamtOOTJnZDRqNzNsUWsxc3ZCeGc1b3pmWDRYQm5ZdDd1dmcwYWZkTFR6MHpJZjYKbmlJUnh1NUNTdU8vd3Q2QlcrY0dlVXNFWFRGa2M3YS9UMFdOL0trV3puSDY1cWdtYWdtV2RWbWd5blJQUjZyWApoSHJhZE5LQmRyZmh6azg4TFFycFZBNU1sVkRZYlhyaitoSXcwRG8wNjlibm1nWE94aWlMa1p0MDI1VUdIWndaCjhnUHQrS3Z6QkJDOTB5L3pSN3JZQXZ3VU5tZWlMVmtLZEg5NE5oZmdmUmFTNlpIZHgvWTFCejdPaU91VkM3b3cKbDdkUnN0T0JWdFFuTU5PWTd3b1I4Q25nSXFESHdZVUtLSFFaNXZ1dWRibG1Jd0lZL1NoRVZDS1ZIRldmUGUzSwp1RzRtb1NrZVBJTzE4aXBGMWFjQ0F3RUFBYU5DTUVBd0RnWURWUjBQQVFIL0JBUURBZ0trTUE4R0ExVWRFd0VCCi93UUZNQU1CQWY4d0hRWURWUjBPQkJZRUZQUDZNK1Z0czRLRVNQenMray9uaXB5b3BMbGdNQTBHQ1NxR1NJYjMKRFFFQkN3VUFBNElCQVFDVFNjQ1FhZDh3OHlmZndYbXo0bGRZVnpURFdldnY2OU9tRjFTYzJPLy92Vnlhek42SQpOYmZtZGd1dnBhNHFEVlgzazRhU3QzcDA5L0srZ0RtbEJldnA2bjUxTFBlc2xpM3NmWGJHdXE0TGl5K3dtVHdqCjIzSXdGMHNWeEZEYUd3bklaWkFVcEVsdjNZdit3NjJsN3ozcHlsYUxFNHpIeUNqZmQ2OTVvSnRabVlkUmNRNDUKUFpEODRPamFZejBqUGMwNFhpMllETTNFU0RJeTQzaG9LcVlrZ1NtaWcvYnpIM3A2RXAyVTlEL0FOS2N0SkJLNwpzZ2V6bnF4dTFWalZYWmlvRFg1YWpJM2Q5dDRqc0JFcVFKTUJDdHBza29aVVg3bG1CK0FWYmd1cEV1K21zVFRyCmtCT0RmbHRWM0Zkb3dWalB5a0xRQjNlVUtOczVQK20vV3pHRQotLS0tLUVORCBDRVJUSUZJQ0FURS0tLS0tCg=="
              }
            ],
            "created_at": "2021-07-07 21:20:51.397 +0000 UTC",
            "enabled_cluster_log_types": [],
            "endpoint": "https://E3EAB83ACDA30A3C45758AC3421DD1E6.sk1.us-west-1.eks.amazonaws.com",
            "id": "blockchain-prod-eks-HczIGKWg",
            "identity": [
              {
                "oidc": [
                  {
                    "issuer": "https://oidc.eks.us-west-1.amazonaws.com/id/E3EAB83ACDA30A3C45758AC3421DD1E6"
                  }
                ]
              }
            ],
            "kubernetes_network_config": [
              {
                "service_ipv4_cidr": "172.20.0.0/16"
              }
            ],
            "name": "blockchain-prod-eks-HczIGKWg",
            "platform_version": "eks.1",
            "role_arn": "arn:aws:iam::844410341491:role/blockchain-prod-eks-HczIGKWg20210707211954271200000002",
            "status": "ACTIVE",
            "tags": {
              "Environment": "blockchain-prod",
              "GithubOrg": "terraform-aws-modules",
              "GithubRepo": "terraform-aws-eks"
            },
            "version": "1.20",
            "vpc_config": [
              {
                "cluster_security_group_id": "sg-0a4208fc9e7a22caf",
                "endpoint_private_access": false,
                "endpoint_public_access": true,
                "public_access_cidrs": [
                  "0.0.0.0/0"
                ],
                "security_group_ids": [
                  "sg-0d9601cd0815ac792"
                ],
                "subnet_ids": [
                  "subnet-01745d365ab6f3baf",
                  "subnet-041bd8e88f9de26cf",
                  "subnet-095dd97f6aa5be269"
                ],
                "vpc_id": "vpc-04e4c8cdf09a60fe9"
              }
            ]
          },
          "sensitive_attributes": []
        }
      ]
    },
    {
      "mode": "data",
      "type": "aws_eks_cluster_auth",
      "name": "cluster",
      "provider": "provider[\"registry.terraform.io/hashicorp/aws\"]",
      "instances": [
        {
          "schema_version": 0,
          "attributes": {
            "id": "blockchain-prod-eks-HczIGKWg",
            "name": "blockchain-prod-eks-HczIGKWg",
            "token": "k8s-aws-v1.aHR0cHM6Ly9zdHMuYW1hem9uYXdzLmNvbS8_QWN0aW9uPUdldENhbGxlcklkZW50aXR5JlZlcnNpb249MjAxMS0wNi0xNSZYLUFtei1BbGdvcml0aG09QVdTNC1ITUFDLVNIQTI1NiZYLUFtei1DcmVkZW50aWFsPUFLSUE0SkdXSEpCWlFFUEtJSE5YJTJGMjAyMTA3MDglMkZ1cy1lYXN0LTElMkZzdHMlMkZhd3M0X3JlcXVlc3QmWC1BbXotRGF0ZT0yMDIxMDcwOFQwNzU1MTZaJlgtQW16LUV4cGlyZXM9MCZYLUFtei1TaWduZWRIZWFkZXJzPWhvc3QlM0J4LWs4cy1hd3MtaWQmWC1BbXotU2lnbmF0dXJlPWM0MDFmMmYzMzliYTI0MmZmOTQ5MGI1MDExY2Y4ODY5YWI1NDUzMjQ1YTk4ZjRmZDk0ZDYyNDdmNDNjZDVlNjc"
          },
          "sensitive_attributes": []
        }
      ]
    },
    {
      "mode": "managed",
      "type": "aws_elasticache_replication_group",
      "name": "blockchain-prod",
      "provider": "provider[\"registry.terraform.io/hashicorp/aws\"]",
      "instances": [
        {
          "schema_version": 1,
          "attributes": {
            "apply_immediately": null,
            "arn": "arn:aws:elasticache:us-west-1:844410341491:replicationgroup:blockchain-prod-cache",
            "at_rest_encryption_enabled": false,
            "auth_token": "",
            "auto_minor_version_upgrade": true,
            "automatic_failover_enabled": true,
            "availability_zones": null,
            "cluster_enabled": true,
            "cluster_mode": [
              {
                "num_node_groups": 1,
                "replicas_per_node_group": 1
              }
            ],
            "configuration_endpoint_address": "blockchain-prod-cache.snoyqv.clustercfg.usw1.cache.amazonaws.com",
            "engine": "redis",
            "engine_version": "6.x",
            "engine_version_actual": "6.0.5",
            "final_snapshot_identifier": null,
            "global_replication_group_id": null,
            "id": "blockchain-prod-cache",
            "kms_key_id": "",
            "maintenance_window": "thu:08:30-thu:09:30",
            "member_clusters": [
              "blockchain-prod-cache-0001-001",
              "blockchain-prod-cache-0001-002"
            ],
            "multi_az_enabled": false,
            "node_type": "cache.m3.small",
            "notification_topic_arn": null,
            "number_cache_clusters": 2,
            "parameter_group_name": "default.redis6.x.cluster.on",
            "port": 6379,
            "primary_endpoint_address": null,
            "reader_endpoint_address": null,
            "replication_group_description": "blockchain-prod-Redis",
            "replication_group_id": "blockchain-prod-cache",
            "security_group_ids": [
              "sg-0b4913a2d6eafbdba"
            ],
            "security_group_names": [],
            "snapshot_arns": null,
            "snapshot_name": null,
            "snapshot_retention_limit": 5,
            "snapshot_window": "00:00-05:00",
            "subnet_group_name": "vpc-public-blockchain-prod-redis-subnet-group",
            "tags": {},
            "tags_all": {},
            "timeouts": null,
            "transit_encryption_enabled": false
          },
          "sensitive_attributes": [],
          "private": "eyJlMmJmYjczMC1lY2FhLTExZTYtOGY4OC0zNDM2M2JjN2M0YzAiOnsiY3JlYXRlIjozNjAwMDAwMDAwMDAwLCJkZWxldGUiOjI0MDAwMDAwMDAwMDAsInVwZGF0ZSI6MjQwMDAwMDAwMDAwMH0sInNjaGVtYV92ZXJzaW9uIjoiMSJ9",
          "dependencies": [
            "aws_elasticache_subnet_group.redis",
            "aws_security_group.redis"
          ]
        }
      ]
    },
    {
      "mode": "managed",
      "type": "aws_elasticache_subnet_group",
      "name": "redis",
      "provider": "provider[\"registry.terraform.io/hashicorp/aws\"]",
      "instances": [
        {
          "schema_version": 0,
          "attributes": {
            "arn": "arn:aws:elasticache:us-west-1:844410341491:subnetgroup:vpc-public-blockchain-prod-redis-subnet-group",
            "description": "subnet where redis will live",
            "id": "vpc-public-blockchain-prod-redis-subnet-group",
            "name": "vpc-public-blockchain-prod-redis-subnet-group",
            "subnet_ids": [
              "subnet-0c1c85d618f379f25"
            ],
            "tags": {},
            "tags_all": {}
          },
          "sensitive_attributes": [],
          "private": "bnVsbA==",
          "dependencies": [
            "aws_subnet.redis",
            "module.vpc.aws_vpc.this",
            "random_string.suffix"
          ]
        }
      ]
    },
    {
      "mode": "managed",
      "type": "aws_security_group",
      "name": "blockchain-prod-all_worker_mgmt",
      "provider": "provider[\"registry.terraform.io/hashicorp/aws\"]",
      "instances": [
        {
          "schema_version": 1,
          "attributes": {
            "arn": "arn:aws:ec2:us-west-1:844410341491:security-group/sg-04768149f35756aae",
            "description": "Managed by Terraform",
            "egress": [],
            "id": "sg-04768149f35756aae",
            "ingress": [
              {
                "cidr_blocks": [
                  "10.10.0.0/24",
                  "172.16.0.0/12",
                  "192.168.0.0/16"
                ],
                "description": "",
                "from_port": 22,
                "ipv6_cidr_blocks": [],
                "prefix_list_ids": [],
                "protocol": "tcp",
                "security_groups": [],
                "self": false,
                "to_port": 22
              }
            ],
            "name": "blockchain-prod-all_worker_management20210707212021975600000007",
            "name_prefix": "blockchain-prod-all_worker_management",
            "owner_id": "844410341491",
            "revoke_rules_on_delete": false,
            "tags": {
              "Environment": "blockchain-prod"
            },
            "tags_all": {
              "Environment": "blockchain-prod"
            },
            "timeouts": null,
            "vpc_id": "vpc-04e4c8cdf09a60fe9"
          },
          "sensitive_attributes": [],
          "private": "eyJlMmJmYjczMC1lY2FhLTExZTYtOGY4OC0zNDM2M2JjN2M0YzAiOnsiY3JlYXRlIjo2MDAwMDAwMDAwMDAsImRlbGV0ZSI6OTAwMDAwMDAwMDAwfSwic2NoZW1hX3ZlcnNpb24iOiIxIn0=",
          "dependencies": [
            "random_string.suffix",
            "module.vpc.aws_vpc.this"
          ]
        }
      ]
    },
    {
      "mode": "managed",
      "type": "aws_security_group",
      "name": "blockchain_prod_worker_group_mgmt_one",
      "provider": "provider[\"registry.terraform.io/hashicorp/aws\"]",
      "instances": [
        {
          "schema_version": 1,
          "attributes": {
            "arn": "arn:aws:ec2:us-west-1:844410341491:security-group/sg-05f91d931e46a61b4",
            "description": "Managed by Terraform",
            "egress": [],
            "id": "sg-05f91d931e46a61b4",
            "ingress": [
              {
                "cidr_blocks": [
                  "10.10.0.0/24"
                ],
                "description": "",
                "from_port": 22,
                "ipv6_cidr_blocks": [],
                "prefix_list_ids": [],
                "protocol": "tcp",
                "security_groups": [],
                "self": false,
                "to_port": 22
              }
            ],
            "name": "blockchain_prod_worker_group_mgmt_one20210707212025898900000008",
            "name_prefix": "blockchain_prod_worker_group_mgmt_one",
            "owner_id": "844410341491",
            "revoke_rules_on_delete": false,
            "tags": {
              "Environment": "blockchain-prod"
            },
            "tags_all": {
              "Environment": "blockchain-prod"
            },
            "timeouts": null,
            "vpc_id": "vpc-04e4c8cdf09a60fe9"
          },
          "sensitive_attributes": [],
          "private": "eyJlMmJmYjczMC1lY2FhLTExZTYtOGY4OC0zNDM2M2JjN2M0YzAiOnsiY3JlYXRlIjo2MDAwMDAwMDAwMDAsImRlbGV0ZSI6OTAwMDAwMDAwMDAwfSwic2NoZW1hX3ZlcnNpb24iOiIxIn0=",
          "dependencies": [
            "module.vpc.aws_vpc.this",
            "random_string.suffix"
          ],
          "create_before_destroy": true
        }
      ]
    },
    {
      "mode": "managed",
      "type": "aws_security_group",
      "name": "blockchain_prod_worker_group_mgmt_two",
      "provider": "provider[\"registry.terraform.io/hashicorp/aws\"]",
      "instances": [
        {
          "schema_version": 1,
          "attributes": {
            "arn": "arn:aws:ec2:us-west-1:844410341491:security-group/sg-0adfdd81c50b0a1e2",
            "description": "Managed by Terraform",
            "egress": [],
            "id": "sg-0adfdd81c50b0a1e2",
            "ingress": [
              {
                "cidr_blocks": [
                  "192.168.0.0/16"
                ],
                "description": "",
                "from_port": 22,
                "ipv6_cidr_blocks": [],
                "prefix_list_ids": [],
                "protocol": "tcp",
                "security_groups": [],
                "self": false,
                "to_port": 22
              }
            ],
            "name": "blockchain_prod_worker_group_mgmt_two20210707212026117700000009",
            "name_prefix": "blockchain_prod_worker_group_mgmt_two",
            "owner_id": "844410341491",
            "revoke_rules_on_delete": false,
            "tags": {
              "Environment": "blockchain-prod"
            },
            "tags_all": {
              "Environment": "blockchain-prod"
            },
            "timeouts": null,
            "vpc_id": "vpc-04e4c8cdf09a60fe9"
          },
          "sensitive_attributes": [],
          "private": "eyJlMmJmYjczMC1lY2FhLTExZTYtOGY4OC0zNDM2M2JjN2M0YzAiOnsiY3JlYXRlIjo2MDAwMDAwMDAwMDAsImRlbGV0ZSI6OTAwMDAwMDAwMDAwfSwic2NoZW1hX3ZlcnNpb24iOiIxIn0=",
          "dependencies": [
            "random_string.suffix",
            "module.vpc.aws_vpc.this"
          ],
          "create_before_destroy": true
        }
      ]
    },
    {
      "mode": "managed",
      "type": "aws_security_group",
      "name": "redis",
      "provider": "provider[\"registry.terraform.io/hashicorp/aws\"]",
      "instances": [
        {
          "schema_version": 1,
          "attributes": {
            "arn": "arn:aws:ec2:us-west-1:844410341491:security-group/sg-0b4913a2d6eafbdba",
            "description": "subnet where redis will live",
            "egress": [],
            "id": "sg-0b4913a2d6eafbdba",
            "ingress": [
              {
                "cidr_blocks": [
                  "0.0.0.0/0",
                  "10.10.0.0/24",
                  "192.168.0.0/16"
                ],
                "description": "",
                "from_port": 6379,
                "ipv6_cidr_blocks": [],
                "prefix_list_ids": [],
                "protocol": "tcp",
                "security_groups": [],
                "self": false,
                "to_port": 6379
              }
            ],
            "name": "blockchain-prod-redis-security-group",
            "name_prefix": "",
            "owner_id": "844410341491",
            "revoke_rules_on_delete": false,
            "tags": {
              "Environment": "blockchain-prod"
            },
            "tags_all": {
              "Environment": "blockchain-prod"
            },
            "timeouts": null,
            "vpc_id": "vpc-04e4c8cdf09a60fe9"
          },
          "sensitive_attributes": [],
          "private": "eyJlMmJmYjczMC1lY2FhLTExZTYtOGY4OC0zNDM2M2JjN2M0YzAiOnsiY3JlYXRlIjo2MDAwMDAwMDAwMDAsImRlbGV0ZSI6OTAwMDAwMDAwMDAwfSwic2NoZW1hX3ZlcnNpb24iOiIxIn0=",
          "dependencies": [
            "module.vpc.aws_vpc.this",
            "random_string.suffix"
          ]
        }
      ]
    },
    {
      "mode": "managed",
      "type": "aws_subnet",
      "name": "redis",
      "provider": "provider[\"registry.terraform.io/hashicorp/aws\"]",
      "instances": [
        {
          "schema_version": 1,
          "attributes": {
            "arn": "arn:aws:ec2:us-west-1:844410341491:subnet/subnet-0c1c85d618f379f25",
            "assign_ipv6_address_on_creation": false,
            "availability_zone": "us-west-1b",
            "availability_zone_id": "usw1-az3",
            "cidr_block": "10.10.7.0/24",
            "customer_owned_ipv4_pool": "",
            "id": "subnet-0c1c85d618f379f25",
            "ipv6_cidr_block": "",
            "ipv6_cidr_block_association_id": "",
            "map_customer_owned_ip_on_launch": false,
            "map_public_ip_on_launch": false,
            "outpost_arn": "",
            "owner_id": "844410341491",
            "tags": {
              "Environment": "blockchain-prod-redis-public"
            },
            "tags_all": {
              "Environment": "blockchain-prod-redis-public"
            },
            "timeouts": null,
            "vpc_id": "vpc-04e4c8cdf09a60fe9"
          },
          "sensitive_attributes": [],
          "private": "eyJlMmJmYjczMC1lY2FhLTExZTYtOGY4OC0zNDM2M2JjN2M0YzAiOnsiY3JlYXRlIjo2MDAwMDAwMDAwMDAsImRlbGV0ZSI6MTIwMDAwMDAwMDAwMH0sInNjaGVtYV92ZXJzaW9uIjoiMSJ9",
          "dependencies": [
            "module.vpc.aws_vpc.this",
            "random_string.suffix"
          ]
        }
      ]
    },
    {
      "mode": "managed",
      "type": "random_string",
      "name": "suffix",
      "provider": "provider[\"registry.terraform.io/hashicorp/random\"]",
      "instances": [
        {
          "schema_version": 1,
          "attributes": {
            "id": "HczIGKWg",
            "keepers": null,
            "length": 8,
            "lower": true,
            "min_lower": 0,
            "min_numeric": 0,
            "min_special": 0,
            "min_upper": 0,
            "number": true,
            "override_special": null,
            "result": "HczIGKWg",
            "special": false,
            "upper": true
          },
          "sensitive_attributes": [],
          "private": "eyJzY2hlbWFfdmVyc2lvbiI6IjEifQ==",
          "create_before_destroy": true
        }
      ]
    },
    {
      "module": "module.eks",
      "mode": "data",
      "type": "aws_ami",
      "name": "eks_worker",
      "provider": "provider[\"registry.terraform.io/hashicorp/aws\"]",
      "instances": [
        {
          "index_key": 0,
          "schema_version": 0,
          "attributes": {
            "architecture": "x86_64",
            "arn": "arn:aws:ec2:us-west-1::image/ami-0d8c692eebb0c2b85",
            "block_device_mappings": [
              {
                "device_name": "/dev/xvda",
                "ebs": {
                  "delete_on_termination": "true",
                  "encrypted": "false",
                  "iops": "0",
                  "snapshot_id": "snap-06a7107a27d62eec7",
                  "throughput": "0",
                  "volume_size": "20",
                  "volume_type": "gp2"
                },
                "no_device": "",
                "virtual_name": ""
              }
            ],
            "creation_date": "2021-06-28T21:51:49.000Z",
            "description": "EKS Kubernetes Worker AMI with AmazonLinux2 image, (k8s: 1.20.4, docker: 19.03.13ce-1.amzn2, containerd: 1.4.1-2.amzn2)",
            "ena_support": true,
            "executable_users": null,
            "filter": [
              {
                "name": "name",
                "values": [
                  "amazon-eks-node-1.20-v*"
                ]
              }
            ],
            "hypervisor": "xen",
            "id": "ami-0d8c692eebb0c2b85",
            "image_id": "ami-0d8c692eebb0c2b85",
            "image_location": "amazon/amazon-eks-node-1.20-v20210628",
            "image_owner_alias": "amazon",
            "image_type": "machine",
            "kernel_id": null,
            "most_recent": true,
            "name": "amazon-eks-node-1.20-v20210628",
            "name_regex": null,
            "owner_id": "602401143452",
            "owners": [
              "amazon"
            ],
            "platform": null,
            "platform_details": "Linux/UNIX",
            "product_codes": [],
            "public": true,
            "ramdisk_id": null,
            "root_device_name": "/dev/xvda",
            "root_device_type": "ebs",
            "root_snapshot_id": "snap-06a7107a27d62eec7",
            "sriov_net_support": "simple",
            "state": "available",
            "state_reason": {
              "code": "UNSET",
              "message": "UNSET"
            },
            "tags": {},
            "usage_operation": "RunInstances",
            "virtualization_type": "hvm"
          },
          "sensitive_attributes": []
        }
      ]
    },
    {
      "module": "module.eks",
      "mode": "data",
      "type": "aws_caller_identity",
      "name": "current",
      "provider": "provider[\"registry.terraform.io/hashicorp/aws\"]",
      "instances": [
        {
          "schema_version": 0,
          "attributes": {
            "account_id": "844410341491",
            "arn": "arn:aws:iam::844410341491:user/swarup",
            "id": "844410341491",
            "user_id": "AIDA4JGWHJBZT3QPAP3IA"
          },
          "sensitive_attributes": []
        }
      ]
    },
    {
      "module": "module.eks",
      "mode": "data",
      "type": "aws_iam_policy_document",
      "name": "cluster_assume_role_policy",
      "provider": "provider[\"registry.terraform.io/hashicorp/aws\"]",
      "instances": [
        {
          "schema_version": 0,
          "attributes": {
            "id": "2764486067",
            "json": "{\n  \"Version\": \"2012-10-17\",\n  \"Statement\": [\n    {\n      \"Sid\": \"EKSClusterAssumeRole\",\n      \"Effect\": \"Allow\",\n      \"Action\": \"sts:AssumeRole\",\n      \"Principal\": {\n        \"Service\": \"eks.amazonaws.com\"\n      }\n    }\n  ]\n}",
            "override_json": null,
            "override_policy_documents": null,
            "policy_id": null,
            "source_json": null,
            "source_policy_documents": null,
            "statement": [
              {
                "actions": [
                  "sts:AssumeRole"
                ],
                "condition": [],
                "effect": "Allow",
                "not_actions": [],
                "not_principals": [],
                "not_resources": [],
                "principals": [
                  {
                    "identifiers": [
                      "eks.amazonaws.com"
                    ],
                    "type": "Service"
                  }
                ],
                "resources": [],
                "sid": "EKSClusterAssumeRole"
              }
            ],
            "version": "2012-10-17"
          },
          "sensitive_attributes": []
        }
      ]
    },
    {
      "module": "module.eks",
      "mode": "data",
      "type": "aws_iam_policy_document",
      "name": "cluster_elb_sl_role_creation",
      "provider": "provider[\"registry.terraform.io/hashicorp/aws\"]",
      "instances": [
        {
          "index_key": 0,
          "schema_version": 0,
          "attributes": {
            "id": "3709839417",
            "json": "{\n  \"Version\": \"2012-10-17\",\n  \"Statement\": [\n    {\n      \"Sid\": \"\",\n      \"Effect\": \"Allow\",\n      \"Action\": [\n        \"ec2:DescribeInternetGateways\",\n        \"ec2:DescribeAddresses\",\n        \"ec2:DescribeAccountAttributes\"\n      ],\n      \"Resource\": \"*\"\n    }\n  ]\n}",
            "override_json": null,
            "override_policy_documents": null,
            "policy_id": null,
            "source_json": null,
            "source_policy_documents": null,
            "statement": [
              {
                "actions": [
                  "ec2:DescribeAccountAttributes",
                  "ec2:DescribeAddresses",
                  "ec2:DescribeInternetGateways"
                ],
                "condition": [],
                "effect": "Allow",
                "not_actions": [],
                "not_principals": [],
                "not_resources": [],
                "principals": [],
                "resources": [
                  "*"
                ],
                "sid": ""
              }
            ],
            "version": "2012-10-17"
          },
          "sensitive_attributes": []
        }
      ]
    },
    {
      "module": "module.eks",
      "mode": "data",
      "type": "aws_iam_policy_document",
      "name": "workers_assume_role_policy",
      "provider": "provider[\"registry.terraform.io/hashicorp/aws\"]",
      "instances": [
        {
          "schema_version": 0,
          "attributes": {
            "id": "3778018924",
            "json": "{\n  \"Version\": \"2012-10-17\",\n  \"Statement\": [\n    {\n      \"Sid\": \"EKSWorkerAssumeRole\",\n      \"Effect\": \"Allow\",\n      \"Action\": \"sts:AssumeRole\",\n      \"Principal\": {\n        \"Service\": \"ec2.amazonaws.com\"\n      }\n    }\n  ]\n}",
            "override_json": null,
            "override_policy_documents": null,
            "policy_id": null,
            "source_json": null,
            "source_policy_documents": null,
            "statement": [
              {
                "actions": [
                  "sts:AssumeRole"
                ],
                "condition": [],
                "effect": "Allow",
                "not_actions": [],
                "not_principals": [],
                "not_resources": [],
                "principals": [
                  {
                    "identifiers": [
                      "ec2.amazonaws.com"
                    ],
                    "type": "Service"
                  }
                ],
                "resources": [],
                "sid": "EKSWorkerAssumeRole"
              }
            ],
            "version": "2012-10-17"
          },
          "sensitive_attributes": []
        }
      ]
    },
    {
      "module": "module.eks",
      "mode": "data",
      "type": "aws_partition",
      "name": "current",
      "provider": "provider[\"registry.terraform.io/hashicorp/aws\"]",
      "instances": [
        {
          "schema_version": 0,
          "attributes": {
            "dns_suffix": "amazonaws.com",
            "id": "aws",
            "partition": "aws",
            "reverse_dns_prefix": "com.amazonaws"
          },
          "sensitive_attributes": []
        }
      ]
    },
    {
      "module": "module.eks",
      "mode": "data",
      "type": "http",
      "name": "wait_for_cluster",
      "provider": "provider[\"registry.terraform.io/terraform-aws-modules/http\"]",
      "instances": [
        {
          "index_key": 0,
          "schema_version": 0,
          "attributes": {
            "body": "ok",
            "ca_certificate": "-----BEGIN CERTIFICATE-----\nMIIC5zCCAc+gAwIBAgIBADANBgkqhkiG9w0BAQsFADAVMRMwEQYDVQQDEwprdWJl\ncm5ldGVzMB4XDTIxMDcwNzIxMjYwMFoXDTMxMDcwNTIxMjYwMFowFTETMBEGA1UE\nAxMKa3ViZXJuZXRlczCCASIwDQYJKoZIhvcNAQEBBQADggEPADCCAQoCggEBALSG\npyJVa7JXO4N7n0nrhjkN92gd4j73lQk1svBxg5ozfX4XBnYt7uvg0afdLTz0zIf6\nniIRxu5CSuO/wt6BW+cGeUsEXTFkc7a/T0WN/KkWznH65qgmagmWdVmgynRPR6rX\nhHradNKBdrfhzk88LQrpVA5MlVDYbXrj+hIw0Do069bnmgXOxiiLkZt025UGHZwZ\n8gPt+KvzBBC90y/zR7rYAvwUNmeiLVkKdH94NhfgfRaS6ZHdx/Y1Bz7OiOuVC7ow\nl7dRstOBVtQnMNOY7woR8CngIqDHwYUKKHQZ5vuudblmIwIY/ShEVCKVHFWfPe3K\nuG4moSkePIO18ipF1acCAwEAAaNCMEAwDgYDVR0PAQH/BAQDAgKkMA8GA1UdEwEB\n/wQFMAMBAf8wHQYDVR0OBBYEFPP6M+Vts4KESPzs+k/nipyopLlgMA0GCSqGSIb3\nDQEBCwUAA4IBAQCTScCQad8w8yffwXmz4ldYVzTDWevv69OmF1Sc2O//vVyazN6I\nNbfmdguvpa4qDVX3k4aSt3p09/K+gDmlBevp6n51LPesli3sfXbGuq4Liy+wmTwj\n23IwF0sVxFDaGwnIZZAUpElv3Yv+w62l7z3pylaLE4zHyCjfd695oJtZmYdRcQ45\nPZD84OjaYz0jPc04Xi2YDM3ESDIy43hoKqYkgSmig/bzH3p6Ep2U9D/ANKctJBK7\nsgeznqxu1VjVXZioDX5ajI3d9t4jsBEqQJMBCtpskoZUX7lmB+AVbgupEu+msTTr\nkBODfltV3FdowVjPykLQB3eUKNs5P+m/WzGE\n-----END CERTIFICATE-----\n",
            "id": "https://E3EAB83ACDA30A3C45758AC3421DD1E6.sk1.us-west-1.eks.amazonaws.com/healthz",
            "insecure": false,
            "request_headers": null,
            "response_headers": {
              "Cache-Control": "no-cache, private",
              "Content-Length": "2",
              "Content-Type": "text/plain; charset=utf-8",
              "Date": "Thu, 08 Jul 2021 07:55:16 GMT",
              "X-Content-Type-Options": "nosniff",
              "X-Kubernetes-Pf-Flowschema-Uid": "0bd32c97-463a-49d7-b3ef-00b099b8c76c",
              "X-Kubernetes-Pf-Prioritylevel-Uid": "4f781633-9897-454a-8667-efafa4c67ce4"
            },
            "timeout": 300,
            "url": "https://E3EAB83ACDA30A3C45758AC3421DD1E6.sk1.us-west-1.eks.amazonaws.com/healthz"
          },
          "sensitive_attributes": []
        }
      ]
    },
    {
      "module": "module.eks",
      "mode": "managed",
      "type": "aws_autoscaling_group",
      "name": "workers",
      "provider": "provider[\"registry.terraform.io/hashicorp/aws\"]",
      "instances": [
        {
          "index_key": 0,
          "schema_version": 0,
          "attributes": {
            "arn": "arn:aws:autoscaling:us-west-1:844410341491:autoScalingGroup:b9045f5b-2610-46f5-b023-03ba44aad468:autoScalingGroupName/blockchain-prod-eks-HczIGKWg-blockchain-prod-worker-group-120210707212948183400000015",
            "availability_zones": [
              "us-west-1b",
              "us-west-1c"
            ],
            "capacity_rebalance": false,
            "default_cooldown": 300,
            "desired_capacity": 1,
            "enabled_metrics": [],
            "force_delete": false,
            "force_delete_warm_pool": false,
            "health_check_grace_period": 300,
            "health_check_type": "EC2",
            "id": "blockchain-prod-eks-HczIGKWg-blockchain-prod-worker-group-120210707212948183400000015",
            "initial_lifecycle_hook": [],
            "instance_refresh": [],
            "launch_configuration": "blockchain-prod-eks-HczIGKWg-blockchain-prod-worker-group-120210707212939832800000013",
            "launch_template": [],
            "load_balancers": [],
            "max_instance_lifetime": 0,
            "max_size": 3,
            "metrics_granularity": "1Minute",
            "min_elb_capacity": null,
            "min_size": 1,
            "mixed_instances_policy": [],
            "name": "blockchain-prod-eks-HczIGKWg-blockchain-prod-worker-group-120210707212948183400000015",
            "name_prefix": "blockchain-prod-eks-HczIGKWg-blockchain-prod-worker-group-1",
            "placement_group": "",
            "protect_from_scale_in": false,
            "service_linked_role_arn": "arn:aws:iam::844410341491:role/aws-service-role/autoscaling.amazonaws.com/AWSServiceRoleForAutoScaling",
            "suspended_processes": [
              "AZRebalance"
            ],
            "tag": [
              {
                "key": "Environment",
                "propagate_at_launch": true,
                "value": "blockchain-prod"
              },
              {
                "key": "GithubOrg",
                "propagate_at_launch": true,
                "value": "terraform-aws-modules"
              },
              {
                "key": "GithubRepo",
                "propagate_at_launch": true,
                "value": "terraform-aws-eks"
              },
              {
                "key": "Name",
                "propagate_at_launch": true,
                "value": "blockchain-prod-eks-HczIGKWg-blockchain-prod-worker-group-1-eks_asg"
              },
              {
                "key": "k8s.io/cluster/blockchain-prod-eks-HczIGKWg",
                "propagate_at_launch": true,
                "value": "owned"
              },
              {
                "key": "kubernetes.io/cluster/blockchain-prod-eks-HczIGKWg",
                "propagate_at_launch": true,
                "value": "owned"
              }
            ],
            "tags": null,
            "target_group_arns": [],
            "termination_policies": [],
            "timeouts": null,
            "vpc_zone_identifier": [
              "subnet-01745d365ab6f3baf",
              "subnet-041bd8e88f9de26cf",
              "subnet-095dd97f6aa5be269"
            ],
            "wait_for_capacity_timeout": "10m",
            "wait_for_elb_capacity": null,
            "warm_pool": []
          },
          "sensitive_attributes": [],
          "private": "eyJlMmJmYjczMC1lY2FhLTExZTYtOGY4OC0zNDM2M2JjN2M0YzAiOnsiZGVsZXRlIjo2MDAwMDAwMDAwMDB9fQ==",
          "dependencies": [
            "module.eks.aws_security_group.cluster",
            "module.eks.aws_security_group_rule.cluster_primary_ingress_workers",
            "module.eks.aws_security_group_rule.workers_egress_internet",
            "module.eks.data.aws_iam_role.custom_cluster_iam_role",
            "module.eks.aws_security_group_rule.workers_ingress_self",
            "module.eks.data.aws_iam_policy_document.workers_assume_role_policy",
            "module.eks.aws_cloudwatch_log_group.this",
            "module.eks.aws_iam_instance_profile.workers",
            "module.eks.aws_iam_role_policy_attachment.cluster_AmazonEKSClusterPolicy",
            "module.eks.aws_iam_role_policy_attachment.cluster_AmazonEKSVPCResourceControllerPolicy",
            "module.eks.aws_security_group_rule.cluster_https_worker_ingress",
            "module.eks.aws_eks_cluster.this",
            "module.eks.aws_security_group.workers",
            "module.eks.aws_security_group_rule.workers_ingress_cluster_https",
            "module.vpc.aws_vpc_ipv4_cidr_block_association.this",
            "module.eks.aws_iam_role_policy_attachment.cluster_AmazonEKSServicePolicy",
            "module.eks.aws_launch_configuration.workers",
            "module.eks.aws_security_group_rule.cluster_egress_internet",
            "module.vpc.aws_vpc.this",
            "random_string.suffix",
            "module.eks.aws_iam_role.workers",
            "module.eks.aws_iam_role_policy_attachment.workers_AmazonEC2ContainerRegistryReadOnly",
            "module.eks.aws_iam_role_policy_attachment.workers_additional_policies",
            "module.eks.aws_security_group_rule.workers_ingress_cluster_kubelet",
            "module.eks.aws_security_group_rule.workers_ingress_cluster_primary",
            "module.eks.aws_iam_role_policy_attachment.workers_AmazonEKS_CNI_Policy",
            "module.eks.data.aws_ami.eks_worker_windows",
            "module.eks.data.aws_iam_policy_document.cluster_assume_role_policy",
            "aws_security_group.blockchain_prod_worker_group_mgmt_one",
            "module.eks.aws_iam_role.cluster",
            "module.eks.aws_iam_role_policy_attachment.workers_AmazonEKSWorkerNodePolicy",
            "module.eks.aws_security_group_rule.workers_ingress_cluster",
            "module.eks.data.aws_ami.eks_worker",
            "aws_security_group.blockchain_prod_worker_group_mgmt_two",
            "data.aws_availability_zones.available",
            "module.eks.data.aws_iam_instance_profile.custom_worker_group_iam_instance_profile",
            "module.eks.data.aws_partition.current",
            "module.vpc.aws_subnet.private"
          ],
          "create_before_destroy": true
        },
        {
          "index_key": 1,
          "schema_version": 0,
          "attributes": {
            "arn": "arn:aws:autoscaling:us-west-1:844410341491:autoScalingGroup:4ddb678a-4b08-4fd8-99d1-8df3534ef492:autoScalingGroupName/blockchain-prod-eks-HczIGKWg-blockchain-prod-worker-group-220210707212948183400000014",
            "availability_zones": [
              "us-west-1b",
              "us-west-1c"
            ],
            "capacity_rebalance": false,
            "default_cooldown": 300,
            "desired_capacity": 1,
            "enabled_metrics": [],
            "force_delete": false,
            "force_delete_warm_pool": false,
            "health_check_grace_period": 300,
            "health_check_type": "EC2",
            "id": "blockchain-prod-eks-HczIGKWg-blockchain-prod-worker-group-220210707212948183400000014",
            "initial_lifecycle_hook": [],
            "instance_refresh": [],
            "launch_configuration": "blockchain-prod-eks-HczIGKWg-blockchain-prod-worker-group-220210707212939832300000012",
            "launch_template": [],
            "load_balancers": [],
            "max_instance_lifetime": 0,
            "max_size": 3,
            "metrics_granularity": "1Minute",
            "min_elb_capacity": null,
            "min_size": 1,
            "mixed_instances_policy": [],
            "name": "blockchain-prod-eks-HczIGKWg-blockchain-prod-worker-group-220210707212948183400000014",
            "name_prefix": "blockchain-prod-eks-HczIGKWg-blockchain-prod-worker-group-2",
            "placement_group": "",
            "protect_from_scale_in": false,
            "service_linked_role_arn": "arn:aws:iam::844410341491:role/aws-service-role/autoscaling.amazonaws.com/AWSServiceRoleForAutoScaling",
            "suspended_processes": [
              "AZRebalance"
            ],
            "tag": [
              {
                "key": "Environment",
                "propagate_at_launch": true,
                "value": "blockchain-prod"
              },
              {
                "key": "GithubOrg",
                "propagate_at_launch": true,
                "value": "terraform-aws-modules"
              },
              {
                "key": "GithubRepo",
                "propagate_at_launch": true,
                "value": "terraform-aws-eks"
              },
              {
                "key": "Name",
                "propagate_at_launch": true,
                "value": "blockchain-prod-eks-HczIGKWg-blockchain-prod-worker-group-2-eks_asg"
              },
              {
                "key": "k8s.io/cluster/blockchain-prod-eks-HczIGKWg",
                "propagate_at_launch": true,
                "value": "owned"
              },
              {
                "key": "kubernetes.io/cluster/blockchain-prod-eks-HczIGKWg",
                "propagate_at_launch": true,
                "value": "owned"
              }
            ],
            "tags": null,
            "target_group_arns": [],
            "termination_policies": [],
            "timeouts": null,
            "vpc_zone_identifier": [
              "subnet-01745d365ab6f3baf",
              "subnet-041bd8e88f9de26cf",
              "subnet-095dd97f6aa5be269"
            ],
            "wait_for_capacity_timeout": "10m",
            "wait_for_elb_capacity": null,
            "warm_pool": []
          },
          "sensitive_attributes": [],
          "private": "eyJlMmJmYjczMC1lY2FhLTExZTYtOGY4OC0zNDM2M2JjN2M0YzAiOnsiZGVsZXRlIjo2MDAwMDAwMDAwMDB9fQ==",
          "dependencies": [
            "module.eks.aws_cloudwatch_log_group.this",
            "module.eks.aws_eks_cluster.this",
            "module.eks.data.aws_partition.current",
            "module.eks.aws_iam_role.workers",
            "module.eks.aws_iam_role_policy_attachment.workers_AmazonEKS_CNI_Policy",
            "module.eks.aws_iam_role_policy_attachment.workers_additional_policies",
            "module.eks.aws_security_group_rule.workers_ingress_cluster_https",
            "module.vpc.aws_subnet.private",
            "module.vpc.aws_vpc.this",
            "module.eks.data.aws_iam_instance_profile.custom_worker_group_iam_instance_profile",
            "random_string.suffix",
            "aws_security_group.blockchain_prod_worker_group_mgmt_two",
            "module.eks.aws_iam_role_policy_attachment.cluster_AmazonEKSVPCResourceControllerPolicy",
            "module.eks.aws_iam_role_policy_attachment.workers_AmazonEKSWorkerNodePolicy",
            "module.eks.aws_security_group_rule.workers_ingress_cluster_kubelet",
            "module.eks.data.aws_iam_policy_document.cluster_assume_role_policy",
            "module.eks.aws_security_group.cluster",
            "module.eks.aws_security_group_rule.cluster_https_worker_ingress",
            "data.aws_availability_zones.available",
            "module.eks.aws_security_group_rule.cluster_primary_ingress_workers",
            "module.eks.data.aws_ami.eks_worker_windows",
            "module.eks.data.aws_iam_policy_document.workers_assume_role_policy",
            "module.vpc.aws_vpc_ipv4_cidr_block_association.this",
            "aws_security_group.blockchain_prod_worker_group_mgmt_one",
            "module.eks.aws_iam_role_policy_attachment.cluster_AmazonEKSClusterPolicy",
            "module.eks.aws_security_group.workers",
            "module.eks.aws_security_group_rule.workers_egress_internet",
            "module.eks.aws_security_group_rule.workers_ingress_cluster_primary",
            "module.eks.data.aws_ami.eks_worker",
            "module.eks.data.aws_iam_role.custom_cluster_iam_role",
            "module.eks.aws_iam_instance_profile.workers",
            "module.eks.aws_iam_role.cluster",
            "module.eks.aws_iam_role_policy_attachment.cluster_AmazonEKSServicePolicy",
            "module.eks.aws_iam_role_policy_attachment.workers_AmazonEC2ContainerRegistryReadOnly",
            "module.eks.aws_launch_configuration.workers",
            "module.eks.aws_security_group_rule.cluster_egress_internet",
            "module.eks.aws_security_group_rule.workers_ingress_cluster",
            "module.eks.aws_security_group_rule.workers_ingress_self"
          ],
          "create_before_destroy": true
        }
      ]
    },
    {
      "module": "module.eks",
      "mode": "managed",
      "type": "aws_eks_cluster",
      "name": "this",
      "provider": "provider[\"registry.terraform.io/hashicorp/aws\"]",
      "instances": [
        {
          "index_key": 0,
          "schema_version": 0,
          "attributes": {
            "arn": "arn:aws:eks:us-west-1:844410341491:cluster/blockchain-prod-eks-HczIGKWg",
            "certificate_authority": [
              {
                "data": "LS0tLS1CRUdJTiBDRVJUSUZJQ0FURS0tLS0tCk1JSUM1ekNDQWMrZ0F3SUJBZ0lCQURBTkJna3Foa2lHOXcwQkFRc0ZBREFWTVJNd0VRWURWUVFERXdwcmRXSmwKY201bGRHVnpNQjRYRFRJeE1EY3dOekl4TWpZd01Gb1hEVE14TURjd05USXhNall3TUZvd0ZURVRNQkVHQTFVRQpBeE1LYTNWaVpYSnVaWFJsY3pDQ0FTSXdEUVlKS29aSWh2Y05BUUVCQlFBRGdnRVBBRENDQVFvQ2dnRUJBTFNHCnB5SlZhN0pYTzRON24wbnJoamtOOTJnZDRqNzNsUWsxc3ZCeGc1b3pmWDRYQm5ZdDd1dmcwYWZkTFR6MHpJZjYKbmlJUnh1NUNTdU8vd3Q2QlcrY0dlVXNFWFRGa2M3YS9UMFdOL0trV3puSDY1cWdtYWdtV2RWbWd5blJQUjZyWApoSHJhZE5LQmRyZmh6azg4TFFycFZBNU1sVkRZYlhyaitoSXcwRG8wNjlibm1nWE94aWlMa1p0MDI1VUdIWndaCjhnUHQrS3Z6QkJDOTB5L3pSN3JZQXZ3VU5tZWlMVmtLZEg5NE5oZmdmUmFTNlpIZHgvWTFCejdPaU91VkM3b3cKbDdkUnN0T0JWdFFuTU5PWTd3b1I4Q25nSXFESHdZVUtLSFFaNXZ1dWRibG1Jd0lZL1NoRVZDS1ZIRldmUGUzSwp1RzRtb1NrZVBJTzE4aXBGMWFjQ0F3RUFBYU5DTUVBd0RnWURWUjBQQVFIL0JBUURBZ0trTUE4R0ExVWRFd0VCCi93UUZNQU1CQWY4d0hRWURWUjBPQkJZRUZQUDZNK1Z0czRLRVNQenMray9uaXB5b3BMbGdNQTBHQ1NxR1NJYjMKRFFFQkN3VUFBNElCQVFDVFNjQ1FhZDh3OHlmZndYbXo0bGRZVnpURFdldnY2OU9tRjFTYzJPLy92Vnlhek42SQpOYmZtZGd1dnBhNHFEVlgzazRhU3QzcDA5L0srZ0RtbEJldnA2bjUxTFBlc2xpM3NmWGJHdXE0TGl5K3dtVHdqCjIzSXdGMHNWeEZEYUd3bklaWkFVcEVsdjNZdit3NjJsN3ozcHlsYUxFNHpIeUNqZmQ2OTVvSnRabVlkUmNRNDUKUFpEODRPamFZejBqUGMwNFhpMllETTNFU0RJeTQzaG9LcVlrZ1NtaWcvYnpIM3A2RXAyVTlEL0FOS2N0SkJLNwpzZ2V6bnF4dTFWalZYWmlvRFg1YWpJM2Q5dDRqc0JFcVFKTUJDdHBza29aVVg3bG1CK0FWYmd1cEV1K21zVFRyCmtCT0RmbHRWM0Zkb3dWalB5a0xRQjNlVUtOczVQK20vV3pHRQotLS0tLUVORCBDRVJUSUZJQ0FURS0tLS0tCg=="
              }
            ],
            "created_at": "2021-07-07 21:20:51.397 +0000 UTC",
            "enabled_cluster_log_types": [],
            "encryption_config": [],
            "endpoint": "https://E3EAB83ACDA30A3C45758AC3421DD1E6.sk1.us-west-1.eks.amazonaws.com",
            "id": "blockchain-prod-eks-HczIGKWg",
            "identity": [
              {
                "oidc": [
                  {
                    "issuer": "https://oidc.eks.us-west-1.amazonaws.com/id/E3EAB83ACDA30A3C45758AC3421DD1E6"
                  }
                ]
              }
            ],
            "kubernetes_network_config": [
              {
                "service_ipv4_cidr": "172.20.0.0/16"
              }
            ],
            "name": "blockchain-prod-eks-HczIGKWg",
            "platform_version": "eks.1",
            "role_arn": "arn:aws:iam::844410341491:role/blockchain-prod-eks-HczIGKWg20210707211954271200000002",
            "status": "ACTIVE",
            "tags": {
              "Environment": "blockchain-prod",
              "GithubOrg": "terraform-aws-modules",
              "GithubRepo": "terraform-aws-eks"
            },
            "tags_all": {
              "Environment": "blockchain-prod",
              "GithubOrg": "terraform-aws-modules",
              "GithubRepo": "terraform-aws-eks"
            },
            "timeouts": {
              "create": "30m",
              "delete": "15m",
              "update": null
            },
            "version": "1.20",
            "vpc_config": [
              {
                "cluster_security_group_id": "sg-0a4208fc9e7a22caf",
                "endpoint_private_access": false,
                "endpoint_public_access": true,
                "public_access_cidrs": [
                  "0.0.0.0/0"
                ],
                "security_group_ids": [
                  "sg-0d9601cd0815ac792"
                ],
                "subnet_ids": [
                  "subnet-01745d365ab6f3baf",
                  "subnet-041bd8e88f9de26cf",
                  "subnet-095dd97f6aa5be269"
                ],
                "vpc_id": "vpc-04e4c8cdf09a60fe9"
              }
            ]
          },
          "sensitive_attributes": [],
          "private": "eyJlMmJmYjczMC1lY2FhLTExZTYtOGY4OC0zNDM2M2JjN2M0YzAiOnsiY3JlYXRlIjoxODAwMDAwMDAwMDAwLCJkZWxldGUiOjkwMDAwMDAwMDAwMCwidXBkYXRlIjozNjAwMDAwMDAwMDAwfX0=",
          "dependencies": [
            "module.eks.aws_iam_role.cluster",
            "module.eks.data.aws_iam_role.custom_cluster_iam_role",
            "module.eks.data.aws_partition.current",
            "module.eks.aws_security_group.workers",
            "module.eks.aws_security_group_rule.cluster_https_worker_ingress",
            "module.eks.data.aws_iam_policy_document.cluster_assume_role_policy",
            "random_string.suffix",
            "module.eks.aws_cloudwatch_log_group.this",
            "module.eks.aws_iam_role_policy_attachment.cluster_AmazonEKSClusterPolicy",
            "module.eks.aws_iam_role_policy_attachment.cluster_AmazonEKSServicePolicy",
            "module.eks.aws_security_group.cluster",
            "module.vpc.aws_subnet.private",
            "module.vpc.aws_vpc.this",
            "module.vpc.aws_vpc_ipv4_cidr_block_association.this",
            "data.aws_availability_zones.available",
            "module.eks.aws_iam_role_policy_attachment.cluster_AmazonEKSVPCResourceControllerPolicy",
            "module.eks.aws_security_group_rule.cluster_egress_internet"
          ],
          "create_before_destroy": true
        }
      ]
    },
    {
      "module": "module.eks",
      "mode": "managed",
      "type": "aws_iam_instance_profile",
      "name": "workers",
      "provider": "provider[\"registry.terraform.io/hashicorp/aws\"]",
      "instances": [
        {
          "index_key": 0,
          "schema_version": 0,
          "attributes": {
            "arn": "arn:aws:iam::844410341491:instance-profile/blockchain-prod-eks-HczIGKWg2021070721293341850000000d",
            "create_date": "2021-07-07T21:29:34Z",
            "id": "blockchain-prod-eks-HczIGKWg2021070721293341850000000d",
            "name": "blockchain-prod-eks-HczIGKWg2021070721293341850000000d",
            "name_prefix": "blockchain-prod-eks-HczIGKWg",
            "path": "/",
            "role": "blockchain-prod-eks-HczIGKWg2021070721292885240000000c",
            "tags": {
              "Environment": "blockchain-prod",
              "GithubOrg": "terraform-aws-modules",
              "GithubRepo": "terraform-aws-eks"
            },
            "tags_all": {
              "Environment": "blockchain-prod",
              "GithubOrg": "terraform-aws-modules",
              "GithubRepo": "terraform-aws-eks"
            },
            "unique_id": "AIPA4JGWHJBZXA2Z75JA3"
          },
          "sensitive_attributes": [],
          "private": "bnVsbA==",
          "dependencies": [
            "module.eks.data.aws_iam_role.custom_cluster_iam_role",
            "module.eks.aws_cloudwatch_log_group.this",
            "module.eks.aws_iam_role_policy_attachment.cluster_AmazonEKSServicePolicy",
            "module.eks.aws_iam_role_policy_attachment.cluster_AmazonEKSVPCResourceControllerPolicy",
            "module.eks.aws_iam_role_policy_attachment.cluster_AmazonEKSClusterPolicy",
            "module.eks.aws_security_group_rule.cluster_egress_internet",
            "module.eks.aws_security_group_rule.cluster_https_worker_ingress",
            "module.vpc.aws_subnet.private",
            "module.vpc.aws_vpc.this",
            "aws_security_group.blockchain_prod_worker_group_mgmt_one",
            "aws_security_group.blockchain_prod_worker_group_mgmt_two",
            "data.aws_availability_zones.available",
            "random_string.suffix",
            "module.eks.data.aws_iam_policy_document.cluster_assume_role_policy",
            "module.eks.data.aws_iam_policy_document.workers_assume_role_policy",
            "module.vpc.aws_vpc_ipv4_cidr_block_association.this",
            "module.eks.aws_eks_cluster.this",
            "module.eks.aws_iam_role.cluster",
            "module.eks.aws_iam_role.workers",
            "module.eks.aws_security_group.cluster",
            "module.eks.aws_security_group.workers",
            "module.eks.data.aws_partition.current"
          ],
          "create_before_destroy": true
        },
        {
          "index_key": 1,
          "schema_version": 0,
          "attributes": {
            "arn": "arn:aws:iam::844410341491:instance-profile/blockchain-prod-eks-HczIGKWg2021070721293342560000000e",
            "create_date": "2021-07-07T21:29:34Z",
            "id": "blockchain-prod-eks-HczIGKWg2021070721293342560000000e",
            "name": "blockchain-prod-eks-HczIGKWg2021070721293342560000000e",
            "name_prefix": "blockchain-prod-eks-HczIGKWg",
            "path": "/",
            "role": "blockchain-prod-eks-HczIGKWg2021070721292885240000000c",
            "tags": {
              "Environment": "blockchain-prod",
              "GithubOrg": "terraform-aws-modules",
              "GithubRepo": "terraform-aws-eks"
            },
            "tags_all": {
              "Environment": "blockchain-prod",
              "GithubOrg": "terraform-aws-modules",
              "GithubRepo": "terraform-aws-eks"
            },
            "unique_id": "AIPA4JGWHJBZ4HKGFCKSL"
          },
          "sensitive_attributes": [],
          "private": "bnVsbA==",
          "dependencies": [
            "data.aws_availability_zones.available",
            "module.eks.aws_iam_role.workers",
            "module.eks.aws_security_group_rule.cluster_egress_internet",
            "module.eks.aws_security_group.workers",
            "module.eks.aws_security_group_rule.cluster_https_worker_ingress",
            "module.eks.data.aws_partition.current",
            "module.vpc.aws_vpc.this",
            "module.vpc.aws_vpc_ipv4_cidr_block_association.this",
            "aws_security_group.blockchain_prod_worker_group_mgmt_one",
            "aws_security_group.blockchain_prod_worker_group_mgmt_two",
            "module.eks.aws_iam_role_policy_attachment.cluster_AmazonEKSServicePolicy",
            "random_string.suffix",
            "module.eks.aws_security_group.cluster",
            "module.eks.data.aws_iam_role.custom_cluster_iam_role",
            "module.eks.aws_eks_cluster.this",
            "module.eks.aws_iam_role_policy_attachment.cluster_AmazonEKSClusterPolicy",
            "module.eks.aws_iam_role_policy_attachment.cluster_AmazonEKSVPCResourceControllerPolicy",
            "module.eks.data.aws_iam_policy_document.workers_assume_role_policy",
            "module.vpc.aws_subnet.private",
            "module.eks.aws_cloudwatch_log_group.this",
            "module.eks.aws_iam_role.cluster",
            "module.eks.data.aws_iam_policy_document.cluster_assume_role_policy"
          ],
          "create_before_destroy": true
        }
      ]
    },
    {
      "module": "module.eks",
      "mode": "managed",
      "type": "aws_iam_policy",
      "name": "cluster_elb_sl_role_creation",
      "provider": "provider[\"registry.terraform.io/hashicorp/aws\"]",
      "instances": [
        {
          "index_key": 0,
          "schema_version": 0,
          "attributes": {
            "arn": "arn:aws:iam::844410341491:policy/blockchain-prod-eks-HczIGKWg-elb-sl-role-creation20210707211954264200000001",
            "description": "Permissions for EKS to create AWSServiceRoleForElasticLoadBalancing service-linked role",
            "id": "arn:aws:iam::844410341491:policy/blockchain-prod-eks-HczIGKWg-elb-sl-role-creation20210707211954264200000001",
            "name": "blockchain-prod-eks-HczIGKWg-elb-sl-role-creation20210707211954264200000001",
            "name_prefix": "blockchain-prod-eks-HczIGKWg-elb-sl-role-creation",
            "path": "/",
            "policy": "{\n  \"Version\": \"2012-10-17\",\n  \"Statement\": [\n    {\n      \"Sid\": \"\",\n      \"Effect\": \"Allow\",\n      \"Action\": [\n        \"ec2:DescribeInternetGateways\",\n        \"ec2:DescribeAddresses\",\n        \"ec2:DescribeAccountAttributes\"\n      ],\n      \"Resource\": \"*\"\n    }\n  ]\n}",
            "policy_id": "ANPA4JGWHJBZYYYPF6NYI",
            "tags": {
              "Environment": "blockchain-prod",
              "GithubOrg": "terraform-aws-modules",
              "GithubRepo": "terraform-aws-eks"
            },
            "tags_all": {
              "Environment": "blockchain-prod",
              "GithubOrg": "terraform-aws-modules",
              "GithubRepo": "terraform-aws-eks"
            }
          },
          "sensitive_attributes": [],
          "private": "bnVsbA==",
          "dependencies": [
            "module.eks.data.aws_iam_policy_document.cluster_elb_sl_role_creation",
            "random_string.suffix"
          ]
        }
      ]
    },
    {
      "module": "module.eks",
      "mode": "managed",
      "type": "aws_iam_role",
      "name": "cluster",
      "provider": "provider[\"registry.terraform.io/hashicorp/aws\"]",
      "instances": [
        {
          "index_key": 0,
          "schema_version": 0,
          "attributes": {
            "arn": "arn:aws:iam::844410341491:role/blockchain-prod-eks-HczIGKWg20210707211954271200000002",
            "assume_role_policy": "{\"Version\":\"2012-10-17\",\"Statement\":[{\"Sid\":\"EKSClusterAssumeRole\",\"Effect\":\"Allow\",\"Principal\":{\"Service\":\"eks.amazonaws.com\"},\"Action\":\"sts:AssumeRole\"}]}",
            "create_date": "2021-07-07T21:19:55Z",
            "description": "",
            "force_detach_policies": true,
            "id": "blockchain-prod-eks-HczIGKWg20210707211954271200000002",
            "inline_policy": [
              {
                "name": "",
                "policy": ""
              }
            ],
            "managed_policy_arns": [
              "arn:aws:iam::844410341491:policy/blockchain-prod-eks-HczIGKWg-elb-sl-role-creation20210707211954264200000001",
              "arn:aws:iam::aws:policy/AmazonEKSClusterPolicy",
              "arn:aws:iam::aws:policy/AmazonEKSServicePolicy",
              "arn:aws:iam::aws:policy/AmazonEKSVPCResourceController"
            ],
            "max_session_duration": 3600,
            "name": "blockchain-prod-eks-HczIGKWg20210707211954271200000002",
            "name_prefix": "blockchain-prod-eks-HczIGKWg",
            "path": "/",
            "permissions_boundary": null,
            "tags": {
              "Environment": "blockchain-prod",
              "GithubOrg": "terraform-aws-modules",
              "GithubRepo": "terraform-aws-eks"
            },
            "tags_all": {
              "Environment": "blockchain-prod",
              "GithubOrg": "terraform-aws-modules",
              "GithubRepo": "terraform-aws-eks"
            },
            "unique_id": "AROA4JGWHJBZ7FKKX3GML"
          },
          "sensitive_attributes": [],
          "private": "bnVsbA==",
          "dependencies": [
            "module.eks.data.aws_iam_policy_document.cluster_assume_role_policy",
            "random_string.suffix"
          ],
          "create_before_destroy": true
        }
      ]
    },
    {
      "module": "module.eks",
      "mode": "managed",
      "type": "aws_iam_role",
      "name": "workers",
      "provider": "provider[\"registry.terraform.io/hashicorp/aws\"]",
      "instances": [
        {
          "index_key": 0,
          "schema_version": 0,
          "attributes": {
            "arn": "arn:aws:iam::844410341491:role/blockchain-prod-eks-HczIGKWg2021070721292885240000000c",
            "assume_role_policy": "{\"Version\":\"2012-10-17\",\"Statement\":[{\"Sid\":\"EKSWorkerAssumeRole\",\"Effect\":\"Allow\",\"Principal\":{\"Service\":\"ec2.amazonaws.com\"},\"Action\":\"sts:AssumeRole\"}]}",
            "create_date": "2021-07-07T21:29:30Z",
            "description": "",
            "force_detach_policies": true,
            "id": "blockchain-prod-eks-HczIGKWg2021070721292885240000000c",
            "inline_policy": [
              {
                "name": "",
                "policy": ""
              }
            ],
            "managed_policy_arns": [
              "arn:aws:iam::aws:policy/AmazonEC2ContainerRegistryReadOnly",
              "arn:aws:iam::aws:policy/AmazonEKSWorkerNodePolicy",
              "arn:aws:iam::aws:policy/AmazonEKS_CNI_Policy"
            ],
            "max_session_duration": 3600,
            "name": "blockchain-prod-eks-HczIGKWg2021070721292885240000000c",
            "name_prefix": "blockchain-prod-eks-HczIGKWg",
            "path": "/",
            "permissions_boundary": null,
            "tags": {
              "Environment": "blockchain-prod",
              "GithubOrg": "terraform-aws-modules",
              "GithubRepo": "terraform-aws-eks"
            },
            "tags_all": {
              "Environment": "blockchain-prod",
              "GithubOrg": "terraform-aws-modules",
              "GithubRepo": "terraform-aws-eks"
            },
            "unique_id": "AROA4JGWHJBZRLABR6CQ5"
          },
          "sensitive_attributes": [],
          "private": "bnVsbA==",
          "dependencies": [
            "module.eks.aws_security_group.workers",
            "module.eks.aws_security_group_rule.cluster_https_worker_ingress",
            "module.vpc.aws_subnet.private",
            "module.eks.aws_security_group.cluster",
            "module.eks.aws_security_group_rule.cluster_egress_internet",
            "module.eks.data.aws_iam_role.custom_cluster_iam_role",
            "module.eks.aws_cloudwatch_log_group.this",
            "module.eks.aws_iam_role_policy_attachment.cluster_AmazonEKSVPCResourceControllerPolicy",
            "module.eks.data.aws_iam_policy_document.cluster_assume_role_policy",
            "module.eks.data.aws_iam_policy_document.workers_assume_role_policy",
            "module.eks.data.aws_partition.current",
            "module.eks.aws_eks_cluster.this",
            "module.eks.aws_iam_role.cluster",
            "module.eks.aws_iam_role_policy_attachment.cluster_AmazonEKSClusterPolicy",
            "module.eks.aws_iam_role_policy_attachment.cluster_AmazonEKSServicePolicy",
            "module.vpc.aws_vpc.this",
            "module.vpc.aws_vpc_ipv4_cidr_block_association.this",
            "random_string.suffix",
            "data.aws_availability_zones.available"
          ],
          "create_before_destroy": true
        }
      ]
    },
    {
      "module": "module.eks",
      "mode": "managed",
      "type": "aws_iam_role_policy_attachment",
      "name": "cluster_AmazonEKSClusterPolicy",
      "provider": "provider[\"registry.terraform.io/hashicorp/aws\"]",
      "instances": [
        {
          "index_key": 0,
          "schema_version": 0,
          "attributes": {
            "id": "blockchain-prod-eks-HczIGKWg20210707211954271200000002-20210707212000826100000004",
            "policy_arn": "arn:aws:iam::aws:policy/AmazonEKSClusterPolicy",
            "role": "blockchain-prod-eks-HczIGKWg20210707211954271200000002"
          },
          "sensitive_attributes": [],
          "private": "bnVsbA==",
          "dependencies": [
            "module.eks.aws_iam_role.cluster",
            "module.eks.data.aws_iam_policy_document.cluster_assume_role_policy",
            "module.eks.data.aws_partition.current",
            "random_string.suffix"
          ],
          "create_before_destroy": true
        }
      ]
    },
    {
      "module": "module.eks",
      "mode": "managed",
      "type": "aws_iam_role_policy_attachment",
      "name": "cluster_AmazonEKSServicePolicy",
      "provider": "provider[\"registry.terraform.io/hashicorp/aws\"]",
      "instances": [
        {
          "index_key": 0,
          "schema_version": 0,
          "attributes": {
            "id": "blockchain-prod-eks-HczIGKWg20210707211954271200000002-20210707212000820300000003",
            "policy_arn": "arn:aws:iam::aws:policy/AmazonEKSServicePolicy",
            "role": "blockchain-prod-eks-HczIGKWg20210707211954271200000002"
          },
          "sensitive_attributes": [],
          "private": "bnVsbA==",
          "dependencies": [
            "module.eks.data.aws_partition.current",
            "random_string.suffix",
            "module.eks.aws_iam_role.cluster",
            "module.eks.data.aws_iam_policy_document.cluster_assume_role_policy"
          ],
          "create_before_destroy": true
        }
      ]
    },
    {
      "module": "module.eks",
      "mode": "managed",
      "type": "aws_iam_role_policy_attachment",
      "name": "cluster_AmazonEKSVPCResourceControllerPolicy",
      "provider": "provider[\"registry.terraform.io/hashicorp/aws\"]",
      "instances": [
        {
          "index_key": 0,
          "schema_version": 0,
          "attributes": {
            "id": "blockchain-prod-eks-HczIGKWg20210707211954271200000002-20210707212000906000000005",
            "policy_arn": "arn:aws:iam::aws:policy/AmazonEKSVPCResourceController",
            "role": "blockchain-prod-eks-HczIGKWg20210707211954271200000002"
          },
          "sensitive_attributes": [],
          "private": "bnVsbA==",
          "dependencies": [
            "random_string.suffix",
            "module.eks.aws_iam_role.cluster",
            "module.eks.data.aws_iam_policy_document.cluster_assume_role_policy",
            "module.eks.data.aws_partition.current"
          ],
          "create_before_destroy": true
        }
      ]
    },
    {
      "module": "module.eks",
      "mode": "managed",
      "type": "aws_iam_role_policy_attachment",
      "name": "cluster_elb_sl_role_creation",
      "provider": "provider[\"registry.terraform.io/hashicorp/aws\"]",
      "instances": [
        {
          "index_key": 0,
          "schema_version": 0,
          "attributes": {
            "id": "blockchain-prod-eks-HczIGKWg20210707211954271200000002-20210707212001475900000006",
            "policy_arn": "arn:aws:iam::844410341491:policy/blockchain-prod-eks-HczIGKWg-elb-sl-role-creation20210707211954264200000001",
            "role": "blockchain-prod-eks-HczIGKWg20210707211954271200000002"
          },
          "sensitive_attributes": [],
          "private": "bnVsbA==",
          "dependencies": [
            "random_string.suffix",
            "module.eks.aws_iam_policy.cluster_elb_sl_role_creation",
            "module.eks.aws_iam_role.cluster",
            "module.eks.data.aws_iam_policy_document.cluster_assume_role_policy",
            "module.eks.data.aws_iam_policy_document.cluster_elb_sl_role_creation"
          ]
        }
      ]
    },
    {
      "module": "module.eks",
      "mode": "managed",
      "type": "aws_iam_role_policy_attachment",
      "name": "workers_AmazonEC2ContainerRegistryReadOnly",
      "provider": "provider[\"registry.terraform.io/hashicorp/aws\"]",
      "instances": [
        {
          "index_key": 0,
          "schema_version": 0,
          "attributes": {
            "id": "blockchain-prod-eks-HczIGKWg2021070721292885240000000c-2021070721293568060000000f",
            "policy_arn": "arn:aws:iam::aws:policy/AmazonEC2ContainerRegistryReadOnly",
            "role": "blockchain-prod-eks-HczIGKWg2021070721292885240000000c"
          },
          "sensitive_attributes": [],
          "private": "bnVsbA==",
          "dependencies": [
            "module.eks.aws_eks_cluster.this",
            "module.eks.aws_iam_role.workers",
            "module.eks.aws_iam_role_policy_attachment.cluster_AmazonEKSServicePolicy",
            "module.eks.data.aws_iam_role.custom_cluster_iam_role",
            "module.eks.aws_iam_role.cluster",
            "module.eks.aws_iam_role_policy_attachment.cluster_AmazonEKSClusterPolicy",
            "module.eks.aws_iam_role_policy_attachment.cluster_AmazonEKSVPCResourceControllerPolicy",
            "module.eks.aws_security_group.workers",
            "module.eks.data.aws_partition.current",
            "module.vpc.aws_vpc_ipv4_cidr_block_association.this",
            "module.vpc.aws_vpc.this",
            "random_string.suffix",
            "module.eks.aws_cloudwatch_log_group.this",
            "module.eks.aws_security_group.cluster",
            "module.eks.aws_security_group_rule.cluster_egress_internet",
            "module.eks.aws_security_group_rule.cluster_https_worker_ingress",
            "module.eks.data.aws_iam_policy_document.cluster_assume_role_policy",
            "module.eks.data.aws_iam_policy_document.workers_assume_role_policy",
            "data.aws_availability_zones.available",
            "module.vpc.aws_subnet.private"
          ],
          "create_before_destroy": true
        }
      ]
    },
    {
      "module": "module.eks",
      "mode": "managed",
      "type": "aws_iam_role_policy_attachment",
      "name": "workers_AmazonEKSWorkerNodePolicy",
      "provider": "provider[\"registry.terraform.io/hashicorp/aws\"]",
      "instances": [
        {
          "index_key": 0,
          "schema_version": 0,
          "attributes": {
            "id": "blockchain-prod-eks-HczIGKWg2021070721292885240000000c-20210707212935680600000011",
            "policy_arn": "arn:aws:iam::aws:policy/AmazonEKSWorkerNodePolicy",
            "role": "blockchain-prod-eks-HczIGKWg2021070721292885240000000c"
          },
          "sensitive_attributes": [],
          "private": "bnVsbA==",
          "dependencies": [
            "module.eks.aws_iam_role.workers",
            "module.eks.aws_iam_role_policy_attachment.cluster_AmazonEKSClusterPolicy",
            "module.eks.aws_iam_role_policy_attachment.cluster_AmazonEKSServicePolicy",
            "module.eks.aws_security_group.workers",
            "module.eks.aws_security_group_rule.cluster_egress_internet",
            "module.eks.aws_security_group_rule.cluster_https_worker_ingress",
            "module.eks.data.aws_iam_policy_document.cluster_assume_role_policy",
            "module.eks.data.aws_iam_policy_document.workers_assume_role_policy",
            "data.aws_availability_zones.available",
            "random_string.suffix",
            "module.eks.data.aws_iam_role.custom_cluster_iam_role",
            "module.eks.aws_security_group.cluster",
            "module.vpc.aws_subnet.private",
            "module.vpc.aws_vpc_ipv4_cidr_block_association.this",
            "module.eks.aws_eks_cluster.this",
            "module.eks.aws_iam_role.cluster",
            "module.eks.aws_iam_role_policy_attachment.cluster_AmazonEKSVPCResourceControllerPolicy",
            "module.eks.data.aws_partition.current",
            "module.vpc.aws_vpc.this",
            "module.eks.aws_cloudwatch_log_group.this"
          ],
          "create_before_destroy": true
        }
      ]
    },
    {
      "module": "module.eks",
      "mode": "managed",
      "type": "aws_iam_role_policy_attachment",
      "name": "workers_AmazonEKS_CNI_Policy",
      "provider": "provider[\"registry.terraform.io/hashicorp/aws\"]",
      "instances": [
        {
          "index_key": 0,
          "schema_version": 0,
          "attributes": {
            "id": "blockchain-prod-eks-HczIGKWg2021070721292885240000000c-20210707212935680600000010",
            "policy_arn": "arn:aws:iam::aws:policy/AmazonEKS_CNI_Policy",
            "role": "blockchain-prod-eks-HczIGKWg2021070721292885240000000c"
          },
          "sensitive_attributes": [],
          "private": "bnVsbA==",
          "dependencies": [
            "module.eks.aws_iam_role.cluster",
            "module.eks.aws_iam_role.workers",
            "module.eks.aws_security_group.cluster",
            "module.eks.data.aws_iam_policy_document.cluster_assume_role_policy",
            "module.eks.data.aws_iam_role.custom_cluster_iam_role",
            "module.eks.data.aws_partition.current",
            "random_string.suffix",
            "module.eks.aws_eks_cluster.this",
            "module.eks.aws_security_group_rule.cluster_egress_internet",
            "module.vpc.aws_vpc_ipv4_cidr_block_association.this",
            "module.eks.aws_iam_role_policy_attachment.cluster_AmazonEKSServicePolicy",
            "module.eks.aws_iam_role_policy_attachment.cluster_AmazonEKSVPCResourceControllerPolicy",
            "module.eks.aws_security_group.workers",
            "module.eks.aws_security_group_rule.cluster_https_worker_ingress",
            "module.eks.data.aws_iam_policy_document.workers_assume_role_policy",
            "module.vpc.aws_vpc.this",
            "data.aws_availability_zones.available",
            "module.eks.aws_iam_role_policy_attachment.cluster_AmazonEKSClusterPolicy",
            "module.vpc.aws_subnet.private",
            "module.eks.aws_cloudwatch_log_group.this"
          ],
          "create_before_destroy": true
        }
      ]
    },
    {
      "module": "module.eks",
      "mode": "managed",
      "type": "aws_launch_configuration",
      "name": "workers",
      "provider": "provider[\"registry.terraform.io/hashicorp/aws\"]",
      "instances": [
        {
          "index_key": 0,
          "schema_version": 0,
          "attributes": {
            "arn": "arn:aws:autoscaling:us-west-1:844410341491:launchConfiguration:e8784663-000a-42fd-b58c-e481e3a36640:launchConfigurationName/blockchain-prod-eks-HczIGKWg-blockchain-prod-worker-group-120210707212939832800000013",
            "associate_public_ip_address": false,
            "ebs_block_device": [],
            "ebs_optimized": true,
            "enable_monitoring": true,
            "ephemeral_block_device": [],
            "iam_instance_profile": "blockchain-prod-eks-HczIGKWg2021070721293341850000000d",
            "id": "blockchain-prod-eks-HczIGKWg-blockchain-prod-worker-group-120210707212939832800000013",
            "image_id": "ami-0d8c692eebb0c2b85",
            "instance_type": "t3a.medium",
            "key_name": "",
            "metadata_options": [
              {
                "http_endpoint": "enabled",
                "http_put_response_hop_limit": 1,
                "http_tokens": "optional"
              }
            ],
            "name": "blockchain-prod-eks-HczIGKWg-blockchain-prod-worker-group-120210707212939832800000013",
            "name_prefix": "blockchain-prod-eks-HczIGKWg-blockchain-prod-worker-group-1",
            "placement_tenancy": "",
            "root_block_device": [
              {
                "delete_on_termination": true,
                "encrypted": false,
                "iops": 0,
                "throughput": 0,
                "volume_size": 100,
                "volume_type": "gp2"
              }
            ],
            "security_groups": [
              "sg-0248392c78a36c05e",
              "sg-05f91d931e46a61b4"
            ],
            "spot_price": "",
            "user_data": null,
            "user_data_base64": "IyEvYmluL2Jhc2ggLWUNCg0KIyBBbGxvdyB1c2VyIHN1cHBsaWVkIHByZSB1c2VyZGF0YSBjb2RlDQoNCg0KIyBCb290c3RyYXAgYW5kIGpvaW4gdGhlIGNsdXN0ZXINCi9ldGMvZWtzL2Jvb3RzdHJhcC5zaCAtLWI2NC1jbHVzdGVyLWNhICdMUzB0TFMxQ1JVZEpUaUJEUlZKVVNVWkpRMEZVUlMwdExTMHRDazFKU1VNMWVrTkRRV01yWjBGM1NVSkJaMGxDUVVSQlRrSm5hM0ZvYTJsSE9YY3dRa0ZSYzBaQlJFRldUVkpOZDBWUldVUldVVkZFUlhkd2NtUlhTbXdLWTIwMWJHUkhWbnBOUWpSWVJGUkplRTFFWTNkT2VrbDRUV3BaZDAxR2IxaEVWRTE0VFVSamQwNVVTWGhOYWxsM1RVWnZkMFpVUlZSTlFrVkhRVEZWUlFwQmVFMUxZVE5XYVZwWVNuVmFXRkpzWTNwRFEwRlRTWGRFVVZsS1MyOWFTV2gyWTA1QlVVVkNRbEZCUkdkblJWQkJSRU5EUVZGdlEyZG5SVUpCVEZOSENuQjVTbFpoTjBwWVR6Uk9OMjR3Ym5Kb2FtdE9PVEpuWkRScU56TnNVV3N4YzNaQ2VHYzFiM3BtV0RSWVFtNVpkRGQxZG1jd1lXWmtURlI2TUhwSlpqWUtibWxKVW5oMU5VTlRkVTh2ZDNRMlFsY3JZMGRsVlhORldGUkdhMk0zWVM5VU1GZE9MMHRyVjNwdVNEWTFjV2R0WVdkdFYyUldiV2Q1YmxKUVVqWnlXQXBvU0hKaFpFNUxRbVJ5Wm1oNmF6ZzRURkZ5Y0ZaQk5VMXNWa1JaWWxoeWFpdG9TWGN3Ukc4d05qbGlibTFuV0U5NGFXbE1hMXAwTURJMVZVZElXbmRhQ2poblVIUXJTM1o2UWtKRE9UQjVMM3BTTjNKWlFYWjNWVTV0WldsTVZtdExaRWc1TkU1b1ptZG1VbUZUTmxwSVpIZ3ZXVEZDZWpkUGFVOTFWa00zYjNjS2JEZGtVbk4wVDBKV2RGRnVUVTVQV1RkM2IxSTRRMjVuU1hGRVNIZFpWVXRMU0ZGYU5YWjFkV1JpYkcxSmQwbFpMMU5vUlZaRFMxWklSbGRtVUdVelN3cDFSelJ0YjFOclpWQkpUekU0YVhCR01XRmpRMEYzUlVGQllVNURUVVZCZDBSbldVUldVakJRUVZGSUwwSkJVVVJCWjB0clRVRTRSMEV4VldSRmQwVkNDaTkzVVVaTlFVMUNRV1k0ZDBoUldVUldVakJQUWtKWlJVWlFVRFpOSzFaMGN6UkxSVk5RZW5NcmF5OXVhWEI1YjNCTWJHZE5RVEJIUTFOeFIxTkpZak1LUkZGRlFrTjNWVUZCTkVsQ1FWRkRWRk5qUTFGaFpEaDNPSGxtWm5kWWJYbzBiR1JaVm5wVVJGZGxkblkyT1U5dFJqRlRZekpQTHk5MlZubGhlazQyU1FwT1ltWnRaR2QxZG5CaE5IRkVWbGd6YXpSaFUzUXpjREE1TDBzclowUnRiRUpsZG5BMmJqVXhURkJsYzJ4cE0zTm1XR0pIZFhFMFRHbDVLM2R0VkhkcUNqSXpTWGRHTUhOV2VFWkVZVWQzYmtsYVdrRlZjRVZzZGpOWmRpdDNOakpzTjNvemNIbHNZVXhGTkhwSWVVTnFabVEyT1RWdlNuUmFiVmxrVW1OUk5EVUtVRnBFT0RSUGFtRlplakJxVUdNd05GaHBNbGxFVFRORlUwUkplVFF6YUc5TGNWbHJaMU50YVdjdllucElNM0EyUlhBeVZUbEVMMEZPUzJOMFNrSkxOd3B6WjJWNmJuRjRkVEZXYWxaWVdtbHZSRmcxWVdwSk0yUTVkRFJxYzBKRmNWRktUVUpEZEhCemEyOWFWVmczYkcxQ0swRldZbWQxY0VWMUsyMXpWRlJ5Q210Q1QwUm1iSFJXTTBaa2IzZFdhbEI1YTB4UlFqTmxWVXRPY3pWUUsyMHZWM3BIUlFvdExTMHRMVVZPUkNCRFJWSlVTVVpKUTBGVVJTMHRMUzB0Q2c9PScgLS1hcGlzZXJ2ZXItZW5kcG9pbnQgJ2h0dHBzOi8vRTNFQUI4M0FDREEzMEEzQzQ1NzU4QUMzNDIxREQxRTYuc2sxLnVzLXdlc3QtMS5la3MuYW1hem9uYXdzLmNvbScgIC0ta3ViZWxldC1leHRyYS1hcmdzICIiICdibG9ja2NoYWluLXByb2QtZWtzLUhjeklHS1dnJw0KDQojIEFsbG93IHVzZXIgc3VwcGxpZWQgdXNlcmRhdGEgY29kZQ0KZWNobyBmb28gYmFyDQo=",
            "vpc_classic_link_id": "",
            "vpc_classic_link_security_groups": []
          },
          "sensitive_attributes": [],
          "private": "bnVsbA==",
          "dependencies": [
            "module.vpc.aws_vpc.this",
            "aws_security_group.blockchain_prod_worker_group_mgmt_two",
            "module.eks.aws_cloudwatch_log_group.this",
            "module.eks.aws_iam_role.cluster",
            "module.eks.aws_security_group.workers",
            "module.vpc.aws_subnet.private",
            "random_string.suffix",
            "module.eks.aws_iam_role_policy_attachment.workers_additional_policies",
            "module.eks.aws_security_group_rule.workers_ingress_self",
            "module.eks.data.aws_iam_instance_profile.custom_worker_group_iam_instance_profile",
            "module.eks.data.aws_iam_role.custom_cluster_iam_role",
            "data.aws_availability_zones.available",
            "module.eks.aws_eks_cluster.this",
            "module.eks.aws_iam_instance_profile.workers",
            "module.eks.aws_iam_role_policy_attachment.workers_AmazonEKSWorkerNodePolicy",
            "module.vpc.aws_vpc_ipv4_cidr_block_association.this",
            "module.eks.aws_iam_role_policy_attachment.cluster_AmazonEKSServicePolicy",
            "module.eks.data.aws_ami.eks_worker",
            "module.eks.data.aws_ami.eks_worker_windows",
            "module.eks.data.aws_iam_policy_document.cluster_assume_role_policy",
            "aws_security_group.blockchain_prod_worker_group_mgmt_one",
            "module.eks.aws_iam_role.workers",
            "module.eks.aws_security_group_rule.cluster_primary_ingress_workers",
            "module.eks.data.aws_iam_policy_document.workers_assume_role_policy",
            "module.eks.aws_iam_role_policy_attachment.cluster_AmazonEKSClusterPolicy",
            "module.eks.aws_iam_role_policy_attachment.cluster_AmazonEKSVPCResourceControllerPolicy",
            "module.eks.aws_security_group_rule.cluster_https_worker_ingress",
            "module.eks.aws_security_group_rule.workers_ingress_cluster_primary",
            "module.eks.aws_iam_role_policy_attachment.workers_AmazonEC2ContainerRegistryReadOnly",
            "module.eks.aws_security_group.cluster",
            "module.eks.aws_security_group_rule.workers_ingress_cluster",
            "module.eks.aws_security_group_rule.workers_ingress_cluster_kubelet",
            "module.eks.data.aws_partition.current",
            "module.eks.aws_iam_role_policy_attachment.workers_AmazonEKS_CNI_Policy",
            "module.eks.aws_security_group_rule.cluster_egress_internet",
            "module.eks.aws_security_group_rule.workers_egress_internet",
            "module.eks.aws_security_group_rule.workers_ingress_cluster_https"
          ],
          "create_before_destroy": true
        },
        {
          "index_key": 1,
          "schema_version": 0,
          "attributes": {
            "arn": "arn:aws:autoscaling:us-west-1:844410341491:launchConfiguration:8705341e-6f50-4962-ae39-53645ab7ba09:launchConfigurationName/blockchain-prod-eks-HczIGKWg-blockchain-prod-worker-group-220210707212939832300000012",
            "associate_public_ip_address": false,
            "ebs_block_device": [],
            "ebs_optimized": true,
            "enable_monitoring": true,
            "ephemeral_block_device": [],
            "iam_instance_profile": "blockchain-prod-eks-HczIGKWg2021070721293342560000000e",
            "id": "blockchain-prod-eks-HczIGKWg-blockchain-prod-worker-group-220210707212939832300000012",
            "image_id": "ami-0d8c692eebb0c2b85",
            "instance_type": "t3a.medium",
            "key_name": "",
            "metadata_options": [
              {
                "http_endpoint": "enabled",
                "http_put_response_hop_limit": 1,
                "http_tokens": "optional"
              }
            ],
            "name": "blockchain-prod-eks-HczIGKWg-blockchain-prod-worker-group-220210707212939832300000012",
            "name_prefix": "blockchain-prod-eks-HczIGKWg-blockchain-prod-worker-group-2",
            "placement_tenancy": "",
            "root_block_device": [
              {
                "delete_on_termination": true,
                "encrypted": false,
                "iops": 0,
                "throughput": 0,
                "volume_size": 100,
                "volume_type": "gp2"
              }
            ],
            "security_groups": [
              "sg-0248392c78a36c05e",
              "sg-0adfdd81c50b0a1e2"
            ],
            "spot_price": "",
            "user_data": null,
            "user_data_base64": "IyEvYmluL2Jhc2ggLWUNCg0KIyBBbGxvdyB1c2VyIHN1cHBsaWVkIHByZSB1c2VyZGF0YSBjb2RlDQoNCg0KIyBCb290c3RyYXAgYW5kIGpvaW4gdGhlIGNsdXN0ZXINCi9ldGMvZWtzL2Jvb3RzdHJhcC5zaCAtLWI2NC1jbHVzdGVyLWNhICdMUzB0TFMxQ1JVZEpUaUJEUlZKVVNVWkpRMEZVUlMwdExTMHRDazFKU1VNMWVrTkRRV01yWjBGM1NVSkJaMGxDUVVSQlRrSm5hM0ZvYTJsSE9YY3dRa0ZSYzBaQlJFRldUVkpOZDBWUldVUldVVkZFUlhkd2NtUlhTbXdLWTIwMWJHUkhWbnBOUWpSWVJGUkplRTFFWTNkT2VrbDRUV3BaZDAxR2IxaEVWRTE0VFVSamQwNVVTWGhOYWxsM1RVWnZkMFpVUlZSTlFrVkhRVEZWUlFwQmVFMUxZVE5XYVZwWVNuVmFXRkpzWTNwRFEwRlRTWGRFVVZsS1MyOWFTV2gyWTA1QlVVVkNRbEZCUkdkblJWQkJSRU5EUVZGdlEyZG5SVUpCVEZOSENuQjVTbFpoTjBwWVR6Uk9OMjR3Ym5Kb2FtdE9PVEpuWkRScU56TnNVV3N4YzNaQ2VHYzFiM3BtV0RSWVFtNVpkRGQxZG1jd1lXWmtURlI2TUhwSlpqWUtibWxKVW5oMU5VTlRkVTh2ZDNRMlFsY3JZMGRsVlhORldGUkdhMk0zWVM5VU1GZE9MMHRyVjNwdVNEWTFjV2R0WVdkdFYyUldiV2Q1YmxKUVVqWnlXQXBvU0hKaFpFNUxRbVJ5Wm1oNmF6ZzRURkZ5Y0ZaQk5VMXNWa1JaWWxoeWFpdG9TWGN3Ukc4d05qbGlibTFuV0U5NGFXbE1hMXAwTURJMVZVZElXbmRhQ2poblVIUXJTM1o2UWtKRE9UQjVMM3BTTjNKWlFYWjNWVTV0WldsTVZtdExaRWc1TkU1b1ptZG1VbUZUTmxwSVpIZ3ZXVEZDZWpkUGFVOTFWa00zYjNjS2JEZGtVbk4wVDBKV2RGRnVUVTVQV1RkM2IxSTRRMjVuU1hGRVNIZFpWVXRMU0ZGYU5YWjFkV1JpYkcxSmQwbFpMMU5vUlZaRFMxWklSbGRtVUdVelN3cDFSelJ0YjFOclpWQkpUekU0YVhCR01XRmpRMEYzUlVGQllVNURUVVZCZDBSbldVUldVakJRUVZGSUwwSkJVVVJCWjB0clRVRTRSMEV4VldSRmQwVkNDaTkzVVVaTlFVMUNRV1k0ZDBoUldVUldVakJQUWtKWlJVWlFVRFpOSzFaMGN6UkxSVk5RZW5NcmF5OXVhWEI1YjNCTWJHZE5RVEJIUTFOeFIxTkpZak1LUkZGRlFrTjNWVUZCTkVsQ1FWRkRWRk5qUTFGaFpEaDNPSGxtWm5kWWJYbzBiR1JaVm5wVVJGZGxkblkyT1U5dFJqRlRZekpQTHk5MlZubGhlazQyU1FwT1ltWnRaR2QxZG5CaE5IRkVWbGd6YXpSaFUzUXpjREE1TDBzclowUnRiRUpsZG5BMmJqVXhURkJsYzJ4cE0zTm1XR0pIZFhFMFRHbDVLM2R0VkhkcUNqSXpTWGRHTUhOV2VFWkVZVWQzYmtsYVdrRlZjRVZzZGpOWmRpdDNOakpzTjNvemNIbHNZVXhGTkhwSWVVTnFabVEyT1RWdlNuUmFiVmxrVW1OUk5EVUtVRnBFT0RSUGFtRlplakJxVUdNd05GaHBNbGxFVFRORlUwUkplVFF6YUc5TGNWbHJaMU50YVdjdllucElNM0EyUlhBeVZUbEVMMEZPUzJOMFNrSkxOd3B6WjJWNmJuRjRkVEZXYWxaWVdtbHZSRmcxWVdwSk0yUTVkRFJxYzBKRmNWRktUVUpEZEhCemEyOWFWVmczYkcxQ0swRldZbWQxY0VWMUsyMXpWRlJ5Q210Q1QwUm1iSFJXTTBaa2IzZFdhbEI1YTB4UlFqTmxWVXRPY3pWUUsyMHZWM3BIUlFvdExTMHRMVVZPUkNCRFJWSlVTVVpKUTBGVVJTMHRMUzB0Q2c9PScgLS1hcGlzZXJ2ZXItZW5kcG9pbnQgJ2h0dHBzOi8vRTNFQUI4M0FDREEzMEEzQzQ1NzU4QUMzNDIxREQxRTYuc2sxLnVzLXdlc3QtMS5la3MuYW1hem9uYXdzLmNvbScgIC0ta3ViZWxldC1leHRyYS1hcmdzICIiICdibG9ja2NoYWluLXByb2QtZWtzLUhjeklHS1dnJw0KDQojIEFsbG93IHVzZXIgc3VwcGxpZWQgdXNlcmRhdGEgY29kZQ0KZWNobyBmb28gYmFyDQo=",
            "vpc_classic_link_id": "",
            "vpc_classic_link_security_groups": []
          },
          "sensitive_attributes": [],
          "private": "bnVsbA==",
          "dependencies": [
            "module.eks.aws_security_group_rule.workers_ingress_cluster_primary",
            "module.eks.data.aws_iam_instance_profile.custom_worker_group_iam_instance_profile",
            "module.eks.data.aws_iam_policy_document.workers_assume_role_policy",
            "module.eks.data.aws_partition.current",
            "module.eks.aws_iam_role_policy_attachment.cluster_AmazonEKSClusterPolicy",
            "module.eks.aws_iam_role_policy_attachment.workers_additional_policies",
            "module.eks.data.aws_iam_role.custom_cluster_iam_role",
            "random_string.suffix",
            "module.eks.aws_cloudwatch_log_group.this",
            "module.eks.aws_eks_cluster.this",
            "module.eks.aws_iam_role_policy_attachment.workers_AmazonEKS_CNI_Policy",
            "module.eks.aws_security_group_rule.workers_egress_internet",
            "module.eks.aws_security_group_rule.workers_ingress_cluster_kubelet",
            "aws_security_group.blockchain_prod_worker_group_mgmt_two",
            "module.eks.aws_iam_role_policy_attachment.workers_AmazonEC2ContainerRegistryReadOnly",
            "module.eks.aws_security_group_rule.cluster_https_worker_ingress",
            "module.eks.aws_security_group_rule.workers_ingress_cluster",
            "module.eks.aws_security_group_rule.workers_ingress_cluster_https",
            "module.eks.data.aws_ami.eks_worker",
            "module.vpc.aws_vpc.this",
            "aws_security_group.blockchain_prod_worker_group_mgmt_one",
            "module.eks.aws_iam_role_policy_attachment.cluster_AmazonEKSVPCResourceControllerPolicy",
            "module.eks.aws_security_group_rule.cluster_primary_ingress_workers",
            "module.eks.aws_security_group_rule.workers_ingress_self",
            "module.eks.data.aws_ami.eks_worker_windows",
            "module.eks.aws_security_group.cluster",
            "module.eks.aws_security_group.workers",
            "module.eks.data.aws_iam_policy_document.cluster_assume_role_policy",
            "module.vpc.aws_subnet.private",
            "module.eks.aws_iam_instance_profile.workers",
            "module.eks.aws_iam_role.workers",
            "module.eks.aws_iam_role_policy_attachment.cluster_AmazonEKSServicePolicy",
            "module.eks.aws_iam_role_policy_attachment.workers_AmazonEKSWorkerNodePolicy",
            "module.eks.aws_security_group_rule.cluster_egress_internet",
            "module.vpc.aws_vpc_ipv4_cidr_block_association.this",
            "data.aws_availability_zones.available",
            "module.eks.aws_iam_role.cluster"
          ],
          "create_before_destroy": true
        }
      ]
    },
    {
      "module": "module.eks",
      "mode": "managed",
      "type": "aws_security_group",
      "name": "cluster",
      "provider": "provider[\"registry.terraform.io/hashicorp/aws\"]",
      "instances": [
        {
          "index_key": 0,
          "schema_version": 1,
          "attributes": {
            "arn": "arn:aws:ec2:us-west-1:844410341491:security-group/sg-0d9601cd0815ac792",
            "description": "EKS cluster security group.",
            "egress": [
              {
                "cidr_blocks": [
                  "0.0.0.0/0"
                ],
                "description": "Allow cluster egress access to the Internet.",
                "from_port": 0,
                "ipv6_cidr_blocks": [],
                "prefix_list_ids": [],
                "protocol": "-1",
                "security_groups": [],
                "self": false,
                "to_port": 0
              }
            ],
            "id": "sg-0d9601cd0815ac792",
            "ingress": [
              {
                "cidr_blocks": [],
                "description": "Allow pods to communicate with the EKS cluster API.",
                "from_port": 443,
                "ipv6_cidr_blocks": [],
                "prefix_list_ids": [],
                "protocol": "tcp",
                "security_groups": [
                  "sg-0248392c78a36c05e"
                ],
                "self": false,
                "to_port": 443
              }
            ],
            "name": "blockchain-prod-eks-HczIGKWg2021070721203061750000000a",
            "name_prefix": "blockchain-prod-eks-HczIGKWg",
            "owner_id": "844410341491",
            "revoke_rules_on_delete": false,
            "tags": {
              "Environment": "blockchain-prod",
              "GithubOrg": "terraform-aws-modules",
              "GithubRepo": "terraform-aws-eks",
              "Name": "blockchain-prod-eks-HczIGKWg-eks_cluster_sg"
            },
            "tags_all": {
              "Environment": "blockchain-prod",
              "GithubOrg": "terraform-aws-modules",
              "GithubRepo": "terraform-aws-eks",
              "Name": "blockchain-prod-eks-HczIGKWg-eks_cluster_sg"
            },
            "timeouts": null,
            "vpc_id": "vpc-04e4c8cdf09a60fe9"
          },
          "sensitive_attributes": [],
          "private": "eyJlMmJmYjczMC1lY2FhLTExZTYtOGY4OC0zNDM2M2JjN2M0YzAiOnsiY3JlYXRlIjo2MDAwMDAwMDAwMDAsImRlbGV0ZSI6OTAwMDAwMDAwMDAwfSwic2NoZW1hX3ZlcnNpb24iOiIxIn0=",
          "dependencies": [
            "module.vpc.aws_vpc.this",
            "random_string.suffix"
          ],
          "create_before_destroy": true
        }
      ]
    },
    {
      "module": "module.eks",
      "mode": "managed",
      "type": "aws_security_group",
      "name": "workers",
      "provider": "provider[\"registry.terraform.io/hashicorp/aws\"]",
      "instances": [
        {
          "index_key": 0,
          "schema_version": 1,
          "attributes": {
            "arn": "arn:aws:ec2:us-west-1:844410341491:security-group/sg-0248392c78a36c05e",
            "description": "Security group for all nodes in the cluster.",
            "egress": [
              {
                "cidr_blocks": [
                  "0.0.0.0/0"
                ],
                "description": "Allow nodes all egress to the Internet.",
                "from_port": 0,
                "ipv6_cidr_blocks": [],
                "prefix_list_ids": [],
                "protocol": "-1",
                "security_groups": [],
                "self": false,
                "to_port": 0
              }
            ],
            "id": "sg-0248392c78a36c05e",
            "ingress": [
              {
                "cidr_blocks": [],
                "description": "Allow node to communicate with each other.",
                "from_port": 0,
                "ipv6_cidr_blocks": [],
                "prefix_list_ids": [],
                "protocol": "-1",
                "security_groups": [],
                "self": true,
                "to_port": 0
              },
              {
                "cidr_blocks": [],
                "description": "Allow pods running extension API servers on port 443 to receive communication from cluster control plane.",
                "from_port": 443,
                "ipv6_cidr_blocks": [],
                "prefix_list_ids": [],
                "protocol": "tcp",
                "security_groups": [
                  "sg-0d9601cd0815ac792"
                ],
                "self": false,
                "to_port": 443
              },
              {
                "cidr_blocks": [],
                "description": "Allow workers pods to receive communication from the cluster control plane.",
                "from_port": 1025,
                "ipv6_cidr_blocks": [],
                "prefix_list_ids": [],
                "protocol": "tcp",
                "security_groups": [
                  "sg-0d9601cd0815ac792"
                ],
                "self": false,
                "to_port": 65535
              }
            ],
            "name": "blockchain-prod-eks-HczIGKWg2021070721203169140000000b",
            "name_prefix": "blockchain-prod-eks-HczIGKWg",
            "owner_id": "844410341491",
            "revoke_rules_on_delete": false,
            "tags": {
              "Environment": "blockchain-prod",
              "GithubOrg": "terraform-aws-modules",
              "GithubRepo": "terraform-aws-eks",
              "Name": "blockchain-prod-eks-HczIGKWg-eks_worker_sg",
              "kubernetes.io/cluster/blockchain-prod-eks-HczIGKWg": "owned"
            },
            "tags_all": {
              "Environment": "blockchain-prod",
              "GithubOrg": "terraform-aws-modules",
              "GithubRepo": "terraform-aws-eks",
              "Name": "blockchain-prod-eks-HczIGKWg-eks_worker_sg",
              "kubernetes.io/cluster/blockchain-prod-eks-HczIGKWg": "owned"
            },
            "timeouts": null,
            "vpc_id": "vpc-04e4c8cdf09a60fe9"
          },
          "sensitive_attributes": [],
          "private": "eyJlMmJmYjczMC1lY2FhLTExZTYtOGY4OC0zNDM2M2JjN2M0YzAiOnsiY3JlYXRlIjo2MDAwMDAwMDAwMDAsImRlbGV0ZSI6OTAwMDAwMDAwMDAwfSwic2NoZW1hX3ZlcnNpb24iOiIxIn0=",
          "dependencies": [
            "module.vpc.aws_vpc.this",
            "random_string.suffix"
          ],
          "create_before_destroy": true
        }
      ]
    },
    {
      "module": "module.eks",
      "mode": "managed",
      "type": "aws_security_group_rule",
      "name": "cluster_egress_internet",
      "provider": "provider[\"registry.terraform.io/hashicorp/aws\"]",
      "instances": [
        {
          "index_key": 0,
          "schema_version": 2,
          "attributes": {
            "cidr_blocks": [
              "0.0.0.0/0"
            ],
            "description": "Allow cluster egress access to the Internet.",
            "from_port": 0,
            "id": "sgrule-739451224",
            "ipv6_cidr_blocks": [],
            "prefix_list_ids": [],
            "protocol": "-1",
            "security_group_id": "sg-0d9601cd0815ac792",
            "self": false,
            "source_security_group_id": null,
            "to_port": 0,
            "type": "egress"
          },
          "sensitive_attributes": [],
          "private": "eyJzY2hlbWFfdmVyc2lvbiI6IjIifQ==",
          "dependencies": [
            "module.eks.aws_security_group.cluster",
            "module.vpc.aws_vpc.this",
            "random_string.suffix"
          ],
          "create_before_destroy": true
        }
      ]
    },
    {
      "module": "module.eks",
      "mode": "managed",
      "type": "aws_security_group_rule",
      "name": "cluster_https_worker_ingress",
      "provider": "provider[\"registry.terraform.io/hashicorp/aws\"]",
      "instances": [
        {
          "index_key": 0,
          "schema_version": 2,
          "attributes": {
            "cidr_blocks": [],
            "description": "Allow pods to communicate with the EKS cluster API.",
            "from_port": 443,
            "id": "sgrule-3381767476",
            "ipv6_cidr_blocks": [],
            "prefix_list_ids": [],
            "protocol": "tcp",
            "security_group_id": "sg-0d9601cd0815ac792",
            "self": false,
            "source_security_group_id": "sg-0248392c78a36c05e",
            "to_port": 443,
            "type": "ingress"
          },
          "sensitive_attributes": [],
          "private": "eyJzY2hlbWFfdmVyc2lvbiI6IjIifQ==",
          "dependencies": [
            "module.vpc.aws_vpc.this",
            "random_string.suffix",
            "module.eks.aws_security_group.cluster",
            "module.eks.aws_security_group.workers"
          ],
          "create_before_destroy": true
        }
      ]
    },
    {
      "module": "module.eks",
      "mode": "managed",
      "type": "aws_security_group_rule",
      "name": "workers_egress_internet",
      "provider": "provider[\"registry.terraform.io/hashicorp/aws\"]",
      "instances": [
        {
          "index_key": 0,
          "schema_version": 2,
          "attributes": {
            "cidr_blocks": [
              "0.0.0.0/0"
            ],
            "description": "Allow nodes all egress to the Internet.",
            "from_port": 0,
            "id": "sgrule-1019219599",
            "ipv6_cidr_blocks": [],
            "prefix_list_ids": [],
            "protocol": "-1",
            "security_group_id": "sg-0248392c78a36c05e",
            "self": false,
            "source_security_group_id": null,
            "to_port": 0,
            "type": "egress"
          },
          "sensitive_attributes": [],
          "private": "eyJzY2hlbWFfdmVyc2lvbiI6IjIifQ==",
          "dependencies": [
            "random_string.suffix",
            "module.eks.aws_security_group.workers",
            "module.vpc.aws_vpc.this"
          ],
          "create_before_destroy": true
        }
      ]
    },
    {
      "module": "module.eks",
      "mode": "managed",
      "type": "aws_security_group_rule",
      "name": "workers_ingress_cluster",
      "provider": "provider[\"registry.terraform.io/hashicorp/aws\"]",
      "instances": [
        {
          "index_key": 0,
          "schema_version": 2,
          "attributes": {
            "cidr_blocks": [],
            "description": "Allow workers pods to receive communication from the cluster control plane.",
            "from_port": 1025,
            "id": "sgrule-2345146563",
            "ipv6_cidr_blocks": [],
            "prefix_list_ids": [],
            "protocol": "tcp",
            "security_group_id": "sg-0248392c78a36c05e",
            "self": false,
            "source_security_group_id": "sg-0d9601cd0815ac792",
            "to_port": 65535,
            "type": "ingress"
          },
          "sensitive_attributes": [],
          "private": "eyJzY2hlbWFfdmVyc2lvbiI6IjIifQ==",
          "dependencies": [
            "module.eks.aws_security_group.cluster",
            "module.eks.aws_security_group.workers",
            "module.vpc.aws_vpc.this",
            "random_string.suffix"
          ],
          "create_before_destroy": true
        }
      ]
    },
    {
      "module": "module.eks",
      "mode": "managed",
      "type": "aws_security_group_rule",
      "name": "workers_ingress_cluster_https",
      "provider": "provider[\"registry.terraform.io/hashicorp/aws\"]",
      "instances": [
        {
          "index_key": 0,
          "schema_version": 2,
          "attributes": {
            "cidr_blocks": [],
            "description": "Allow pods running extension API servers on port 443 to receive communication from cluster control plane.",
            "from_port": 443,
            "id": "sgrule-2572831666",
            "ipv6_cidr_blocks": [],
            "prefix_list_ids": [],
            "protocol": "tcp",
            "security_group_id": "sg-0248392c78a36c05e",
            "self": false,
            "source_security_group_id": "sg-0d9601cd0815ac792",
            "to_port": 443,
            "type": "ingress"
          },
          "sensitive_attributes": [],
          "private": "eyJzY2hlbWFfdmVyc2lvbiI6IjIifQ==",
          "dependencies": [
            "module.eks.aws_security_group.cluster",
            "module.eks.aws_security_group.workers",
            "module.vpc.aws_vpc.this",
            "random_string.suffix"
          ],
          "create_before_destroy": true
        }
      ]
    },
    {
      "module": "module.eks",
      "mode": "managed",
      "type": "aws_security_group_rule",
      "name": "workers_ingress_self",
      "provider": "provider[\"registry.terraform.io/hashicorp/aws\"]",
      "instances": [
        {
          "index_key": 0,
          "schema_version": 2,
          "attributes": {
            "cidr_blocks": [],
            "description": "Allow node to communicate with each other.",
            "from_port": 0,
            "id": "sgrule-3298536360",
            "ipv6_cidr_blocks": [],
            "prefix_list_ids": [],
            "protocol": "-1",
            "security_group_id": "sg-0248392c78a36c05e",
            "self": false,
            "source_security_group_id": "sg-0248392c78a36c05e",
            "to_port": 0,
            "type": "ingress"
          },
          "sensitive_attributes": [],
          "private": "eyJzY2hlbWFfdmVyc2lvbiI6IjIifQ==",
          "dependencies": [
            "random_string.suffix",
            "module.eks.aws_security_group.workers",
            "module.vpc.aws_vpc.this"
          ],
          "create_before_destroy": true
        }
      ]
    },
    {
      "module": "module.eks",
      "mode": "managed",
      "type": "kubernetes_config_map",
      "name": "aws_auth",
      "provider": "provider[\"registry.terraform.io/hashicorp/kubernetes\"]",
      "instances": [
        {
          "index_key": 0,
          "schema_version": 0,
          "attributes": {
            "binary_data": {},
            "data": {
              "mapAccounts": "[]\n",
              "mapRoles": "- \"groups\":\n  - \"system:bootstrappers\"\n  - \"system:nodes\"\n  \"rolearn\": \"arn:aws:iam::844410341491:role/blockchain-prod-eks-HczIGKWg2021070721292885240000000c\"\n  \"username\": \"system:node:{{EC2PrivateDNSName}}\"\n",
              "mapUsers": "[]\n"
            },
            "id": "kube-system/aws-auth",
            "metadata": [
              {
                "annotations": {},
                "generate_name": "",
                "generation": 0,
                "labels": {
                  "app.kubernetes.io/managed-by": "Terraform",
                  "terraform.io/module": "terraform-aws-modules.eks.aws"
                },
                "name": "aws-auth",
                "namespace": "kube-system",
                "resource_version": "626",
                "uid": "56aa8a8e-8218-4bd2-a82b-2228a5596384"
              }
            ]
          },
          "sensitive_attributes": [],
          "private": "bnVsbA==",
          "dependencies": [
            "data.aws_eks_cluster_auth.cluster",
            "module.eks.aws_eks_cluster.this",
            "module.eks.aws_iam_instance_profile.workers",
            "module.eks.module.fargate.data.aws_iam_role.custom_fargate_iam_role",
            "module.eks.data.aws_partition.current",
            "random_string.suffix",
            "aws_security_group.blockchain_prod_worker_group_mgmt_one",
            "data.aws_availability_zones.available",
            "module.eks.aws_iam_role.workers",
            "module.eks.aws_security_group_rule.cluster_egress_internet",
            "module.eks.aws_security_group_rule.cluster_https_worker_ingress",
            "module.eks.data.aws_caller_identity.current",
            "data.aws_eks_cluster.cluster",
            "module.eks.aws_security_group_rule.cluster_private_access_sg_source",
            "module.eks.module.fargate.data.aws_iam_policy_document.eks_fargate_pod_assume_role",
            "module.eks.aws_iam_role_policy_attachment.cluster_AmazonEKSClusterPolicy",
            "module.eks.aws_iam_role_policy_attachment.cluster_AmazonEKSServicePolicy",
            "module.eks.data.http.wait_for_cluster",
            "module.vpc.aws_vpc.this",
            "module.eks.aws_security_group.cluster",
            "module.eks.aws_security_group.workers",
            "module.eks.aws_security_group_rule.cluster_private_access_cidrs_source",
            "module.eks.data.aws_iam_policy_document.cluster_assume_role_policy",
            "module.eks.module.fargate.aws_iam_role.eks_fargate_pod",
            "module.vpc.aws_subnet.private",
            "module.eks.aws_iam_instance_profile.workers_launch_template",
            "module.eks.aws_iam_role.cluster",
            "module.vpc.aws_vpc_ipv4_cidr_block_association.this",
            "aws_security_group.blockchain_prod_worker_group_mgmt_two",
            "module.eks.aws_cloudwatch_log_group.this",
            "module.eks.data.aws_ami.eks_worker",
            "module.eks.data.aws_iam_instance_profile.custom_worker_group_launch_template_iam_instance_profile",
            "module.eks.data.aws_iam_policy_document.workers_assume_role_policy",
            "module.eks.data.aws_iam_role.custom_cluster_iam_role",
            "module.eks.aws_iam_role_policy_attachment.cluster_AmazonEKSVPCResourceControllerPolicy",
            "module.eks.data.aws_ami.eks_worker_windows",
            "module.eks.data.aws_iam_instance_profile.custom_worker_group_iam_instance_profile"
          ],
          "create_before_destroy": true
        }
      ]
    },
    {
      "module": "module.eks",
      "mode": "managed",
      "type": "local_file",
      "name": "kubeconfig",
      "provider": "provider[\"registry.terraform.io/hashicorp/local\"]",
      "instances": [
        {
          "index_key": 0,
          "schema_version": 0,
          "attributes": {
            "content": "apiVersion: v1\r\npreferences: {}\r\nkind: Config\r\n\r\nclusters:\r\n- cluster:\r\n    server: https://E3EAB83ACDA30A3C45758AC3421DD1E6.sk1.us-west-1.eks.amazonaws.com\r\n    certificate-authority-data: LS0tLS1CRUdJTiBDRVJUSUZJQ0FURS0tLS0tCk1JSUM1ekNDQWMrZ0F3SUJBZ0lCQURBTkJna3Foa2lHOXcwQkFRc0ZBREFWTVJNd0VRWURWUVFERXdwcmRXSmwKY201bGRHVnpNQjRYRFRJeE1EY3dOekl4TWpZd01Gb1hEVE14TURjd05USXhNall3TUZvd0ZURVRNQkVHQTFVRQpBeE1LYTNWaVpYSnVaWFJsY3pDQ0FTSXdEUVlKS29aSWh2Y05BUUVCQlFBRGdnRVBBRENDQVFvQ2dnRUJBTFNHCnB5SlZhN0pYTzRON24wbnJoamtOOTJnZDRqNzNsUWsxc3ZCeGc1b3pmWDRYQm5ZdDd1dmcwYWZkTFR6MHpJZjYKbmlJUnh1NUNTdU8vd3Q2QlcrY0dlVXNFWFRGa2M3YS9UMFdOL0trV3puSDY1cWdtYWdtV2RWbWd5blJQUjZyWApoSHJhZE5LQmRyZmh6azg4TFFycFZBNU1sVkRZYlhyaitoSXcwRG8wNjlibm1nWE94aWlMa1p0MDI1VUdIWndaCjhnUHQrS3Z6QkJDOTB5L3pSN3JZQXZ3VU5tZWlMVmtLZEg5NE5oZmdmUmFTNlpIZHgvWTFCejdPaU91VkM3b3cKbDdkUnN0T0JWdFFuTU5PWTd3b1I4Q25nSXFESHdZVUtLSFFaNXZ1dWRibG1Jd0lZL1NoRVZDS1ZIRldmUGUzSwp1RzRtb1NrZVBJTzE4aXBGMWFjQ0F3RUFBYU5DTUVBd0RnWURWUjBQQVFIL0JBUURBZ0trTUE4R0ExVWRFd0VCCi93UUZNQU1CQWY4d0hRWURWUjBPQkJZRUZQUDZNK1Z0czRLRVNQenMray9uaXB5b3BMbGdNQTBHQ1NxR1NJYjMKRFFFQkN3VUFBNElCQVFDVFNjQ1FhZDh3OHlmZndYbXo0bGRZVnpURFdldnY2OU9tRjFTYzJPLy92Vnlhek42SQpOYmZtZGd1dnBhNHFEVlgzazRhU3QzcDA5L0srZ0RtbEJldnA2bjUxTFBlc2xpM3NmWGJHdXE0TGl5K3dtVHdqCjIzSXdGMHNWeEZEYUd3bklaWkFVcEVsdjNZdit3NjJsN3ozcHlsYUxFNHpIeUNqZmQ2OTVvSnRabVlkUmNRNDUKUFpEODRPamFZejBqUGMwNFhpMllETTNFU0RJeTQzaG9LcVlrZ1NtaWcvYnpIM3A2RXAyVTlEL0FOS2N0SkJLNwpzZ2V6bnF4dTFWalZYWmlvRFg1YWpJM2Q5dDRqc0JFcVFKTUJDdHBza29aVVg3bG1CK0FWYmd1cEV1K21zVFRyCmtCT0RmbHRWM0Zkb3dWalB5a0xRQjNlVUtOczVQK20vV3pHRQotLS0tLUVORCBDRVJUSUZJQ0FURS0tLS0tCg==\r\n  name: eks_blockchain-prod-eks-HczIGKWg\r\n\r\ncontexts:\r\n- context:\r\n    cluster: eks_blockchain-prod-eks-HczIGKWg\r\n    user: eks_blockchain-prod-eks-HczIGKWg\r\n  name: eks_blockchain-prod-eks-HczIGKWg\r\n\r\ncurrent-context: eks_blockchain-prod-eks-HczIGKWg\r\n\r\nusers:\r\n- name: eks_blockchain-prod-eks-HczIGKWg\r\n  user:\r\n    exec:\r\n      apiVersion: client.authentication.k8s.io/v1alpha1\r\n      command: aws-iam-authenticator\r\n      args:\r\n        - \"token\"\r\n        - \"-i\"\r\n        - \"blockchain-prod-eks-HczIGKWg\"\r\n",
            "content_base64": null,
            "directory_permission": "0755",
            "file_permission": "0600",
            "filename": "./kubeconfig_blockchain-prod-eks-HczIGKWg",
            "id": "442398b3f3c091664f97308a920518440202c430",
            "sensitive_content": null,
            "source": null
          },
          "sensitive_attributes": [],
          "private": "bnVsbA==",
          "dependencies": [
            "module.vpc.aws_vpc_ipv4_cidr_block_association.this",
            "module.eks.aws_iam_role_policy_attachment.cluster_AmazonEKSServicePolicy",
            "module.eks.aws_iam_role_policy_attachment.cluster_AmazonEKSVPCResourceControllerPolicy",
            "module.eks.aws_security_group.cluster",
            "module.eks.aws_security_group_rule.cluster_https_worker_ingress",
            "module.eks.data.aws_iam_role.custom_cluster_iam_role",
            "module.eks.data.aws_partition.current",
            "data.aws_availability_zones.available",
            "module.eks.aws_cloudwatch_log_group.this",
            "module.eks.aws_eks_cluster.this",
            "module.eks.aws_iam_role_policy_attachment.cluster_AmazonEKSClusterPolicy",
            "module.eks.aws_security_group.workers",
            "module.eks.aws_security_group_rule.cluster_egress_internet",
            "module.vpc.aws_subnet.private",
            "module.eks.aws_iam_role.cluster",
            "module.eks.data.aws_iam_policy_document.cluster_assume_role_policy",
            "module.vpc.aws_vpc.this",
            "random_string.suffix"
          ]
        }
      ]
    },
    {
      "module": "module.vpc",
      "mode": "managed",
      "type": "aws_eip",
      "name": "nat",
      "provider": "provider[\"registry.terraform.io/hashicorp/aws\"]",
      "instances": [
        {
          "index_key": 0,
          "schema_version": 0,
          "attributes": {
            "address": null,
            "allocation_id": null,
            "associate_with_private_ip": null,
            "association_id": "eipassoc-057d7171433741470",
            "carrier_ip": "",
            "customer_owned_ip": "",
            "customer_owned_ipv4_pool": "",
            "domain": "vpc",
            "id": "eipalloc-ed60d6e7",
            "instance": "",
            "network_border_group": "us-west-1",
            "network_interface": "eni-0b8842cbb0196469e",
            "private_dns": "ip-10-10-4-71.us-west-1.compute.internal",
            "private_ip": "10.10.4.71",
            "public_dns": "ec2-54-176-149-213.us-west-1.compute.amazonaws.com",
            "public_ip": "54.176.149.213",
            "public_ipv4_pool": "amazon",
            "tags": {
              "Name": "blockchain-prod-vpc-us-west-1b",
              "kubernetes.io/cluster/blockchain-prod-eks-HczIGKWg": "shared"
            },
            "tags_all": {
              "Name": "blockchain-prod-vpc-us-west-1b",
              "kubernetes.io/cluster/blockchain-prod-eks-HczIGKWg": "shared"
            },
            "timeouts": null,
            "vpc": true
          },
          "sensitive_attributes": [],
          "private": "eyJlMmJmYjczMC1lY2FhLTExZTYtOGY4OC0zNDM2M2JjN2M0YzAiOnsiZGVsZXRlIjoxODAwMDAwMDAwMDAsInJlYWQiOjkwMDAwMDAwMDAwMCwidXBkYXRlIjozMDAwMDAwMDAwMDB9fQ==",
          "dependencies": [
            "data.aws_availability_zones.available",
            "random_string.suffix"
          ]
        }
      ]
    },
    {
      "module": "module.vpc",
      "mode": "managed",
      "type": "aws_internet_gateway",
      "name": "this",
      "provider": "provider[\"registry.terraform.io/hashicorp/aws\"]",
      "instances": [
        {
          "index_key": 0,
          "schema_version": 0,
          "attributes": {
            "arn": "arn:aws:ec2:us-west-1:844410341491:internet-gateway/igw-06acef3d64d07f58b",
            "id": "igw-06acef3d64d07f58b",
            "owner_id": "844410341491",
            "tags": {
              "Name": "blockchain-prod-vpc",
              "kubernetes.io/cluster/blockchain-prod-eks-HczIGKWg": "shared"
            },
            "tags_all": {
              "Name": "blockchain-prod-vpc",
              "kubernetes.io/cluster/blockchain-prod-eks-HczIGKWg": "shared"
            },
            "vpc_id": "vpc-04e4c8cdf09a60fe9"
          },
          "sensitive_attributes": [],
          "private": "bnVsbA==",
          "dependencies": [
            "module.vpc.aws_vpc.this",
            "module.vpc.aws_vpc_ipv4_cidr_block_association.this",
            "random_string.suffix"
          ]
        }
      ]
    },
    {
      "module": "module.vpc",
      "mode": "managed",
      "type": "aws_nat_gateway",
      "name": "this",
      "provider": "provider[\"registry.terraform.io/hashicorp/aws\"]",
      "instances": [
        {
          "index_key": 0,
          "schema_version": 0,
          "attributes": {
            "allocation_id": "eipalloc-ed60d6e7",
            "connectivity_type": "public",
            "id": "nat-0ecb8769a355775b6",
            "network_interface_id": "eni-0b8842cbb0196469e",
            "private_ip": "10.10.4.71",
            "public_ip": "54.176.149.213",
            "subnet_id": "subnet-0aca197caee290d2f",
            "tags": {
              "Name": "blockchain-prod-vpc-us-west-1b",
              "kubernetes.io/cluster/blockchain-prod-eks-HczIGKWg": "shared"
            },
            "tags_all": {
              "Name": "blockchain-prod-vpc-us-west-1b",
              "kubernetes.io/cluster/blockchain-prod-eks-HczIGKWg": "shared"
            }
          },
          "sensitive_attributes": [],
          "private": "bnVsbA==",
          "dependencies": [
            "module.vpc.aws_subnet.public",
            "module.vpc.aws_vpc.this",
            "module.vpc.aws_vpc_ipv4_cidr_block_association.this",
            "random_string.suffix",
            "data.aws_availability_zones.available",
            "module.vpc.aws_eip.nat",
            "module.vpc.aws_internet_gateway.this"
          ]
        }
      ]
    },
    {
      "module": "module.vpc",
      "mode": "managed",
      "type": "aws_route",
      "name": "private_nat_gateway",
      "provider": "provider[\"registry.terraform.io/hashicorp/aws\"]",
      "instances": [
        {
          "index_key": 0,
          "schema_version": 0,
          "attributes": {
            "carrier_gateway_id": "",
            "destination_cidr_block": "0.0.0.0/0",
            "destination_ipv6_cidr_block": "",
            "destination_prefix_list_id": "",
            "egress_only_gateway_id": "",
            "gateway_id": "",
            "id": "r-rtb-00285e45c62c9ce071080289494",
            "instance_id": "",
            "instance_owner_id": "",
            "local_gateway_id": "",
            "nat_gateway_id": "nat-0ecb8769a355775b6",
            "network_interface_id": "",
            "origin": "CreateRoute",
            "route_table_id": "rtb-00285e45c62c9ce07",
            "state": "active",
            "timeouts": {
              "create": "5m",
              "delete": null
            },
            "transit_gateway_id": "",
            "vpc_endpoint_id": "",
            "vpc_peering_connection_id": ""
          },
          "sensitive_attributes": [],
          "private": "eyJlMmJmYjczMC1lY2FhLTExZTYtOGY4OC0zNDM2M2JjN2M0YzAiOnsiY3JlYXRlIjozMDAwMDAwMDAwMDAsImRlbGV0ZSI6MzAwMDAwMDAwMDAwfX0=",
          "dependencies": [
            "module.vpc.aws_internet_gateway.this",
            "module.vpc.aws_route_table.private",
            "random_string.suffix",
            "data.aws_availability_zones.available",
            "module.vpc.aws_nat_gateway.this",
            "module.vpc.aws_subnet.public",
            "module.vpc.aws_vpc.this",
            "module.vpc.aws_vpc_ipv4_cidr_block_association.this",
            "module.vpc.aws_eip.nat"
          ]
        }
      ]
    },
    {
      "module": "module.vpc",
      "mode": "managed",
      "type": "aws_route",
      "name": "public_internet_gateway",
      "provider": "provider[\"registry.terraform.io/hashicorp/aws\"]",
      "instances": [
        {
          "index_key": 0,
          "schema_version": 0,
          "attributes": {
            "carrier_gateway_id": "",
            "destination_cidr_block": "0.0.0.0/0",
            "destination_ipv6_cidr_block": "",
            "destination_prefix_list_id": "",
            "egress_only_gateway_id": "",
            "gateway_id": "igw-06acef3d64d07f58b",
            "id": "r-rtb-0991e153cad35d1d91080289494",
            "instance_id": "",
            "instance_owner_id": "",
            "local_gateway_id": "",
            "nat_gateway_id": "",
            "network_interface_id": "",
            "origin": "CreateRoute",
            "route_table_id": "rtb-0991e153cad35d1d9",
            "state": "active",
            "timeouts": {
              "create": "5m",
              "delete": null
            },
            "transit_gateway_id": "",
            "vpc_endpoint_id": "",
            "vpc_peering_connection_id": ""
          },
          "sensitive_attributes": [],
          "private": "eyJlMmJmYjczMC1lY2FhLTExZTYtOGY4OC0zNDM2M2JjN2M0YzAiOnsiY3JlYXRlIjozMDAwMDAwMDAwMDAsImRlbGV0ZSI6MzAwMDAwMDAwMDAwfX0=",
          "dependencies": [
            "module.vpc.aws_internet_gateway.this",
            "module.vpc.aws_route_table.public",
            "module.vpc.aws_vpc.this",
            "module.vpc.aws_vpc_ipv4_cidr_block_association.this",
            "random_string.suffix"
          ]
        }
      ]
    },
    {
      "module": "module.vpc",
      "mode": "managed",
      "type": "aws_route_table",
      "name": "private",
      "provider": "provider[\"registry.terraform.io/hashicorp/aws\"]",
      "instances": [
        {
          "index_key": 0,
          "schema_version": 0,
          "attributes": {
            "arn": "arn:aws:ec2:us-west-1:844410341491:route-table/rtb-00285e45c62c9ce07",
            "id": "rtb-00285e45c62c9ce07",
            "owner_id": "844410341491",
            "propagating_vgws": [],
            "route": [
              {
                "carrier_gateway_id": "",
                "cidr_block": "0.0.0.0/0",
                "destination_prefix_list_id": "",
                "egress_only_gateway_id": "",
                "gateway_id": "",
                "instance_id": "",
                "ipv6_cidr_block": "",
                "local_gateway_id": "",
                "nat_gateway_id": "nat-0ecb8769a355775b6",
                "network_interface_id": "",
                "transit_gateway_id": "",
                "vpc_endpoint_id": "",
                "vpc_peering_connection_id": ""
              }
            ],
            "tags": {
              "Name": "blockchain-prod-vpc-private",
              "kubernetes.io/cluster/blockchain-prod-eks-HczIGKWg": "shared"
            },
            "tags_all": {
              "Name": "blockchain-prod-vpc-private",
              "kubernetes.io/cluster/blockchain-prod-eks-HczIGKWg": "shared"
            },
            "vpc_id": "vpc-04e4c8cdf09a60fe9"
          },
          "sensitive_attributes": [],
          "private": "bnVsbA==",
          "dependencies": [
            "module.vpc.aws_vpc_ipv4_cidr_block_association.this",
            "random_string.suffix",
            "data.aws_availability_zones.available",
            "module.vpc.aws_vpc.this"
          ]
        }
      ]
    },
    {
      "module": "module.vpc",
      "mode": "managed",
      "type": "aws_route_table",
      "name": "public",
      "provider": "provider[\"registry.terraform.io/hashicorp/aws\"]",
      "instances": [
        {
          "index_key": 0,
          "schema_version": 0,
          "attributes": {
            "arn": "arn:aws:ec2:us-west-1:844410341491:route-table/rtb-0991e153cad35d1d9",
            "id": "rtb-0991e153cad35d1d9",
            "owner_id": "844410341491",
            "propagating_vgws": [],
            "route": [
              {
                "carrier_gateway_id": "",
                "cidr_block": "0.0.0.0/0",
                "destination_prefix_list_id": "",
                "egress_only_gateway_id": "",
                "gateway_id": "igw-06acef3d64d07f58b",
                "instance_id": "",
                "ipv6_cidr_block": "",
                "local_gateway_id": "",
                "nat_gateway_id": "",
                "network_interface_id": "",
                "transit_gateway_id": "",
                "vpc_endpoint_id": "",
                "vpc_peering_connection_id": ""
              }
            ],
            "tags": {
              "Name": "blockchain-prod-vpc-public",
              "kubernetes.io/cluster/blockchain-prod-eks-HczIGKWg": "shared"
            },
            "tags_all": {
              "Name": "blockchain-prod-vpc-public",
              "kubernetes.io/cluster/blockchain-prod-eks-HczIGKWg": "shared"
            },
            "vpc_id": "vpc-04e4c8cdf09a60fe9"
          },
          "sensitive_attributes": [],
          "private": "bnVsbA==",
          "dependencies": [
            "module.vpc.aws_vpc.this",
            "module.vpc.aws_vpc_ipv4_cidr_block_association.this",
            "random_string.suffix"
          ]
        }
      ]
    },
    {
      "module": "module.vpc",
      "mode": "managed",
      "type": "aws_route_table_association",
      "name": "private",
      "provider": "provider[\"registry.terraform.io/hashicorp/aws\"]",
      "instances": [
        {
          "index_key": 0,
          "schema_version": 0,
          "attributes": {
            "gateway_id": "",
            "id": "rtbassoc-0a4d58f073b8f138b",
            "route_table_id": "rtb-00285e45c62c9ce07",
            "subnet_id": "subnet-01745d365ab6f3baf"
          },
          "sensitive_attributes": [],
          "private": "bnVsbA==",
          "dependencies": [
            "module.vpc.aws_route_table.private",
            "module.vpc.aws_subnet.private",
            "module.vpc.aws_vpc.this",
            "module.vpc.aws_vpc_ipv4_cidr_block_association.this",
            "random_string.suffix",
            "data.aws_availability_zones.available"
          ]
        },
        {
          "index_key": 1,
          "schema_version": 0,
          "attributes": {
            "gateway_id": "",
            "id": "rtbassoc-01d74ed01efacc0ab",
            "route_table_id": "rtb-00285e45c62c9ce07",
            "subnet_id": "subnet-041bd8e88f9de26cf"
          },
          "sensitive_attributes": [],
          "private": "bnVsbA==",
          "dependencies": [
            "module.vpc.aws_route_table.private",
            "module.vpc.aws_subnet.private",
            "module.vpc.aws_vpc.this",
            "module.vpc.aws_vpc_ipv4_cidr_block_association.this",
            "random_string.suffix",
            "data.aws_availability_zones.available"
          ]
        },
        {
          "index_key": 2,
          "schema_version": 0,
          "attributes": {
            "gateway_id": "",
            "id": "rtbassoc-05845b7995bbd0465",
            "route_table_id": "rtb-00285e45c62c9ce07",
            "subnet_id": "subnet-095dd97f6aa5be269"
          },
          "sensitive_attributes": [],
          "private": "bnVsbA==",
          "dependencies": [
            "module.vpc.aws_vpc_ipv4_cidr_block_association.this",
            "random_string.suffix",
            "data.aws_availability_zones.available",
            "module.vpc.aws_route_table.private",
            "module.vpc.aws_subnet.private",
            "module.vpc.aws_vpc.this"
          ]
        }
      ]
    },
    {
      "module": "module.vpc",
      "mode": "managed",
      "type": "aws_route_table_association",
      "name": "public",
      "provider": "provider[\"registry.terraform.io/hashicorp/aws\"]",
      "instances": [
        {
          "index_key": 0,
          "schema_version": 0,
          "attributes": {
            "gateway_id": "",
            "id": "rtbassoc-0f94264a77c18d62b",
            "route_table_id": "rtb-0991e153cad35d1d9",
            "subnet_id": "subnet-0aca197caee290d2f"
          },
          "sensitive_attributes": [],
          "private": "bnVsbA==",
          "dependencies": [
            "data.aws_availability_zones.available",
            "module.vpc.aws_route_table.public",
            "module.vpc.aws_subnet.public",
            "module.vpc.aws_vpc.this",
            "module.vpc.aws_vpc_ipv4_cidr_block_association.this",
            "random_string.suffix"
          ]
        },
        {
          "index_key": 1,
          "schema_version": 0,
          "attributes": {
            "gateway_id": "",
            "id": "rtbassoc-05ec6cca1e6213ca6",
            "route_table_id": "rtb-0991e153cad35d1d9",
            "subnet_id": "subnet-08bf5b08674f4aeeb"
          },
          "sensitive_attributes": [],
          "private": "bnVsbA==",
          "dependencies": [
            "module.vpc.aws_subnet.public",
            "module.vpc.aws_vpc.this",
            "module.vpc.aws_vpc_ipv4_cidr_block_association.this",
            "random_string.suffix",
            "data.aws_availability_zones.available",
            "module.vpc.aws_route_table.public"
          ]
        },
        {
          "index_key": 2,
          "schema_version": 0,
          "attributes": {
            "gateway_id": "",
            "id": "rtbassoc-0e5b48a7c414a090a",
            "route_table_id": "rtb-0991e153cad35d1d9",
            "subnet_id": "subnet-0ae18b1776bdd7dad"
          },
          "sensitive_attributes": [],
          "private": "bnVsbA==",
          "dependencies": [
            "random_string.suffix",
            "data.aws_availability_zones.available",
            "module.vpc.aws_route_table.public",
            "module.vpc.aws_subnet.public",
            "module.vpc.aws_vpc.this",
            "module.vpc.aws_vpc_ipv4_cidr_block_association.this"
          ]
        }
      ]
    },
    {
      "module": "module.vpc",
      "mode": "managed",
      "type": "aws_subnet",
      "name": "private",
      "provider": "provider[\"registry.terraform.io/hashicorp/aws\"]",
      "instances": [
        {
          "index_key": 0,
          "schema_version": 1,
          "attributes": {
            "arn": "arn:aws:ec2:us-west-1:844410341491:subnet/subnet-01745d365ab6f3baf",
            "assign_ipv6_address_on_creation": false,
            "availability_zone": "us-west-1b",
            "availability_zone_id": "usw1-az3",
            "cidr_block": "10.10.1.0/24",
            "customer_owned_ipv4_pool": "",
            "id": "subnet-01745d365ab6f3baf",
            "ipv6_cidr_block": "",
            "ipv6_cidr_block_association_id": "",
            "map_customer_owned_ip_on_launch": false,
            "map_public_ip_on_launch": false,
            "outpost_arn": "",
            "owner_id": "844410341491",
            "tags": {
              "Name": "blockchain-prod-vpc-private-us-west-1b",
              "kubernetes.io/cluster/blockchain-prod-eks-HczIGKWg": "shared",
              "kubernetes.io/role/internal-elb": "1"
            },
            "tags_all": {
              "Name": "blockchain-prod-vpc-private-us-west-1b",
              "kubernetes.io/cluster/blockchain-prod-eks-HczIGKWg": "shared",
              "kubernetes.io/role/internal-elb": "1"
            },
            "timeouts": null,
            "vpc_id": "vpc-04e4c8cdf09a60fe9"
          },
          "sensitive_attributes": [],
          "private": "eyJlMmJmYjczMC1lY2FhLTExZTYtOGY4OC0zNDM2M2JjN2M0YzAiOnsiY3JlYXRlIjo2MDAwMDAwMDAwMDAsImRlbGV0ZSI6MTIwMDAwMDAwMDAwMH0sInNjaGVtYV92ZXJzaW9uIjoiMSJ9",
          "dependencies": [
            "data.aws_availability_zones.available",
            "module.vpc.aws_vpc.this",
            "module.vpc.aws_vpc_ipv4_cidr_block_association.this",
            "random_string.suffix"
          ],
          "create_before_destroy": true
        },
        {
          "index_key": 1,
          "schema_version": 1,
          "attributes": {
            "arn": "arn:aws:ec2:us-west-1:844410341491:subnet/subnet-041bd8e88f9de26cf",
            "assign_ipv6_address_on_creation": false,
            "availability_zone": "us-west-1c",
            "availability_zone_id": "usw1-az1",
            "cidr_block": "10.10.2.0/24",
            "customer_owned_ipv4_pool": "",
            "id": "subnet-041bd8e88f9de26cf",
            "ipv6_cidr_block": "",
            "ipv6_cidr_block_association_id": "",
            "map_customer_owned_ip_on_launch": false,
            "map_public_ip_on_launch": false,
            "outpost_arn": "",
            "owner_id": "844410341491",
            "tags": {
              "Name": "blockchain-prod-vpc-private-us-west-1c",
              "kubernetes.io/cluster/blockchain-prod-eks-HczIGKWg": "shared",
              "kubernetes.io/role/internal-elb": "1"
            },
            "tags_all": {
              "Name": "blockchain-prod-vpc-private-us-west-1c",
              "kubernetes.io/cluster/blockchain-prod-eks-HczIGKWg": "shared",
              "kubernetes.io/role/internal-elb": "1"
            },
            "timeouts": null,
            "vpc_id": "vpc-04e4c8cdf09a60fe9"
          },
          "sensitive_attributes": [],
          "private": "eyJlMmJmYjczMC1lY2FhLTExZTYtOGY4OC0zNDM2M2JjN2M0YzAiOnsiY3JlYXRlIjo2MDAwMDAwMDAwMDAsImRlbGV0ZSI6MTIwMDAwMDAwMDAwMH0sInNjaGVtYV92ZXJzaW9uIjoiMSJ9",
          "dependencies": [
            "random_string.suffix",
            "data.aws_availability_zones.available",
            "module.vpc.aws_vpc.this",
            "module.vpc.aws_vpc_ipv4_cidr_block_association.this"
          ],
          "create_before_destroy": true
        },
        {
          "index_key": 2,
          "schema_version": 1,
          "attributes": {
            "arn": "arn:aws:ec2:us-west-1:844410341491:subnet/subnet-095dd97f6aa5be269",
            "assign_ipv6_address_on_creation": false,
            "availability_zone": "us-west-1b",
            "availability_zone_id": "usw1-az3",
            "cidr_block": "10.10.3.0/24",
            "customer_owned_ipv4_pool": "",
            "id": "subnet-095dd97f6aa5be269",
            "ipv6_cidr_block": "",
            "ipv6_cidr_block_association_id": "",
            "map_customer_owned_ip_on_launch": false,
            "map_public_ip_on_launch": false,
            "outpost_arn": "",
            "owner_id": "844410341491",
            "tags": {
              "Name": "blockchain-prod-vpc-private-us-west-1b",
              "kubernetes.io/cluster/blockchain-prod-eks-HczIGKWg": "shared",
              "kubernetes.io/role/internal-elb": "1"
            },
            "tags_all": {
              "Name": "blockchain-prod-vpc-private-us-west-1b",
              "kubernetes.io/cluster/blockchain-prod-eks-HczIGKWg": "shared",
              "kubernetes.io/role/internal-elb": "1"
            },
            "timeouts": null,
            "vpc_id": "vpc-04e4c8cdf09a60fe9"
          },
          "sensitive_attributes": [],
          "private": "eyJlMmJmYjczMC1lY2FhLTExZTYtOGY4OC0zNDM2M2JjN2M0YzAiOnsiY3JlYXRlIjo2MDAwMDAwMDAwMDAsImRlbGV0ZSI6MTIwMDAwMDAwMDAwMH0sInNjaGVtYV92ZXJzaW9uIjoiMSJ9",
          "dependencies": [
            "data.aws_availability_zones.available",
            "module.vpc.aws_vpc.this",
            "module.vpc.aws_vpc_ipv4_cidr_block_association.this",
            "random_string.suffix"
          ],
          "create_before_destroy": true
        }
      ]
    },
    {
      "module": "module.vpc",
      "mode": "managed",
      "type": "aws_subnet",
      "name": "public",
      "provider": "provider[\"registry.terraform.io/hashicorp/aws\"]",
      "instances": [
        {
          "index_key": 0,
          "schema_version": 1,
          "attributes": {
            "arn": "arn:aws:ec2:us-west-1:844410341491:subnet/subnet-0aca197caee290d2f",
            "assign_ipv6_address_on_creation": false,
            "availability_zone": "us-west-1b",
            "availability_zone_id": "usw1-az3",
            "cidr_block": "10.10.4.0/24",
            "customer_owned_ipv4_pool": "",
            "id": "subnet-0aca197caee290d2f",
            "ipv6_cidr_block": "",
            "ipv6_cidr_block_association_id": "",
            "map_customer_owned_ip_on_launch": false,
            "map_public_ip_on_launch": true,
            "outpost_arn": "",
            "owner_id": "844410341491",
            "tags": {
              "Name": "blockchain-prod-vpc-public-us-west-1b",
              "kubernetes.io/cluster/blockchain-prod-eks-HczIGKWg": "shared",
              "kubernetes.io/role/elb": "1"
            },
            "tags_all": {
              "Name": "blockchain-prod-vpc-public-us-west-1b",
              "kubernetes.io/cluster/blockchain-prod-eks-HczIGKWg": "shared",
              "kubernetes.io/role/elb": "1"
            },
            "timeouts": null,
            "vpc_id": "vpc-04e4c8cdf09a60fe9"
          },
          "sensitive_attributes": [],
          "private": "eyJlMmJmYjczMC1lY2FhLTExZTYtOGY4OC0zNDM2M2JjN2M0YzAiOnsiY3JlYXRlIjo2MDAwMDAwMDAwMDAsImRlbGV0ZSI6MTIwMDAwMDAwMDAwMH0sInNjaGVtYV92ZXJzaW9uIjoiMSJ9",
          "dependencies": [
            "module.vpc.aws_vpc.this",
            "module.vpc.aws_vpc_ipv4_cidr_block_association.this",
            "random_string.suffix",
            "data.aws_availability_zones.available"
          ]
        },
        {
          "index_key": 1,
          "schema_version": 1,
          "attributes": {
            "arn": "arn:aws:ec2:us-west-1:844410341491:subnet/subnet-08bf5b08674f4aeeb",
            "assign_ipv6_address_on_creation": false,
            "availability_zone": "us-west-1c",
            "availability_zone_id": "usw1-az1",
            "cidr_block": "10.10.5.0/24",
            "customer_owned_ipv4_pool": "",
            "id": "subnet-08bf5b08674f4aeeb",
            "ipv6_cidr_block": "",
            "ipv6_cidr_block_association_id": "",
            "map_customer_owned_ip_on_launch": false,
            "map_public_ip_on_launch": true,
            "outpost_arn": "",
            "owner_id": "844410341491",
            "tags": {
              "Name": "blockchain-prod-vpc-public-us-west-1c",
              "kubernetes.io/cluster/blockchain-prod-eks-HczIGKWg": "shared",
              "kubernetes.io/role/elb": "1"
            },
            "tags_all": {
              "Name": "blockchain-prod-vpc-public-us-west-1c",
              "kubernetes.io/cluster/blockchain-prod-eks-HczIGKWg": "shared",
              "kubernetes.io/role/elb": "1"
            },
            "timeouts": null,
            "vpc_id": "vpc-04e4c8cdf09a60fe9"
          },
          "sensitive_attributes": [],
          "private": "eyJlMmJmYjczMC1lY2FhLTExZTYtOGY4OC0zNDM2M2JjN2M0YzAiOnsiY3JlYXRlIjo2MDAwMDAwMDAwMDAsImRlbGV0ZSI6MTIwMDAwMDAwMDAwMH0sInNjaGVtYV92ZXJzaW9uIjoiMSJ9",
          "dependencies": [
            "module.vpc.aws_vpc_ipv4_cidr_block_association.this",
            "random_string.suffix",
            "data.aws_availability_zones.available",
            "module.vpc.aws_vpc.this"
          ]
        },
        {
          "index_key": 2,
          "schema_version": 1,
          "attributes": {
            "arn": "arn:aws:ec2:us-west-1:844410341491:subnet/subnet-0ae18b1776bdd7dad",
            "assign_ipv6_address_on_creation": false,
            "availability_zone": "us-west-1b",
            "availability_zone_id": "usw1-az3",
            "cidr_block": "10.10.6.0/24",
            "customer_owned_ipv4_pool": "",
            "id": "subnet-0ae18b1776bdd7dad",
            "ipv6_cidr_block": "",
            "ipv6_cidr_block_association_id": "",
            "map_customer_owned_ip_on_launch": false,
            "map_public_ip_on_launch": true,
            "outpost_arn": "",
            "owner_id": "844410341491",
            "tags": {
              "Name": "blockchain-prod-vpc-public-us-west-1b",
              "kubernetes.io/cluster/blockchain-prod-eks-HczIGKWg": "shared",
              "kubernetes.io/role/elb": "1"
            },
            "tags_all": {
              "Name": "blockchain-prod-vpc-public-us-west-1b",
              "kubernetes.io/cluster/blockchain-prod-eks-HczIGKWg": "shared",
              "kubernetes.io/role/elb": "1"
            },
            "timeouts": null,
            "vpc_id": "vpc-04e4c8cdf09a60fe9"
          },
          "sensitive_attributes": [],
          "private": "eyJlMmJmYjczMC1lY2FhLTExZTYtOGY4OC0zNDM2M2JjN2M0YzAiOnsiY3JlYXRlIjo2MDAwMDAwMDAwMDAsImRlbGV0ZSI6MTIwMDAwMDAwMDAwMH0sInNjaGVtYV92ZXJzaW9uIjoiMSJ9",
          "dependencies": [
            "data.aws_availability_zones.available",
            "module.vpc.aws_vpc.this",
            "module.vpc.aws_vpc_ipv4_cidr_block_association.this",
            "random_string.suffix"
          ]
        }
      ]
    },
    {
      "module": "module.vpc",
      "mode": "managed",
      "type": "aws_vpc",
      "name": "this",
      "provider": "provider[\"registry.terraform.io/hashicorp/aws\"]",
      "instances": [
        {
          "index_key": 0,
          "schema_version": 1,
          "attributes": {
            "arn": "arn:aws:ec2:us-west-1:844410341491:vpc/vpc-04e4c8cdf09a60fe9",
            "assign_generated_ipv6_cidr_block": false,
            "cidr_block": "10.10.0.0/16",
            "default_network_acl_id": "acl-02dab18e1759a9275",
            "default_route_table_id": "rtb-0aeb07664aed39801",
            "default_security_group_id": "sg-074535be5392f6ac3",
            "dhcp_options_id": "dopt-10e50c76",
            "enable_classiclink": false,
            "enable_classiclink_dns_support": false,
            "enable_dns_hostnames": true,
            "enable_dns_support": true,
            "id": "vpc-04e4c8cdf09a60fe9",
            "instance_tenancy": "default",
            "ipv6_association_id": "",
            "ipv6_cidr_block": "",
            "main_route_table_id": "rtb-0aeb07664aed39801",
            "owner_id": "844410341491",
            "tags": {
              "Name": "blockchain-prod-vpc",
              "kubernetes.io/cluster/blockchain-prod-eks-HczIGKWg": "shared"
            },
            "tags_all": {
              "Name": "blockchain-prod-vpc",
              "kubernetes.io/cluster/blockchain-prod-eks-HczIGKWg": "shared"
            }
          },
          "sensitive_attributes": [],
          "private": "eyJzY2hlbWFfdmVyc2lvbiI6IjEifQ==",
          "dependencies": [
            "random_string.suffix"
          ],
          "create_before_destroy": true
        }
      ]
    }
  ]
}
